<?xml version="1.0" encoding="UTF-8"?>
<!DOCTYPE plist PUBLIC "-//Apple//DTD PLIST 1.0//EN" "http://www.apple.com/DTDs/PropertyList-1.0.dtd">
<plist version="1.0">
<dict>
	<key>archiveVersion</key>
	<string>1</string>
	<key>classes</key>
	<dict/>
	<key>objectVersion</key>
	<string>46</string>
	<key>objects</key>
	<dict>
		<key>0B9A5DE5C48BE0D376C97223</key>
		<dict>
			<key>buildActionMask</key>
			<string>2147483647</string>
			<key>files</key>
			<array/>
			<key>inputPaths</key>
			<array/>
			<key>isa</key>
			<string>PBXShellScriptBuildPhase</string>
			<key>name</key>
			<string>Copy Pods Resources</string>
			<key>outputPaths</key>
			<array/>
			<key>runOnlyForDeploymentPostprocessing</key>
			<string>0</string>
			<key>shellPath</key>
			<string>/bin/sh</string>
			<key>shellScript</key>
			<string>"${SRCROOT}/Pods/Target Support Files/Pods/Pods-resources.sh"
</string>
			<key>showEnvVarsInLog</key>
			<string>0</string>
		</dict>
		<key>0EEB2F40A40B6461212C6A09</key>
		<dict>
			<key>includeInIndex</key>
			<string>1</string>
			<key>isa</key>
			<string>PBXFileReference</string>
			<key>lastKnownFileType</key>
			<string>text.plist.xml</string>
			<key>name</key>
			<string>Pods-CocoaHeadsAppUITests-settings-metadata.plist</string>
			<key>path</key>
			<string>CocoaHeadsApp/Settings.bundle/Pods-CocoaHeadsAppUITests-settings-metadata.plist</string>
			<key>sourceTree</key>
			<string>&lt;group&gt;</string>
		</dict>
		<key>0FD4B3AC72BC727A4B3320BB</key>
		<dict>
			<key>fileRef</key>
			<string>43AE4C6316555C005B06BC1B</string>
			<key>isa</key>
			<string>PBXBuildFile</string>
		</dict>
		<key>1309E79542012AA5C77853C6</key>
		<dict>
			<key>explicitFileType</key>
			<string>wrapper.framework</string>
			<key>includeInIndex</key>
			<string>0</string>
			<key>isa</key>
			<string>PBXFileReference</string>
			<key>path</key>
			<string>Pods_CocoaHeadsAppTests.framework</string>
			<key>sourceTree</key>
			<string>BUILT_PRODUCTS_DIR</string>
		</dict>
		<key>15079B231BED71FD00E12A68</key>
		<dict>
			<key>buildActionMask</key>
			<string>2147483647</string>
			<key>files</key>
			<array/>
			<key>inputPaths</key>
			<array/>
			<key>isa</key>
			<string>PBXShellScriptBuildPhase</string>
			<key>name</key>
			<string>Generate R.Generated file</string>
			<key>outputPaths</key>
			<array/>
			<key>runOnlyForDeploymentPostprocessing</key>
			<string>0</string>
			<key>shellPath</key>
			<string>/bin/sh</string>
			<key>shellScript</key>
			<string>"${PODS_ROOT}"/R.swift/rswift "${SRCROOT}"/CocoaHeadsApp</string>
		</dict>
		<key>15079B241BED728200E12A68</key>
		<dict>
			<key>children</key>
			<array>
				<string>78AD0B5D1C877A6A00999C17</string>
				<string>15079B5F1BED790A00E12A68</string>
				<string>15079B601BED790A00E12A68</string>
				<string>15079B251BED728200E12A68</string>
				<string>15079B261BED728200E12A68</string>
				<string>15079B271BED728200E12A68</string>
				<string>15079B281BED728200E12A68</string>
			</array>
			<key>isa</key>
			<string>PBXGroup</string>
			<key>path</key>
			<string>Classes</string>
			<key>sourceTree</key>
			<string>&lt;group&gt;</string>
		</dict>
		<key>15079B251BED728200E12A68</key>
		<dict>
			<key>children</key>
			<array>
				<string>154C46CA1BFAA5E500A32D09</string>
			</array>
			<key>isa</key>
			<string>PBXGroup</string>
			<key>path</key>
			<string>App</string>
			<key>sourceTree</key>
			<string>&lt;group&gt;</string>
		</dict>
		<key>15079B261BED728200E12A68</key>
		<dict>
			<key>children</key>
			<array>
				<string>15079B3F1BED750E00E12A68</string>
				<string>15079B2D1BED72FC00E12A68</string>
				<string>15079B311BED736100E12A68</string>
				<string>15079B591BED77B200E12A68</string>
				<string>15079B5B1BED77EC00E12A68</string>
				<string>15079B5D1BED78BF00E12A68</string>
			</array>
			<key>isa</key>
			<string>PBXGroup</string>
			<key>path</key>
			<string>Core</string>
			<key>sourceTree</key>
			<string>&lt;group&gt;</string>
		</dict>
		<key>15079B271BED728200E12A68</key>
		<dict>
			<key>children</key>
			<array>
				<string>15079B331BED739000E12A68</string>
				<string>15079B671BED7F1200E12A68</string>
			</array>
			<key>isa</key>
			<string>PBXGroup</string>
			<key>path</key>
			<string>Extensions</string>
			<key>sourceTree</key>
			<string>&lt;group&gt;</string>
		</dict>
		<key>15079B281BED728200E12A68</key>
		<dict>
			<key>children</key>
			<array>
				<string>15079B291BED728200E12A68</string>
				<string>15079B2A1BED728200E12A68</string>
				<string>15079B2B1BED728200E12A68</string>
			</array>
			<key>isa</key>
			<string>PBXGroup</string>
			<key>path</key>
			<string>Modules</string>
			<key>sourceTree</key>
			<string>&lt;group&gt;</string>
		</dict>
		<key>15079B291BED728200E12A68</key>
		<dict>
			<key>children</key>
			<array>
				<string>15079B6F1BED8E3A00E12A68</string>
				<string>15079B351BED740800E12A68</string>
				<string>15079B391BED745200E12A68</string>
				<string>15079B3B1BED746C00E12A68</string>
				<string>15079B3D1BED748200E12A68</string>
				<string>15079B741BED8EE300E12A68</string>
				<string>15079B781BED989300E12A68</string>
			</array>
			<key>isa</key>
			<string>PBXGroup</string>
			<key>path</key>
			<string>Meetup</string>
			<key>sourceTree</key>
			<string>&lt;group&gt;</string>
		</dict>
		<key>15079B2A1BED728200E12A68</key>
		<dict>
			<key>children</key>
			<array>
				<string>15079B511BED763700E12A68</string>
				<string>15079B531BED764300E12A68</string>
				<string>15079B551BED764B00E12A68</string>
				<string>15079B571BED765200E12A68</string>
			</array>
			<key>isa</key>
			<string>PBXGroup</string>
			<key>path</key>
			<string>Slides</string>
			<key>sourceTree</key>
			<string>&lt;group&gt;</string>
		</dict>
		<key>15079B2B1BED728200E12A68</key>
		<dict>
			<key>children</key>
			<array>
				<string>15079B491BED75FE00E12A68</string>
				<string>15079B4B1BED760B00E12A68</string>
				<string>15079B4D1BED761400E12A68</string>
				<string>15079B4F1BED761B00E12A68</string>
			</array>
			<key>isa</key>
			<string>PBXGroup</string>
			<key>path</key>
			<string>Videos</string>
			<key>sourceTree</key>
			<string>&lt;group&gt;</string>
		</dict>
		<key>15079B2D1BED72FC00E12A68</key>
		<dict>
			<key>fileEncoding</key>
			<string>4</string>
			<key>isa</key>
			<string>PBXFileReference</string>
			<key>lastKnownFileType</key>
			<string>sourcecode.swift</string>
			<key>path</key>
			<string>Dynamic.swift</string>
			<key>sourceTree</key>
			<string>&lt;group&gt;</string>
		</dict>
		<key>15079B2E1BED72FC00E12A68</key>
		<dict>
			<key>fileRef</key>
			<string>15079B2D1BED72FC00E12A68</string>
			<key>isa</key>
			<string>PBXBuildFile</string>
		</dict>
		<key>15079B311BED736100E12A68</key>
		<dict>
			<key>fileEncoding</key>
			<string>4</string>
			<key>isa</key>
			<string>PBXFileReference</string>
			<key>lastKnownFileType</key>
			<string>sourcecode.swift</string>
			<key>path</key>
			<string>NibDesignable.swift</string>
			<key>sourceTree</key>
			<string>&lt;group&gt;</string>
		</dict>
		<key>15079B321BED736100E12A68</key>
		<dict>
			<key>fileRef</key>
			<string>15079B311BED736100E12A68</string>
			<key>isa</key>
			<string>PBXBuildFile</string>
		</dict>
		<key>15079B331BED739000E12A68</key>
		<dict>
			<key>fileEncoding</key>
			<string>4</string>
			<key>isa</key>
			<string>PBXFileReference</string>
			<key>lastKnownFileType</key>
			<string>sourcecode.swift</string>
			<key>path</key>
			<string>String+Extensions.swift</string>
			<key>sourceTree</key>
			<string>&lt;group&gt;</string>
		</dict>
		<key>15079B341BED739000E12A68</key>
		<dict>
			<key>fileRef</key>
			<string>15079B331BED739000E12A68</string>
			<key>isa</key>
			<string>PBXBuildFile</string>
		</dict>
		<key>15079B351BED740800E12A68</key>
		<dict>
			<key>fileEncoding</key>
			<string>4</string>
			<key>isa</key>
			<string>PBXFileReference</string>
			<key>lastKnownFileType</key>
			<string>sourcecode.swift</string>
			<key>path</key>
			<string>MeetupListViewController.swift</string>
			<key>sourceTree</key>
			<string>&lt;group&gt;</string>
		</dict>
		<key>15079B361BED740800E12A68</key>
		<dict>
			<key>fileRef</key>
			<string>15079B351BED740800E12A68</string>
			<key>isa</key>
			<string>PBXBuildFile</string>
		</dict>
		<key>15079B391BED745200E12A68</key>
		<dict>
			<key>fileEncoding</key>
			<string>4</string>
			<key>isa</key>
			<string>PBXFileReference</string>
			<key>lastKnownFileType</key>
			<string>sourcecode.swift</string>
			<key>path</key>
			<string>MeetupListView.swift</string>
			<key>sourceTree</key>
			<string>&lt;group&gt;</string>
		</dict>
		<key>15079B3A1BED745200E12A68</key>
		<dict>
			<key>fileRef</key>
			<string>15079B391BED745200E12A68</string>
			<key>isa</key>
			<string>PBXBuildFile</string>
		</dict>
		<key>15079B3B1BED746C00E12A68</key>
		<dict>
			<key>fileEncoding</key>
			<string>4</string>
			<key>isa</key>
			<string>PBXFileReference</string>
			<key>lastKnownFileType</key>
			<string>sourcecode.swift</string>
			<key>path</key>
			<string>MeetupListViewModel.swift</string>
			<key>sourceTree</key>
			<string>&lt;group&gt;</string>
		</dict>
		<key>15079B3C1BED746C00E12A68</key>
		<dict>
			<key>fileRef</key>
			<string>15079B3B1BED746C00E12A68</string>
			<key>isa</key>
			<string>PBXBuildFile</string>
		</dict>
		<key>15079B3D1BED748200E12A68</key>
		<dict>
			<key>fileEncoding</key>
			<string>4</string>
			<key>isa</key>
			<string>PBXFileReference</string>
			<key>lastKnownFileType</key>
			<string>file.xib</string>
			<key>path</key>
			<string>MeetupListView.xib</string>
			<key>sourceTree</key>
			<string>&lt;group&gt;</string>
		</dict>
		<key>15079B3E1BED748200E12A68</key>
		<dict>
			<key>fileRef</key>
			<string>15079B3D1BED748200E12A68</string>
			<key>isa</key>
			<string>PBXBuildFile</string>
		</dict>
		<key>15079B3F1BED750E00E12A68</key>
		<dict>
			<key>fileEncoding</key>
			<string>4</string>
			<key>isa</key>
			<string>PBXFileReference</string>
			<key>lastKnownFileType</key>
			<string>sourcecode.swift</string>
			<key>name</key>
			<string>R.generated.swift</string>
			<key>path</key>
			<string>CocoaHeadsApp/R.generated.swift</string>
			<key>sourceTree</key>
			<string>SOURCE_ROOT</string>
		</dict>
		<key>15079B401BED750E00E12A68</key>
		<dict>
			<key>fileRef</key>
			<string>15079B3F1BED750E00E12A68</string>
			<key>isa</key>
			<string>PBXBuildFile</string>
		</dict>
		<key>15079B491BED75FE00E12A68</key>
		<dict>
			<key>fileEncoding</key>
			<string>4</string>
			<key>isa</key>
			<string>PBXFileReference</string>
			<key>lastKnownFileType</key>
			<string>sourcecode.swift</string>
			<key>path</key>
			<string>VideosListViewController.swift</string>
			<key>sourceTree</key>
			<string>&lt;group&gt;</string>
		</dict>
		<key>15079B4A1BED75FE00E12A68</key>
		<dict>
			<key>fileRef</key>
			<string>15079B491BED75FE00E12A68</string>
			<key>isa</key>
			<string>PBXBuildFile</string>
		</dict>
		<key>15079B4B1BED760B00E12A68</key>
		<dict>
			<key>fileEncoding</key>
			<string>4</string>
			<key>isa</key>
			<string>PBXFileReference</string>
			<key>lastKnownFileType</key>
			<string>sourcecode.swift</string>
			<key>path</key>
			<string>VideosListView.swift</string>
			<key>sourceTree</key>
			<string>&lt;group&gt;</string>
		</dict>
		<key>15079B4C1BED760B00E12A68</key>
		<dict>
			<key>fileRef</key>
			<string>15079B4B1BED760B00E12A68</string>
			<key>isa</key>
			<string>PBXBuildFile</string>
		</dict>
		<key>15079B4D1BED761400E12A68</key>
		<dict>
			<key>fileEncoding</key>
			<string>4</string>
			<key>isa</key>
			<string>PBXFileReference</string>
			<key>lastKnownFileType</key>
			<string>sourcecode.swift</string>
			<key>path</key>
			<string>VideosListViewModel.swift</string>
			<key>sourceTree</key>
			<string>&lt;group&gt;</string>
		</dict>
		<key>15079B4E1BED761400E12A68</key>
		<dict>
			<key>fileRef</key>
			<string>15079B4D1BED761400E12A68</string>
			<key>isa</key>
			<string>PBXBuildFile</string>
		</dict>
		<key>15079B4F1BED761B00E12A68</key>
		<dict>
			<key>fileEncoding</key>
			<string>4</string>
			<key>isa</key>
			<string>PBXFileReference</string>
			<key>lastKnownFileType</key>
			<string>file.xib</string>
			<key>path</key>
			<string>VideosListView.xib</string>
			<key>sourceTree</key>
			<string>&lt;group&gt;</string>
		</dict>
		<key>15079B501BED761B00E12A68</key>
		<dict>
			<key>fileRef</key>
			<string>15079B4F1BED761B00E12A68</string>
			<key>isa</key>
			<string>PBXBuildFile</string>
		</dict>
		<key>15079B511BED763700E12A68</key>
		<dict>
			<key>fileEncoding</key>
			<string>4</string>
			<key>isa</key>
			<string>PBXFileReference</string>
			<key>lastKnownFileType</key>
			<string>sourcecode.swift</string>
			<key>path</key>
			<string>SlideListViewController.swift</string>
			<key>sourceTree</key>
			<string>&lt;group&gt;</string>
		</dict>
		<key>15079B521BED763700E12A68</key>
		<dict>
			<key>fileRef</key>
			<string>15079B511BED763700E12A68</string>
			<key>isa</key>
			<string>PBXBuildFile</string>
		</dict>
		<key>15079B531BED764300E12A68</key>
		<dict>
			<key>fileEncoding</key>
			<string>4</string>
			<key>isa</key>
			<string>PBXFileReference</string>
			<key>lastKnownFileType</key>
			<string>sourcecode.swift</string>
			<key>path</key>
			<string>SlideListView.swift</string>
			<key>sourceTree</key>
			<string>&lt;group&gt;</string>
		</dict>
		<key>15079B541BED764300E12A68</key>
		<dict>
			<key>fileRef</key>
			<string>15079B531BED764300E12A68</string>
			<key>isa</key>
			<string>PBXBuildFile</string>
		</dict>
		<key>15079B551BED764B00E12A68</key>
		<dict>
			<key>fileEncoding</key>
			<string>4</string>
			<key>isa</key>
			<string>PBXFileReference</string>
			<key>lastKnownFileType</key>
			<string>sourcecode.swift</string>
			<key>path</key>
			<string>SlideListViewModel.swift</string>
			<key>sourceTree</key>
			<string>&lt;group&gt;</string>
		</dict>
		<key>15079B561BED764B00E12A68</key>
		<dict>
			<key>fileRef</key>
			<string>15079B551BED764B00E12A68</string>
			<key>isa</key>
			<string>PBXBuildFile</string>
		</dict>
		<key>15079B571BED765200E12A68</key>
		<dict>
			<key>fileEncoding</key>
			<string>4</string>
			<key>isa</key>
			<string>PBXFileReference</string>
			<key>lastKnownFileType</key>
			<string>file.xib</string>
			<key>path</key>
			<string>SlideListView.xib</string>
			<key>sourceTree</key>
			<string>&lt;group&gt;</string>
		</dict>
		<key>15079B581BED765200E12A68</key>
		<dict>
			<key>fileRef</key>
			<string>15079B571BED765200E12A68</string>
			<key>isa</key>
			<string>PBXBuildFile</string>
		</dict>
		<key>15079B591BED77B200E12A68</key>
		<dict>
			<key>fileEncoding</key>
			<string>4</string>
			<key>isa</key>
			<string>PBXFileReference</string>
			<key>lastKnownFileType</key>
			<string>sourcecode.swift</string>
			<key>path</key>
			<string>ViewModel.swift</string>
			<key>sourceTree</key>
			<string>&lt;group&gt;</string>
		</dict>
		<key>15079B5A1BED77B200E12A68</key>
		<dict>
			<key>fileRef</key>
			<string>15079B591BED77B200E12A68</string>
			<key>isa</key>
			<string>PBXBuildFile</string>
		</dict>
		<key>15079B5B1BED77EC00E12A68</key>
		<dict>
			<key>fileEncoding</key>
			<string>4</string>
			<key>isa</key>
			<string>PBXFileReference</string>
			<key>lastKnownFileType</key>
			<string>sourcecode.swift</string>
			<key>path</key>
			<string>APIConsumer.swift</string>
			<key>sourceTree</key>
			<string>&lt;group&gt;</string>
		</dict>
		<key>15079B5C1BED77EC00E12A68</key>
		<dict>
			<key>fileRef</key>
			<string>15079B5B1BED77EC00E12A68</string>
			<key>isa</key>
			<string>PBXBuildFile</string>
		</dict>
		<key>15079B5D1BED78BF00E12A68</key>
		<dict>
			<key>fileEncoding</key>
			<string>4</string>
			<key>isa</key>
			<string>PBXFileReference</string>
			<key>lastKnownFileType</key>
			<string>sourcecode.swift</string>
			<key>path</key>
			<string>ObjectParser.swift</string>
			<key>sourceTree</key>
			<string>&lt;group&gt;</string>
		</dict>
		<key>15079B5E1BED78BF00E12A68</key>
		<dict>
			<key>fileRef</key>
			<string>15079B5D1BED78BF00E12A68</string>
			<key>isa</key>
			<string>PBXBuildFile</string>
		</dict>
		<key>15079B5F1BED790A00E12A68</key>
		<dict>
			<key>children</key>
			<array>
				<string>15079B631BED7D8E00E12A68</string>
				<string>15079B651BED7DC700E12A68</string>
				<string>15079B6B1BED7F5200E12A68</string>
				<string>15079B6D1BED809E00E12A68</string>
				<string>EC21EAFA1C7C03A300C6937D</string>
				<string>EC21EAFC1C7C09AE00C6937D</string>
				<string>ECAA61A91C83BA93003D4E17</string>
				<string>ECAA61AB1C83BF24003D4E17</string>
				<string>ECAA61AF1C84E1DA003D4E17</string>
				<string>ECAA61B11C84E687003D4E17</string>
			</array>
			<key>isa</key>
			<string>PBXGroup</string>
			<key>path</key>
			<string>Model</string>
			<key>sourceTree</key>
			<string>&lt;group&gt;</string>
		</dict>
		<key>15079B601BED790A00E12A68</key>
		<dict>
			<key>children</key>
			<array>
				<string>15079B611BED791900E12A68</string>
			</array>
			<key>isa</key>
			<string>PBXGroup</string>
			<key>path</key>
			<string>Network</string>
			<key>sourceTree</key>
			<string>&lt;group&gt;</string>
		</dict>
		<key>15079B611BED791900E12A68</key>
		<dict>
			<key>fileEncoding</key>
			<string>4</string>
			<key>isa</key>
			<string>PBXFileReference</string>
			<key>lastKnownFileType</key>
			<string>sourcecode.swift</string>
			<key>path</key>
			<string>MeetupAPI.swift</string>
			<key>sourceTree</key>
			<string>&lt;group&gt;</string>
		</dict>
		<key>15079B621BED791900E12A68</key>
		<dict>
			<key>fileRef</key>
			<string>15079B611BED791900E12A68</string>
			<key>isa</key>
			<string>PBXBuildFile</string>
		</dict>
		<key>15079B631BED7D8E00E12A68</key>
		<dict>
			<key>fileEncoding</key>
			<string>4</string>
			<key>isa</key>
			<string>PBXFileReference</string>
			<key>lastKnownFileType</key>
			<string>sourcecode.swift</string>
			<key>path</key>
			<string>MeetupListResponse.swift</string>
			<key>sourceTree</key>
			<string>&lt;group&gt;</string>
		</dict>
		<key>15079B641BED7D8E00E12A68</key>
		<dict>
			<key>fileRef</key>
			<string>15079B631BED7D8E00E12A68</string>
			<key>isa</key>
			<string>PBXBuildFile</string>
		</dict>
		<key>15079B651BED7DC700E12A68</key>
		<dict>
			<key>fileEncoding</key>
			<string>4</string>
			<key>isa</key>
			<string>PBXFileReference</string>
			<key>lastKnownFileType</key>
			<string>sourcecode.swift</string>
			<key>path</key>
			<string>MeetupModel.swift</string>
			<key>sourceTree</key>
			<string>&lt;group&gt;</string>
		</dict>
		<key>15079B661BED7DC700E12A68</key>
		<dict>
			<key>fileRef</key>
			<string>15079B651BED7DC700E12A68</string>
			<key>isa</key>
			<string>PBXBuildFile</string>
		</dict>
		<key>15079B671BED7F1200E12A68</key>
		<dict>
			<key>fileEncoding</key>
			<string>4</string>
			<key>isa</key>
			<string>PBXFileReference</string>
			<key>lastKnownFileType</key>
			<string>sourcecode.swift</string>
			<key>path</key>
			<string>Unbox+Extensions.swift</string>
			<key>sourceTree</key>
			<string>&lt;group&gt;</string>
		</dict>
		<key>15079B681BED7F1200E12A68</key>
		<dict>
			<key>fileRef</key>
			<string>15079B671BED7F1200E12A68</string>
			<key>isa</key>
			<string>PBXBuildFile</string>
		</dict>
		<key>15079B6B1BED7F5200E12A68</key>
		<dict>
			<key>fileEncoding</key>
			<string>4</string>
			<key>isa</key>
			<string>PBXFileReference</string>
			<key>lastKnownFileType</key>
			<string>sourcecode.swift</string>
			<key>path</key>
			<string>VenueModel.swift</string>
			<key>sourceTree</key>
			<string>&lt;group&gt;</string>
		</dict>
		<key>15079B6C1BED7F5200E12A68</key>
		<dict>
			<key>fileRef</key>
			<string>15079B6B1BED7F5200E12A68</string>
			<key>isa</key>
			<string>PBXBuildFile</string>
		</dict>
		<key>15079B6D1BED809E00E12A68</key>
		<dict>
			<key>fileEncoding</key>
			<string>4</string>
			<key>isa</key>
			<string>PBXFileReference</string>
			<key>lastKnownFileType</key>
			<string>sourcecode.swift</string>
			<key>path</key>
			<string>GroupModel.swift</string>
			<key>sourceTree</key>
			<string>&lt;group&gt;</string>
		</dict>
		<key>15079B6E1BED809E00E12A68</key>
		<dict>
			<key>fileRef</key>
			<string>15079B6D1BED809E00E12A68</string>
			<key>isa</key>
			<string>PBXBuildFile</string>
		</dict>
		<key>15079B6F1BED8E3A00E12A68</key>
		<dict>
			<key>children</key>
			<array>
				<string>15079B701BED8E5C00E12A68</string>
				<string>15079B721BED8E6400E12A68</string>
			</array>
			<key>isa</key>
			<string>PBXGroup</string>
			<key>name</key>
			<string>CollectionViewCell</string>
			<key>sourceTree</key>
			<string>&lt;group&gt;</string>
		</dict>
		<key>15079B701BED8E5C00E12A68</key>
		<dict>
			<key>fileEncoding</key>
			<string>4</string>
			<key>isa</key>
			<string>PBXFileReference</string>
			<key>lastKnownFileType</key>
			<string>sourcecode.swift</string>
			<key>path</key>
			<string>MeetupListCollectionViewCell.swift</string>
			<key>sourceTree</key>
			<string>&lt;group&gt;</string>
		</dict>
		<key>15079B711BED8E5C00E12A68</key>
		<dict>
			<key>fileRef</key>
			<string>15079B701BED8E5C00E12A68</string>
			<key>isa</key>
			<string>PBXBuildFile</string>
		</dict>
		<key>15079B721BED8E6400E12A68</key>
		<dict>
			<key>fileEncoding</key>
			<string>4</string>
			<key>isa</key>
			<string>PBXFileReference</string>
			<key>lastKnownFileType</key>
			<string>file.xib</string>
			<key>path</key>
			<string>MeetupListCollectionViewCell.xib</string>
			<key>sourceTree</key>
			<string>&lt;group&gt;</string>
		</dict>
		<key>15079B731BED8E6400E12A68</key>
		<dict>
			<key>fileRef</key>
			<string>15079B721BED8E6400E12A68</string>
			<key>isa</key>
			<string>PBXBuildFile</string>
		</dict>
		<key>15079B741BED8EE300E12A68</key>
		<dict>
			<key>fileEncoding</key>
			<string>4</string>
			<key>isa</key>
			<string>PBXFileReference</string>
			<key>lastKnownFileType</key>
			<string>sourcecode.swift</string>
			<key>path</key>
			<string>MeetupListCollectionDataSource.swift</string>
			<key>sourceTree</key>
			<string>&lt;group&gt;</string>
		</dict>
		<key>15079B751BED8EE300E12A68</key>
		<dict>
			<key>fileRef</key>
			<string>15079B741BED8EE300E12A68</string>
			<key>isa</key>
			<string>PBXBuildFile</string>
		</dict>
		<key>15079B781BED989300E12A68</key>
		<dict>
			<key>fileEncoding</key>
			<string>4</string>
			<key>isa</key>
			<string>PBXFileReference</string>
			<key>lastKnownFileType</key>
			<string>sourcecode.swift</string>
			<key>path</key>
			<string>MeetupListCollectionDelegate.swift</string>
			<key>sourceTree</key>
			<string>&lt;group&gt;</string>
		</dict>
		<key>15079B791BED989300E12A68</key>
		<dict>
			<key>fileRef</key>
			<string>15079B781BED989300E12A68</string>
			<key>isa</key>
			<string>PBXBuildFile</string>
		</dict>
		<key>154C46C81BFAA21B00A32D09</key>
		<dict>
			<key>isa</key>
			<string>PBXFileReference</string>
			<key>lastKnownFileType</key>
			<string>wrapper.framework</string>
			<key>name</key>
			<string>MapKit.framework</string>
			<key>path</key>
			<string>System/Library/Frameworks/MapKit.framework</string>
			<key>sourceTree</key>
			<string>SDKROOT</string>
		</dict>
		<key>154C46C91BFAA21B00A32D09</key>
		<dict>
			<key>fileRef</key>
			<string>154C46C81BFAA21B00A32D09</string>
			<key>isa</key>
			<string>PBXBuildFile</string>
		</dict>
		<key>154C46CA1BFAA5E500A32D09</key>
		<dict>
			<key>children</key>
			<array>
				<string>154C46CB1BFAA5EE00A32D09</string>
			</array>
			<key>isa</key>
			<string>PBXGroup</string>
			<key>path</key>
			<string>Views</string>
			<key>sourceTree</key>
			<string>&lt;group&gt;</string>
		</dict>
		<key>154C46CB1BFAA5EE00A32D09</key>
		<dict>
			<key>fileEncoding</key>
			<string>4</string>
			<key>isa</key>
			<string>PBXFileReference</string>
			<key>lastKnownFileType</key>
			<string>sourcecode.swift</string>
			<key>path</key>
			<string>GradientView.swift</string>
			<key>sourceTree</key>
			<string>&lt;group&gt;</string>
		</dict>
		<key>154C46CC1BFAA5EE00A32D09</key>
		<dict>
			<key>fileRef</key>
			<string>154C46CB1BFAA5EE00A32D09</string>
			<key>isa</key>
			<string>PBXBuildFile</string>
		</dict>
		<key>15AF854914C2D58A9BE33E88</key>
		<dict>
			<key>fileRef</key>
			<string>213F60C07FE87CEA3B24007C</string>
			<key>isa</key>
			<string>PBXBuildFile</string>
		</dict>
		<key>177FC8543473654EB49D3C33</key>
		<dict>
			<key>buildActionMask</key>
			<string>2147483647</string>
			<key>files</key>
			<array/>
			<key>inputPaths</key>
			<array/>
			<key>isa</key>
			<string>PBXShellScriptBuildPhase</string>
			<key>name</key>
			<string>Copy Pods Resources</string>
			<key>outputPaths</key>
			<array/>
			<key>runOnlyForDeploymentPostprocessing</key>
			<string>0</string>
			<key>shellPath</key>
			<string>/bin/sh</string>
			<key>shellScript</key>
			<string>"${SRCROOT}/Pods/Target Support Files/Pods-CocoaHeadsAppIntegrationTests/Pods-CocoaHeadsAppIntegrationTests-resources.sh"
</string>
			<key>showEnvVarsInLog</key>
			<string>0</string>
		</dict>
		<key>19843FD787F18035D4670FBE</key>
		<dict>
			<key>fileRef</key>
			<string>1309E79542012AA5C77853C6</string>
			<key>isa</key>
			<string>PBXBuildFile</string>
		</dict>
		<key>19FE75BA9984A2F4AB4F5493</key>
		<dict>
			<key>children</key>
			<array>
				<string>154C46C81BFAA21B00A32D09</string>
				<string>F9B7FF93E8B471405EB896FF</string>
				<string>1309E79542012AA5C77853C6</string>
				<string>43AE4C6316555C005B06BC1B</string>
				<string>4444893C482EB230FB9AA250</string>
				<string>AB5FC609E21235B38FE62336</string>
			</array>
			<key>isa</key>
			<string>PBXGroup</string>
			<key>name</key>
			<string>Frameworks</string>
			<key>sourceTree</key>
			<string>&lt;group&gt;</string>
		</dict>
		<key>1D463A2E1CC2E37D00E72A00</key>
		<dict>
			<key>children</key>
			<array>
				<string>1D463A331CC2E43500E72A00</string>
			</array>
			<key>isa</key>
			<string>PBXGroup</string>
			<key>name</key>
			<string>Settings</string>
			<key>sourceTree</key>
			<string>&lt;group&gt;</string>
		</dict>
		<key>1D463A331CC2E43500E72A00</key>
		<dict>
			<key>isa</key>
			<string>PBXFileReference</string>
			<key>lastKnownFileType</key>
			<string>wrapper.plug-in</string>
			<key>path</key>
			<string>Settings.bundle</string>
			<key>sourceTree</key>
			<string>&lt;group&gt;</string>
		</dict>
		<key>1D463A341CC2E43500E72A00</key>
		<dict>
			<key>fileRef</key>
			<string>1D463A331CC2E43500E72A00</string>
			<key>isa</key>
			<string>PBXBuildFile</string>
		</dict>
		<key>213F60C07FE87CEA3B24007C</key>
		<dict>
			<key>includeInIndex</key>
			<string>1</string>
			<key>isa</key>
			<string>PBXFileReference</string>
			<key>lastKnownFileType</key>
			<string>text.plist.xml</string>
			<key>name</key>
			<string>Pods-CocoaHeadsAppIntegrationTests-metadata.plist</string>
			<key>path</key>
			<string>Pods/Pods-CocoaHeadsAppIntegrationTests-metadata.plist</string>
			<key>sourceTree</key>
			<string>&lt;group&gt;</string>
		</dict>
		<key>260B698C60B3A9A5CD1C0049</key>
		<dict>
			<key>buildActionMask</key>
			<string>2147483647</string>
			<key>files</key>
			<array/>
			<key>inputPaths</key>
			<array/>
			<key>isa</key>
			<string>PBXShellScriptBuildPhase</string>
			<key>name</key>
			<string>Check Pods Manifest.lock</string>
			<key>outputPaths</key>
			<array/>
			<key>runOnlyForDeploymentPostprocessing</key>
			<string>0</string>
			<key>shellPath</key>
			<string>/bin/sh</string>
			<key>shellScript</key>
			<string>diff "${PODS_ROOT}/../Podfile.lock" "${PODS_ROOT}/Manifest.lock" &gt; /dev/null
if [[ $? != 0 ]] ; then
    cat &lt;&lt; EOM
error: The sandbox is not in sync with the Podfile.lock. Run 'pod install' or update your CocoaPods installation.
EOM
    exit 1
fi
</string>
			<key>showEnvVarsInLog</key>
			<string>0</string>
		</dict>
		<key>269B73DC8817BA2FA61514E4</key>
		<dict>
			<key>buildActionMask</key>
			<string>2147483647</string>
			<key>files</key>
			<array/>
			<key>inputPaths</key>
			<array/>
			<key>isa</key>
			<string>PBXShellScriptBuildPhase</string>
			<key>name</key>
			<string>Copy Pods Resources</string>
			<key>outputPaths</key>
			<array/>
			<key>runOnlyForDeploymentPostprocessing</key>
			<string>0</string>
			<key>shellPath</key>
			<string>/bin/sh</string>
			<key>shellScript</key>
			<string>"${SRCROOT}/Pods/Target Support Files/Pods-CocoaHeadsAppTests/Pods-CocoaHeadsAppTests-resources.sh"
</string>
			<key>showEnvVarsInLog</key>
			<string>0</string>
		</dict>
		<key>2F0CA262FE638D56C6B744FD</key>
		<dict>
			<key>fileRef</key>
			<string>AB5FC609E21235B38FE62336</string>
			<key>isa</key>
			<string>PBXBuildFile</string>
		</dict>
		<key>344E7FC69A967DE8F8ABE229</key>
		<dict>
			<key>buildActionMask</key>
			<string>2147483647</string>
			<key>files</key>
			<array/>
			<key>inputPaths</key>
			<array/>
			<key>isa</key>
			<string>PBXShellScriptBuildPhase</string>
			<key>name</key>
			<string>Embed Pods Frameworks</string>
			<key>outputPaths</key>
			<array/>
			<key>runOnlyForDeploymentPostprocessing</key>
			<string>0</string>
			<key>shellPath</key>
			<string>/bin/sh</string>
			<key>shellScript</key>
			<string>"${SRCROOT}/Pods/Target Support Files/Pods/Pods-frameworks.sh"
</string>
			<key>showEnvVarsInLog</key>
			<string>0</string>
		</dict>
		<key>38D8C080D4CFA5B942397E16</key>
		<dict>
			<key>includeInIndex</key>
			<string>1</string>
			<key>isa</key>
			<string>PBXFileReference</string>
			<key>lastKnownFileType</key>
			<string>text.xcconfig</string>
			<key>name</key>
			<string>Pods-CocoaHeadsAppUITests.release.xcconfig</string>
			<key>path</key>
			<string>Pods/Target Support Files/Pods-CocoaHeadsAppUITests/Pods-CocoaHeadsAppUITests.release.xcconfig</string>
			<key>sourceTree</key>
			<string>&lt;group&gt;</string>
		</dict>
		<key>39070EA067BD58A867EBC51D</key>
		<dict>
			<key>children</key>
			<array>
				<string>BF9606316A8444137FB240C7</string>
				<string>4AD7BF3B8A32DC48C8CF840D</string>
				<string>B69A81103677DA392B92C01F</string>
				<string>D4FF3008043D3D69F6A32B80</string>
				<string>A98C87539E365326F87AD4F5</string>
				<string>38D8C080D4CFA5B942397E16</string>
				<string>A3DE6EB9A409B1510B163C01</string>
				<string>FCA4BEE1CA988DC81F8EAEB2</string>
				<string>A242E7696BFE5695F2B7EBA2</string>
				<string>9EC1495566C3B1BE6009AA51</string>
				<string>213F60C07FE87CEA3B24007C</string>
				<string>DB86A2AC8EFB12BE598B6879</string>
				<string>409E33248F669A5108645D89</string>
				<string>BEB61AFA1235CF40887B58D0</string>
				<string>70EC66122C00849A485D7D76</string>
				<string>0EEB2F40A40B6461212C6A09</string>
			</array>
			<key>isa</key>
			<string>PBXGroup</string>
			<key>name</key>
			<string>Pods</string>
			<key>sourceTree</key>
			<string>&lt;group&gt;</string>
		</dict>
		<key>409E33248F669A5108645D89</key>
		<dict>
			<key>includeInIndex</key>
			<string>1</string>
			<key>isa</key>
			<string>PBXFileReference</string>
			<key>lastKnownFileType</key>
			<string>text.plist.xml</string>
			<key>name</key>
			<string>Pods-settings-metadata.plist</string>
			<key>path</key>
			<string>CocoaHeadsApp/Settings.bundle/Pods-settings-metadata.plist</string>
			<key>sourceTree</key>
			<string>&lt;group&gt;</string>
		</dict>
		<key>43AE4C6316555C005B06BC1B</key>
		<dict>
			<key>explicitFileType</key>
			<string>wrapper.framework</string>
			<key>includeInIndex</key>
			<string>0</string>
			<key>isa</key>
			<string>PBXFileReference</string>
			<key>path</key>
			<string>Pods_CocoaHeadsAppUITests.framework</string>
			<key>sourceTree</key>
			<string>BUILT_PRODUCTS_DIR</string>
		</dict>
		<key>4444893C482EB230FB9AA250</key>
		<dict>
			<key>explicitFileType</key>
			<string>wrapper.framework</string>
			<key>includeInIndex</key>
			<string>0</string>
			<key>isa</key>
			<string>PBXFileReference</string>
			<key>path</key>
			<string>Pods.framework</string>
			<key>sourceTree</key>
			<string>BUILT_PRODUCTS_DIR</string>
		</dict>
		<key>47A6B8F3B1A667EC0202E1FB</key>
		<dict>
			<key>buildActionMask</key>
			<string>2147483647</string>
			<key>files</key>
			<array/>
			<key>inputPaths</key>
			<array/>
			<key>isa</key>
			<string>PBXShellScriptBuildPhase</string>
			<key>name</key>
			<string>Check Pods Manifest.lock</string>
			<key>outputPaths</key>
			<array/>
			<key>runOnlyForDeploymentPostprocessing</key>
			<string>0</string>
			<key>shellPath</key>
			<string>/bin/sh</string>
			<key>shellScript</key>
			<string>diff "${PODS_ROOT}/../Podfile.lock" "${PODS_ROOT}/Manifest.lock" &gt; /dev/null
if [[ $? != 0 ]] ; then
    cat &lt;&lt; EOM
error: The sandbox is not in sync with the Podfile.lock. Run 'pod install' or update your CocoaPods installation.
EOM
    exit 1
fi
</string>
			<key>showEnvVarsInLog</key>
			<string>0</string>
		</dict>
		<key>4AD7BF3B8A32DC48C8CF840D</key>
		<dict>
			<key>includeInIndex</key>
			<string>1</string>
			<key>isa</key>
			<string>PBXFileReference</string>
			<key>lastKnownFileType</key>
			<string>text.xcconfig</string>
			<key>name</key>
			<string>Pods.release.xcconfig</string>
			<key>path</key>
			<string>Pods/Target Support Files/Pods/Pods.release.xcconfig</string>
			<key>sourceTree</key>
			<string>&lt;group&gt;</string>
		</dict>
		<key>5DEF06532B061883351521C5</key>
		<dict>
			<key>fileRef</key>
			<string>9EC1495566C3B1BE6009AA51</string>
			<key>isa</key>
			<string>PBXBuildFile</string>
		</dict>
		<key>5F6EC991984C37BF502F69C7</key>
		<dict>
			<key>buildActionMask</key>
			<string>2147483647</string>
			<key>files</key>
			<array/>
			<key>inputPaths</key>
			<array/>
			<key>isa</key>
			<string>PBXShellScriptBuildPhase</string>
			<key>name</key>
			<string>Embed Pods Frameworks</string>
			<key>outputPaths</key>
			<array/>
			<key>runOnlyForDeploymentPostprocessing</key>
			<string>0</string>
			<key>shellPath</key>
			<string>/bin/sh</string>
			<key>shellScript</key>
			<string>"${SRCROOT}/Pods/Target Support Files/Pods-CocoaHeadsAppTests/Pods-CocoaHeadsAppTests-frameworks.sh"
</string>
			<key>showEnvVarsInLog</key>
			<string>0</string>
		</dict>
		<key>62E7DA96065EDEE25ED82C91</key>
		<dict>
			<key>buildActionMask</key>
			<string>2147483647</string>
			<key>files</key>
			<array/>
			<key>inputPaths</key>
			<array/>
			<key>isa</key>
			<string>PBXShellScriptBuildPhase</string>
			<key>name</key>
			<string>Check Pods Manifest.lock</string>
			<key>outputPaths</key>
			<array/>
			<key>runOnlyForDeploymentPostprocessing</key>
			<string>0</string>
			<key>shellPath</key>
			<string>/bin/sh</string>
			<key>shellScript</key>
			<string>diff "${PODS_ROOT}/../Podfile.lock" "${PODS_ROOT}/Manifest.lock" &gt; /dev/null
if [[ $? != 0 ]] ; then
    cat &lt;&lt; EOM
error: The sandbox is not in sync with the Podfile.lock. Run 'pod install' or update your CocoaPods installation.
EOM
    exit 1
fi
</string>
			<key>showEnvVarsInLog</key>
			<string>0</string>
		</dict>
		<key>70EC66122C00849A485D7D76</key>
		<dict>
			<key>includeInIndex</key>
			<string>1</string>
			<key>isa</key>
			<string>PBXFileReference</string>
			<key>lastKnownFileType</key>
			<string>text.plist.xml</string>
			<key>name</key>
			<string>Pods-CocoaHeadsAppIntegrationTests-settings-metadata.plist</string>
			<key>path</key>
			<string>CocoaHeadsApp/Settings.bundle/Pods-CocoaHeadsAppIntegrationTests-settings-metadata.plist</string>
			<key>sourceTree</key>
			<string>&lt;group&gt;</string>
		</dict>
		<key>78076B931C84BA6D000BDB92</key>
		<dict>
			<key>buildActionMask</key>
			<string>2147483647</string>
			<key>files</key>
			<array/>
			<key>inputPaths</key>
			<array/>
			<key>isa</key>
			<string>PBXShellScriptBuildPhase</string>
			<key>name</key>
			<string>Lint</string>
			<key>outputPaths</key>
			<array/>
			<key>runOnlyForDeploymentPostprocessing</key>
			<string>0</string>
			<key>shellPath</key>
			<string>/bin/sh</string>
			<key>shellScript</key>
			<string>if which swiftlint &gt;/dev/null; then
    echo "Run lint on $(pwd)"
    swiftlint
else
    echo "warning: SwiftLint not installed, download from https://github.com/realm/SwiftLint"
fi</string>
		</dict>
		<key>7826679C30631174553FB243</key>
		<dict>
			<key>fileRef</key>
			<string>DB86A2AC8EFB12BE598B6879</string>
			<key>isa</key>
			<string>PBXBuildFile</string>
		</dict>
		<key>78AD0B5D1C877A6A00999C17</key>
		<dict>
			<key>children</key>
			<array>
				<string>78AD0B5E1C877A7300999C17</string>
				<string>78AD0B5F1C877A7300999C17</string>
				<string>78AD0B601C877A7300999C17</string>
			</array>
			<key>isa</key>
			<string>PBXGroup</string>
			<key>name</key>
			<string>Legacy</string>
			<key>sourceTree</key>
			<string>&lt;group&gt;</string>
		</dict>
		<key>78AD0B5E1C877A7300999C17</key>
		<dict>
			<key>fileEncoding</key>
			<string>4</string>
			<key>isa</key>
			<string>PBXFileReference</string>
			<key>lastKnownFileType</key>
			<string>sourcecode.swift</string>
			<key>name</key>
			<string>Tempo.swift</string>
			<key>path</key>
			<string>Legacy/Tempo.swift</string>
			<key>sourceTree</key>
			<string>&lt;group&gt;</string>
		</dict>
		<key>78AD0B5F1C877A7300999C17</key>
		<dict>
			<key>fileEncoding</key>
			<string>4</string>
			<key>isa</key>
			<string>PBXFileReference</string>
			<key>lastKnownFileType</key>
			<string>sourcecode.swift</string>
			<key>name</key>
			<string>Tempo+Methods.swift</string>
			<key>path</key>
			<string>Legacy/Tempo+Methods.swift</string>
			<key>sourceTree</key>
			<string>&lt;group&gt;</string>
		</dict>
		<key>78AD0B601C877A7300999C17</key>
		<dict>
			<key>fileEncoding</key>
			<string>4</string>
			<key>isa</key>
			<string>PBXFileReference</string>
			<key>lastKnownFileType</key>
			<string>sourcecode.swift</string>
			<key>name</key>
			<string>TempoDateFormatter.swift</string>
			<key>path</key>
			<string>Legacy/TempoDateFormatter.swift</string>
			<key>sourceTree</key>
			<string>&lt;group&gt;</string>
		</dict>
		<key>78AD0B611C877A7300999C17</key>
		<dict>
			<key>fileRef</key>
			<string>78AD0B5E1C877A7300999C17</string>
			<key>isa</key>
			<string>PBXBuildFile</string>
		</dict>
		<key>78AD0B621C877A7300999C17</key>
		<dict>
			<key>fileRef</key>
			<string>78AD0B5F1C877A7300999C17</string>
			<key>isa</key>
			<string>PBXBuildFile</string>
		</dict>
		<key>78AD0B631C877A7300999C17</key>
		<dict>
			<key>fileRef</key>
			<string>78AD0B601C877A7300999C17</string>
			<key>isa</key>
			<string>PBXBuildFile</string>
		</dict>
		<key>7FBCB3ADCCA8880232B1DC65</key>
		<dict>
			<key>fileRef</key>
			<string>409E33248F669A5108645D89</string>
			<key>isa</key>
			<string>PBXBuildFile</string>
		</dict>
		<key>82324C6D82DF5B0B01E4ED09</key>
		<dict>
			<key>fileRef</key>
			<string>BEB61AFA1235CF40887B58D0</string>
			<key>isa</key>
			<string>PBXBuildFile</string>
		</dict>
		<key>8468FA1DF96FE1CDCC1D84AC</key>
		<dict>
			<key>fileRef</key>
			<string>4444893C482EB230FB9AA250</string>
			<key>isa</key>
			<string>PBXBuildFile</string>
		</dict>
		<key>88849CF0929B43B6F095A88A</key>
		<dict>
			<key>buildActionMask</key>
			<string>2147483647</string>
			<key>files</key>
			<array/>
			<key>inputPaths</key>
			<array/>
			<key>isa</key>
			<string>PBXShellScriptBuildPhase</string>
			<key>name</key>
			<string>Check Pods Manifest.lock</string>
			<key>outputPaths</key>
			<array/>
			<key>runOnlyForDeploymentPostprocessing</key>
			<string>0</string>
			<key>shellPath</key>
			<string>/bin/sh</string>
			<key>shellScript</key>
			<string>diff "${PODS_ROOT}/../Podfile.lock" "${PODS_ROOT}/Manifest.lock" &gt; /dev/null
if [[ $? != 0 ]] ; then
    cat &lt;&lt; EOM
error: The sandbox is not in sync with the Podfile.lock. Run 'pod install' or update your CocoaPods installation.
EOM
    exit 1
fi
</string>
			<key>showEnvVarsInLog</key>
			<string>0</string>
		</dict>
		<key>8CF97AEA1BE3C5E3009C5591</key>
		<dict>
			<key>children</key>
			<array>
				<string>8CF97AF51BE3C5E3009C5591</string>
				<string>8CF97B0C1BE3C5E3009C5591</string>
				<string>8CF97B171BE3C5E4009C5591</string>
				<string>AD99ADD51C728B45004BF12A</string>
				<string>8CF97AF41BE3C5E3009C5591</string>
				<string>39070EA067BD58A867EBC51D</string>
				<string>19FE75BA9984A2F4AB4F5493</string>
			</array>
			<key>isa</key>
			<string>PBXGroup</string>
			<key>sourceTree</key>
			<string>&lt;group&gt;</string>
		</dict>
		<key>8CF97AEB1BE3C5E3009C5591</key>
		<dict>
			<key>attributes</key>
			<dict>
				<key>LastSwiftUpdateCheck</key>
				<string>0720</string>
				<key>LastUpgradeCheck</key>
				<string>0710</string>
				<key>ORGANIZATIONNAME</key>
				<string>CocoaHeads Brasil</string>
				<key>TargetAttributes</key>
				<dict>
					<key>8CF97AF21BE3C5E3009C5591</key>
					<dict>
						<key>CreatedOnToolsVersion</key>
						<string>7.1</string>
					</dict>
					<key>8CF97B081BE3C5E3009C5591</key>
					<dict>
						<key>CreatedOnToolsVersion</key>
						<string>7.1</string>
						<key>TestTargetID</key>
						<string>8CF97AF21BE3C5E3009C5591</string>
					</dict>
					<key>8CF97B131BE3C5E4009C5591</key>
					<dict>
						<key>CreatedOnToolsVersion</key>
						<string>7.1</string>
						<key>TestTargetID</key>
						<string>8CF97AF21BE3C5E3009C5591</string>
					</dict>
					<key>AD99ADD31C728B45004BF12A</key>
					<dict>
						<key>CreatedOnToolsVersion</key>
						<string>7.2.1</string>
						<key>TestTargetID</key>
						<string>8CF97AF21BE3C5E3009C5591</string>
					</dict>
				</dict>
			</dict>
			<key>buildConfigurationList</key>
			<string>8CF97AEE1BE3C5E3009C5591</string>
			<key>compatibilityVersion</key>
			<string>Xcode 3.2</string>
			<key>developmentRegion</key>
			<string>English</string>
			<key>hasScannedForEncodings</key>
			<string>0</string>
			<key>isa</key>
			<string>PBXProject</string>
			<key>knownRegions</key>
			<array>
				<string>en</string>
				<string>Base</string>
			</array>
			<key>mainGroup</key>
			<string>8CF97AEA1BE3C5E3009C5591</string>
			<key>productRefGroup</key>
			<string>8CF97AF41BE3C5E3009C5591</string>
			<key>projectDirPath</key>
			<string></string>
			<key>projectReferences</key>
			<array/>
			<key>projectRoot</key>
			<string></string>
			<key>targets</key>
			<array>
				<string>8CF97AF21BE3C5E3009C5591</string>
				<string>8CF97B081BE3C5E3009C5591</string>
				<string>8CF97B131BE3C5E4009C5591</string>
				<string>AD99ADD31C728B45004BF12A</string>
			</array>
		</dict>
		<key>8CF97AEE1BE3C5E3009C5591</key>
		<dict>
			<key>buildConfigurations</key>
			<array>
				<string>8CF97B1B1BE3C5E4009C5591</string>
				<string>8CF97B1C1BE3C5E4009C5591</string>
			</array>
			<key>defaultConfigurationIsVisible</key>
			<string>0</string>
			<key>defaultConfigurationName</key>
			<string>Release</string>
			<key>isa</key>
			<string>XCConfigurationList</string>
		</dict>
		<key>8CF97AEF1BE3C5E3009C5591</key>
		<dict>
			<key>buildActionMask</key>
			<string>2147483647</string>
			<key>files</key>
			<array>
				<string>15079B711BED8E5C00E12A68</string>
				<string>78AD0B621C877A7300999C17</string>
				<string>15079B681BED7F1200E12A68</string>
				<string>15079B4C1BED760B00E12A68</string>
				<string>8CF97AFB1BE3C5E3009C5591</string>
				<string>15079B341BED739000E12A68</string>
				<string>15079B6C1BED7F5200E12A68</string>
				<string>15079B321BED736100E12A68</string>
				<string>EC21EAFB1C7C03A300C6937D</string>
				<string>15079B621BED791900E12A68</string>
				<string>15079B4E1BED761400E12A68</string>
				<string>ECAA61AA1C83BA93003D4E17</string>
				<string>ECAA61B21C84E687003D4E17</string>
				<string>15079B541BED764300E12A68</string>
				<string>15079B6E1BED809E00E12A68</string>
				<string>ECAA61AC1C83BF24003D4E17</string>
				<string>78AD0B611C877A7300999C17</string>
				<string>15079B3C1BED746C00E12A68</string>
				<string>15079B5C1BED77EC00E12A68</string>
				<string>15079B361BED740800E12A68</string>
				<string>15079B4A1BED75FE00E12A68</string>
				<string>15079B661BED7DC700E12A68</string>
				<string>15079B5A1BED77B200E12A68</string>
				<string>15079B2E1BED72FC00E12A68</string>
				<string>EC21EAFD1C7C09AE00C6937D</string>
				<string>154C46CC1BFAA5EE00A32D09</string>
				<string>ECAA61B01C84E1DA003D4E17</string>
				<string>15079B561BED764B00E12A68</string>
				<string>78AD0B631C877A7300999C17</string>
				<string>15079B751BED8EE300E12A68</string>
				<string>15079B3A1BED745200E12A68</string>
				<string>8CF97AF71BE3C5E3009C5591</string>
				<string>15079B401BED750E00E12A68</string>
				<string>15079B641BED7D8E00E12A68</string>
				<string>15079B791BED989300E12A68</string>
				<string>15079B5E1BED78BF00E12A68</string>
				<string>8CF97AF91BE3C5E3009C5591</string>
				<string>15079B521BED763700E12A68</string>
			</array>
			<key>isa</key>
			<string>PBXSourcesBuildPhase</string>
			<key>runOnlyForDeploymentPostprocessing</key>
			<string>0</string>
		</dict>
		<key>8CF97AF01BE3C5E3009C5591</key>
		<dict>
			<key>buildActionMask</key>
			<string>2147483647</string>
			<key>files</key>
			<array>
				<string>154C46C91BFAA21B00A32D09</string>
				<string>8468FA1DF96FE1CDCC1D84AC</string>
			</array>
			<key>isa</key>
			<string>PBXFrameworksBuildPhase</string>
			<key>runOnlyForDeploymentPostprocessing</key>
			<string>0</string>
		</dict>
		<key>8CF97AF11BE3C5E3009C5591</key>
		<dict>
			<key>buildActionMask</key>
			<string>2147483647</string>
			<key>files</key>
			<array>
				<string>8CF97B031BE3C5E3009C5591</string>
				<string>8CF97B001BE3C5E3009C5591</string>
				<string>1D463A341CC2E43500E72A00</string>
				<string>15079B581BED765200E12A68</string>
				<string>15079B501BED761B00E12A68</string>
				<string>15079B731BED8E6400E12A68</string>
				<string>15079B3E1BED748200E12A68</string>
				<string>8CF97AFE1BE3C5E3009C5591</string>
				<string>989A804D5439ABCCC1984CF5</string>
				<string>7FBCB3ADCCA8880232B1DC65</string>
			</array>
			<key>isa</key>
			<string>PBXResourcesBuildPhase</string>
			<key>runOnlyForDeploymentPostprocessing</key>
			<string>0</string>
		</dict>
		<key>8CF97AF21BE3C5E3009C5591</key>
		<dict>
			<key>buildConfigurationList</key>
			<string>8CF97B1D1BE3C5E4009C5591</string>
			<key>buildPhases</key>
			<array>
				<string>260B698C60B3A9A5CD1C0049</string>
				<string>78076B931C84BA6D000BDB92</string>
				<string>15079B231BED71FD00E12A68</string>
				<string>8CF97AEF1BE3C5E3009C5591</string>
				<string>8CF97AF01BE3C5E3009C5591</string>
				<string>8CF97AF11BE3C5E3009C5591</string>
				<string>0B9A5DE5C48BE0D376C97223</string>
				<string>344E7FC69A967DE8F8ABE229</string>
			</array>
			<key>buildRules</key>
			<array/>
			<key>dependencies</key>
			<array/>
			<key>isa</key>
			<string>PBXNativeTarget</string>
			<key>name</key>
			<string>CocoaHeadsApp</string>
			<key>productName</key>
			<string>CocoaHeadsApp</string>
			<key>productReference</key>
			<string>8CF97AF31BE3C5E3009C5591</string>
			<key>productType</key>
			<string>com.apple.product-type.application</string>
		</dict>
		<key>8CF97AF31BE3C5E3009C5591</key>
		<dict>
			<key>explicitFileType</key>
			<string>wrapper.application</string>
			<key>includeInIndex</key>
			<string>0</string>
			<key>isa</key>
			<string>PBXFileReference</string>
			<key>path</key>
			<string>CocoaHeadsApp.app</string>
			<key>sourceTree</key>
			<string>BUILT_PRODUCTS_DIR</string>
		</dict>
		<key>8CF97AF41BE3C5E3009C5591</key>
		<dict>
			<key>children</key>
			<array>
				<string>8CF97AF31BE3C5E3009C5591</string>
				<string>8CF97B091BE3C5E3009C5591</string>
				<string>8CF97B141BE3C5E4009C5591</string>
				<string>AD99ADD41C728B45004BF12A</string>
			</array>
			<key>isa</key>
			<string>PBXGroup</string>
			<key>name</key>
			<string>Products</string>
			<key>sourceTree</key>
			<string>&lt;group&gt;</string>
		</dict>
		<key>8CF97AF51BE3C5E3009C5591</key>
		<dict>
			<key>children</key>
			<array>
				<string>1D463A2E1CC2E37D00E72A00</string>
				<string>15079B241BED728200E12A68</string>
				<string>8CF97AF61BE3C5E3009C5591</string>
				<string>8CF97AF81BE3C5E3009C5591</string>
				<string>8CF97AFA1BE3C5E3009C5591</string>
				<string>8CF97AFC1BE3C5E3009C5591</string>
				<string>8CF97AFF1BE3C5E3009C5591</string>
				<string>8CF97B011BE3C5E3009C5591</string>
				<string>8CF97B041BE3C5E3009C5591</string>
			</array>
			<key>isa</key>
			<string>PBXGroup</string>
			<key>path</key>
			<string>CocoaHeadsApp</string>
			<key>sourceTree</key>
			<string>&lt;group&gt;</string>
		</dict>
		<key>8CF97AF61BE3C5E3009C5591</key>
		<dict>
			<key>isa</key>
			<string>PBXFileReference</string>
			<key>lastKnownFileType</key>
			<string>sourcecode.swift</string>
			<key>path</key>
			<string>AppDelegate.swift</string>
			<key>sourceTree</key>
			<string>&lt;group&gt;</string>
		</dict>
		<key>8CF97AF71BE3C5E3009C5591</key>
		<dict>
			<key>fileRef</key>
			<string>8CF97AF61BE3C5E3009C5591</string>
			<key>isa</key>
			<string>PBXBuildFile</string>
		</dict>
		<key>8CF97AF81BE3C5E3009C5591</key>
		<dict>
			<key>isa</key>
			<string>PBXFileReference</string>
			<key>lastKnownFileType</key>
			<string>sourcecode.swift</string>
			<key>path</key>
			<string>EventsViewController.swift</string>
			<key>sourceTree</key>
			<string>&lt;group&gt;</string>
		</dict>
		<key>8CF97AF91BE3C5E3009C5591</key>
		<dict>
			<key>fileRef</key>
			<string>8CF97AF81BE3C5E3009C5591</string>
			<key>isa</key>
			<string>PBXBuildFile</string>
		</dict>
		<key>8CF97AFA1BE3C5E3009C5591</key>
		<dict>
			<key>isa</key>
			<string>PBXFileReference</string>
			<key>lastKnownFileType</key>
			<string>sourcecode.swift</string>
			<key>path</key>
			<string>AboutViewController.swift</string>
			<key>sourceTree</key>
			<string>&lt;group&gt;</string>
		</dict>
		<key>8CF97AFB1BE3C5E3009C5591</key>
		<dict>
			<key>fileRef</key>
			<string>8CF97AFA1BE3C5E3009C5591</string>
			<key>isa</key>
			<string>PBXBuildFile</string>
		</dict>
		<key>8CF97AFC1BE3C5E3009C5591</key>
		<dict>
			<key>children</key>
			<array>
				<string>8CF97AFD1BE3C5E3009C5591</string>
			</array>
			<key>isa</key>
			<string>PBXVariantGroup</string>
			<key>name</key>
			<string>Main.storyboard</string>
			<key>sourceTree</key>
			<string>&lt;group&gt;</string>
		</dict>
		<key>8CF97AFD1BE3C5E3009C5591</key>
		<dict>
			<key>isa</key>
			<string>PBXFileReference</string>
			<key>lastKnownFileType</key>
			<string>file.storyboard</string>
			<key>name</key>
			<string>Base</string>
			<key>path</key>
			<string>Base.lproj/Main.storyboard</string>
			<key>sourceTree</key>
			<string>&lt;group&gt;</string>
		</dict>
		<key>8CF97AFE1BE3C5E3009C5591</key>
		<dict>
			<key>fileRef</key>
			<string>8CF97AFC1BE3C5E3009C5591</string>
			<key>isa</key>
			<string>PBXBuildFile</string>
		</dict>
		<key>8CF97AFF1BE3C5E3009C5591</key>
		<dict>
			<key>isa</key>
			<string>PBXFileReference</string>
			<key>lastKnownFileType</key>
			<string>folder.assetcatalog</string>
			<key>path</key>
			<string>Assets.xcassets</string>
			<key>sourceTree</key>
			<string>&lt;group&gt;</string>
		</dict>
		<key>8CF97B001BE3C5E3009C5591</key>
		<dict>
			<key>fileRef</key>
			<string>8CF97AFF1BE3C5E3009C5591</string>
			<key>isa</key>
			<string>PBXBuildFile</string>
		</dict>
		<key>8CF97B011BE3C5E3009C5591</key>
		<dict>
			<key>children</key>
			<array>
				<string>8CF97B021BE3C5E3009C5591</string>
			</array>
			<key>isa</key>
			<string>PBXVariantGroup</string>
			<key>name</key>
			<string>LaunchScreen.storyboard</string>
			<key>sourceTree</key>
			<string>&lt;group&gt;</string>
		</dict>
		<key>8CF97B021BE3C5E3009C5591</key>
		<dict>
			<key>isa</key>
			<string>PBXFileReference</string>
			<key>lastKnownFileType</key>
			<string>file.storyboard</string>
			<key>name</key>
			<string>Base</string>
			<key>path</key>
			<string>Base.lproj/LaunchScreen.storyboard</string>
			<key>sourceTree</key>
			<string>&lt;group&gt;</string>
		</dict>
		<key>8CF97B031BE3C5E3009C5591</key>
		<dict>
			<key>fileRef</key>
			<string>8CF97B011BE3C5E3009C5591</string>
			<key>isa</key>
			<string>PBXBuildFile</string>
		</dict>
		<key>8CF97B041BE3C5E3009C5591</key>
		<dict>
			<key>isa</key>
			<string>PBXFileReference</string>
			<key>lastKnownFileType</key>
			<string>text.plist.xml</string>
			<key>path</key>
			<string>Info.plist</string>
			<key>sourceTree</key>
			<string>&lt;group&gt;</string>
		</dict>
		<key>8CF97B051BE3C5E3009C5591</key>
		<dict>
			<key>buildActionMask</key>
			<string>2147483647</string>
			<key>files</key>
			<array>
				<string>ECAA61AE1C83BF58003D4E17</string>
				<string>EC0772FB1C78E87E00D4A763</string>
				<string>AD99ADDF1C728C4B004BF12A</string>
				<string>ECAA61A81C83B790003D4E17</string>
				<string>EC21EAFF1C7C19ED00C6937D</string>
				<string>ECAA61A61C837473003D4E17</string>
				<string>ECAA61B41C84E6B0003D4E17</string>
			</array>
			<key>isa</key>
			<string>PBXSourcesBuildPhase</string>
			<key>runOnlyForDeploymentPostprocessing</key>
			<string>0</string>
		</dict>
		<key>8CF97B061BE3C5E3009C5591</key>
		<dict>
			<key>buildActionMask</key>
			<string>2147483647</string>
			<key>files</key>
			<array>
				<string>19843FD787F18035D4670FBE</string>
			</array>
			<key>isa</key>
			<string>PBXFrameworksBuildPhase</string>
			<key>runOnlyForDeploymentPostprocessing</key>
			<string>0</string>
		</dict>
		<key>8CF97B071BE3C5E3009C5591</key>
		<dict>
			<key>buildActionMask</key>
			<string>2147483647</string>
			<key>files</key>
			<array>
				<string>EC0773021C78E9FA00D4A763</string>
				<string>EC0773041C78EA7100D4A763</string>
				<string>EC0772FE1C78E8E000D4A763</string>
				<string>EC0773001C78E96A00D4A763</string>
				<string>5DEF06532B061883351521C5</string>
				<string>82324C6D82DF5B0B01E4ED09</string>
			</array>
			<key>isa</key>
			<string>PBXResourcesBuildPhase</string>
			<key>runOnlyForDeploymentPostprocessing</key>
			<string>0</string>
		</dict>
		<key>8CF97B081BE3C5E3009C5591</key>
		<dict>
			<key>buildConfigurationList</key>
			<string>8CF97B201BE3C5E4009C5591</string>
			<key>buildPhases</key>
			<array>
				<string>47A6B8F3B1A667EC0202E1FB</string>
				<string>8CF97B051BE3C5E3009C5591</string>
				<string>8CF97B061BE3C5E3009C5591</string>
				<string>8CF97B071BE3C5E3009C5591</string>
				<string>5F6EC991984C37BF502F69C7</string>
				<string>269B73DC8817BA2FA61514E4</string>
			</array>
			<key>buildRules</key>
			<array/>
			<key>dependencies</key>
			<array>
				<string>8CF97B0B1BE3C5E3009C5591</string>
			</array>
			<key>isa</key>
			<string>PBXNativeTarget</string>
			<key>name</key>
			<string>CocoaHeadsAppTests</string>
			<key>productName</key>
			<string>CocoaHeadsAppTests</string>
			<key>productReference</key>
			<string>8CF97B091BE3C5E3009C5591</string>
			<key>productType</key>
			<string>com.apple.product-type.bundle.unit-test</string>
		</dict>
		<key>8CF97B091BE3C5E3009C5591</key>
		<dict>
			<key>explicitFileType</key>
			<string>wrapper.cfbundle</string>
			<key>includeInIndex</key>
			<string>0</string>
			<key>isa</key>
			<string>PBXFileReference</string>
			<key>path</key>
			<string>CocoaHeadsAppTests.xctest</string>
			<key>sourceTree</key>
			<string>BUILT_PRODUCTS_DIR</string>
		</dict>
		<key>8CF97B0A1BE3C5E3009C5591</key>
		<dict>
			<key>containerPortal</key>
			<string>8CF97AEB1BE3C5E3009C5591</string>
			<key>isa</key>
			<string>PBXContainerItemProxy</string>
			<key>proxyType</key>
			<string>1</string>
			<key>remoteGlobalIDString</key>
			<string>8CF97AF21BE3C5E3009C5591</string>
			<key>remoteInfo</key>
			<string>CocoaHeadsApp</string>
		</dict>
		<key>8CF97B0B1BE3C5E3009C5591</key>
		<dict>
			<key>isa</key>
			<string>PBXTargetDependency</string>
			<key>target</key>
			<string>8CF97AF21BE3C5E3009C5591</string>
			<key>targetProxy</key>
			<string>8CF97B0A1BE3C5E3009C5591</string>
		</dict>
		<key>8CF97B0C1BE3C5E3009C5591</key>
		<dict>
			<key>children</key>
			<array>
				<string>8CF97B0F1BE3C5E3009C5591</string>
				<string>AD99ADDE1C728C4B004BF12A</string>
				<string>EC0772F91C78E84600D4A763</string>
			</array>
			<key>isa</key>
			<string>PBXGroup</string>
			<key>path</key>
			<string>CocoaHeadsAppTests</string>
			<key>sourceTree</key>
			<string>&lt;group&gt;</string>
		</dict>
		<key>8CF97B0F1BE3C5E3009C5591</key>
		<dict>
			<key>isa</key>
			<string>PBXFileReference</string>
			<key>lastKnownFileType</key>
			<string>text.plist.xml</string>
			<key>path</key>
			<string>Info.plist</string>
			<key>sourceTree</key>
			<string>&lt;group&gt;</string>
		</dict>
		<key>8CF97B101BE3C5E4009C5591</key>
		<dict>
			<key>buildActionMask</key>
			<string>2147483647</string>
			<key>files</key>
			<array>
				<string>8CF97B191BE3C5E4009C5591</string>
			</array>
			<key>isa</key>
			<string>PBXSourcesBuildPhase</string>
			<key>runOnlyForDeploymentPostprocessing</key>
			<string>0</string>
		</dict>
		<key>8CF97B111BE3C5E4009C5591</key>
		<dict>
			<key>buildActionMask</key>
			<string>2147483647</string>
			<key>files</key>
			<array>
				<string>0FD4B3AC72BC727A4B3320BB</string>
			</array>
			<key>isa</key>
			<string>PBXFrameworksBuildPhase</string>
			<key>runOnlyForDeploymentPostprocessing</key>
			<string>0</string>
		</dict>
		<key>8CF97B121BE3C5E4009C5591</key>
		<dict>
			<key>buildActionMask</key>
			<string>2147483647</string>
			<key>files</key>
			<array>
				<string>7826679C30631174553FB243</string>
				<string>94AEE3E9C46678F8F61C9EE7</string>
			</array>
			<key>isa</key>
			<string>PBXResourcesBuildPhase</string>
			<key>runOnlyForDeploymentPostprocessing</key>
			<string>0</string>
		</dict>
		<key>8CF97B131BE3C5E4009C5591</key>
		<dict>
			<key>buildConfigurationList</key>
			<string>8CF97B231BE3C5E4009C5591</string>
			<key>buildPhases</key>
			<array>
				<string>62E7DA96065EDEE25ED82C91</string>
				<string>8CF97B101BE3C5E4009C5591</string>
				<string>8CF97B111BE3C5E4009C5591</string>
				<string>8CF97B121BE3C5E4009C5591</string>
				<string>C619C391C0534F3B7961214F</string>
			</array>
			<key>buildRules</key>
			<array/>
			<key>dependencies</key>
			<array>
				<string>8CF97B161BE3C5E4009C5591</string>
			</array>
			<key>isa</key>
			<string>PBXNativeTarget</string>
			<key>name</key>
			<string>CocoaHeadsAppUITests</string>
			<key>productName</key>
			<string>CocoaHeadsAppUITests</string>
			<key>productReference</key>
			<string>8CF97B141BE3C5E4009C5591</string>
			<key>productType</key>
			<string>com.apple.product-type.bundle.ui-testing</string>
		</dict>
		<key>8CF97B141BE3C5E4009C5591</key>
		<dict>
			<key>explicitFileType</key>
			<string>wrapper.cfbundle</string>
			<key>includeInIndex</key>
			<string>0</string>
			<key>isa</key>
			<string>PBXFileReference</string>
			<key>path</key>
			<string>CocoaHeadsAppUITests.xctest</string>
			<key>sourceTree</key>
			<string>BUILT_PRODUCTS_DIR</string>
		</dict>
		<key>8CF97B151BE3C5E4009C5591</key>
		<dict>
			<key>containerPortal</key>
			<string>8CF97AEB1BE3C5E3009C5591</string>
			<key>isa</key>
			<string>PBXContainerItemProxy</string>
			<key>proxyType</key>
			<string>1</string>
			<key>remoteGlobalIDString</key>
			<string>8CF97AF21BE3C5E3009C5591</string>
			<key>remoteInfo</key>
			<string>CocoaHeadsApp</string>
		</dict>
		<key>8CF97B161BE3C5E4009C5591</key>
		<dict>
			<key>isa</key>
			<string>PBXTargetDependency</string>
			<key>target</key>
			<string>8CF97AF21BE3C5E3009C5591</string>
			<key>targetProxy</key>
			<string>8CF97B151BE3C5E4009C5591</string>
		</dict>
		<key>8CF97B171BE3C5E4009C5591</key>
		<dict>
			<key>children</key>
			<array>
				<string>8CF97B181BE3C5E4009C5591</string>
				<string>8CF97B1A1BE3C5E4009C5591</string>
			</array>
			<key>isa</key>
			<string>PBXGroup</string>
			<key>path</key>
			<string>CocoaHeadsAppUITests</string>
			<key>sourceTree</key>
			<string>&lt;group&gt;</string>
		</dict>
		<key>8CF97B181BE3C5E4009C5591</key>
		<dict>
			<key>isa</key>
			<string>PBXFileReference</string>
			<key>lastKnownFileType</key>
			<string>sourcecode.swift</string>
			<key>path</key>
			<string>CocoaHeadsAppUITests.swift</string>
			<key>sourceTree</key>
			<string>&lt;group&gt;</string>
		</dict>
		<key>8CF97B191BE3C5E4009C5591</key>
		<dict>
			<key>fileRef</key>
			<string>8CF97B181BE3C5E4009C5591</string>
			<key>isa</key>
			<string>PBXBuildFile</string>
		</dict>
		<key>8CF97B1A1BE3C5E4009C5591</key>
		<dict>
			<key>isa</key>
			<string>PBXFileReference</string>
			<key>lastKnownFileType</key>
			<string>text.plist.xml</string>
			<key>path</key>
			<string>Info.plist</string>
			<key>sourceTree</key>
			<string>&lt;group&gt;</string>
		</dict>
		<key>8CF97B1B1BE3C5E4009C5591</key>
		<dict>
			<key>buildSettings</key>
			<dict>
				<key>ALWAYS_SEARCH_USER_PATHS</key>
				<string>NO</string>
				<key>CLANG_CXX_LANGUAGE_STANDARD</key>
				<string>gnu++0x</string>
				<key>CLANG_CXX_LIBRARY</key>
				<string>libc++</string>
				<key>CLANG_ENABLE_MODULES</key>
				<string>YES</string>
				<key>CLANG_ENABLE_OBJC_ARC</key>
				<string>YES</string>
				<key>CLANG_WARN_BOOL_CONVERSION</key>
				<string>YES</string>
				<key>CLANG_WARN_CONSTANT_CONVERSION</key>
				<string>YES</string>
				<key>CLANG_WARN_DIRECT_OBJC_ISA_USAGE</key>
				<string>YES_ERROR</string>
				<key>CLANG_WARN_EMPTY_BODY</key>
				<string>YES</string>
				<key>CLANG_WARN_ENUM_CONVERSION</key>
				<string>YES</string>
				<key>CLANG_WARN_INT_CONVERSION</key>
				<string>YES</string>
				<key>CLANG_WARN_OBJC_ROOT_CLASS</key>
				<string>YES_ERROR</string>
				<key>CLANG_WARN_UNREACHABLE_CODE</key>
				<string>YES</string>
				<key>CLANG_WARN__DUPLICATE_METHOD_MATCH</key>
				<string>YES</string>
				<key>CODE_SIGN_IDENTITY[sdk=iphoneos*]</key>
				<string>iPhone Developer</string>
				<key>COPY_PHASE_STRIP</key>
				<string>NO</string>
				<key>DEBUG_INFORMATION_FORMAT</key>
				<string>dwarf</string>
				<key>ENABLE_STRICT_OBJC_MSGSEND</key>
				<string>YES</string>
				<key>ENABLE_TESTABILITY</key>
				<string>YES</string>
				<key>GCC_C_LANGUAGE_STANDARD</key>
				<string>gnu99</string>
				<key>GCC_DYNAMIC_NO_PIC</key>
				<string>NO</string>
				<key>GCC_NO_COMMON_BLOCKS</key>
				<string>YES</string>
				<key>GCC_OPTIMIZATION_LEVEL</key>
				<string>0</string>
				<key>GCC_PREPROCESSOR_DEFINITIONS</key>
				<array>
					<string>DEBUG=1</string>
					<string>$(inherited)</string>
				</array>
				<key>GCC_WARN_64_TO_32_BIT_CONVERSION</key>
				<string>YES</string>
				<key>GCC_WARN_ABOUT_RETURN_TYPE</key>
				<string>YES_ERROR</string>
				<key>GCC_WARN_UNDECLARED_SELECTOR</key>
				<string>YES</string>
				<key>GCC_WARN_UNINITIALIZED_AUTOS</key>
				<string>YES_AGGRESSIVE</string>
				<key>GCC_WARN_UNUSED_FUNCTION</key>
				<string>YES</string>
				<key>GCC_WARN_UNUSED_VARIABLE</key>
				<string>YES</string>
				<key>IPHONEOS_DEPLOYMENT_TARGET</key>
				<string>9.1</string>
				<key>MTL_ENABLE_DEBUG_INFO</key>
				<string>YES</string>
				<key>ONLY_ACTIVE_ARCH</key>
				<string>YES</string>
				<key>SDKROOT</key>
				<string>iphoneos</string>
				<key>SWIFT_OPTIMIZATION_LEVEL</key>
				<string>-Onone</string>
				<key>TARGETED_DEVICE_FAMILY</key>
				<string>1,2</string>
			</dict>
			<key>isa</key>
			<string>XCBuildConfiguration</string>
			<key>name</key>
			<string>Debug</string>
		</dict>
		<key>8CF97B1C1BE3C5E4009C5591</key>
		<dict>
			<key>buildSettings</key>
			<dict>
				<key>ALWAYS_SEARCH_USER_PATHS</key>
				<string>NO</string>
				<key>CLANG_CXX_LANGUAGE_STANDARD</key>
				<string>gnu++0x</string>
				<key>CLANG_CXX_LIBRARY</key>
				<string>libc++</string>
				<key>CLANG_ENABLE_MODULES</key>
				<string>YES</string>
				<key>CLANG_ENABLE_OBJC_ARC</key>
				<string>YES</string>
				<key>CLANG_WARN_BOOL_CONVERSION</key>
				<string>YES</string>
				<key>CLANG_WARN_CONSTANT_CONVERSION</key>
				<string>YES</string>
				<key>CLANG_WARN_DIRECT_OBJC_ISA_USAGE</key>
				<string>YES_ERROR</string>
				<key>CLANG_WARN_EMPTY_BODY</key>
				<string>YES</string>
				<key>CLANG_WARN_ENUM_CONVERSION</key>
				<string>YES</string>
				<key>CLANG_WARN_INT_CONVERSION</key>
				<string>YES</string>
				<key>CLANG_WARN_OBJC_ROOT_CLASS</key>
				<string>YES_ERROR</string>
				<key>CLANG_WARN_UNREACHABLE_CODE</key>
				<string>YES</string>
				<key>CLANG_WARN__DUPLICATE_METHOD_MATCH</key>
				<string>YES</string>
				<key>CODE_SIGN_IDENTITY[sdk=iphoneos*]</key>
				<string>iPhone Developer</string>
				<key>COPY_PHASE_STRIP</key>
				<string>NO</string>
				<key>DEBUG_INFORMATION_FORMAT</key>
				<string>dwarf-with-dsym</string>
				<key>ENABLE_NS_ASSERTIONS</key>
				<string>NO</string>
				<key>ENABLE_STRICT_OBJC_MSGSEND</key>
				<string>YES</string>
				<key>GCC_C_LANGUAGE_STANDARD</key>
				<string>gnu99</string>
				<key>GCC_NO_COMMON_BLOCKS</key>
				<string>YES</string>
				<key>GCC_WARN_64_TO_32_BIT_CONVERSION</key>
				<string>YES</string>
				<key>GCC_WARN_ABOUT_RETURN_TYPE</key>
				<string>YES_ERROR</string>
				<key>GCC_WARN_UNDECLARED_SELECTOR</key>
				<string>YES</string>
				<key>GCC_WARN_UNINITIALIZED_AUTOS</key>
				<string>YES_AGGRESSIVE</string>
				<key>GCC_WARN_UNUSED_FUNCTION</key>
				<string>YES</string>
				<key>GCC_WARN_UNUSED_VARIABLE</key>
				<string>YES</string>
				<key>IPHONEOS_DEPLOYMENT_TARGET</key>
				<string>9.1</string>
				<key>MTL_ENABLE_DEBUG_INFO</key>
				<string>NO</string>
				<key>SDKROOT</key>
				<string>iphoneos</string>
				<key>TARGETED_DEVICE_FAMILY</key>
				<string>1,2</string>
				<key>VALIDATE_PRODUCT</key>
				<string>YES</string>
			</dict>
			<key>isa</key>
			<string>XCBuildConfiguration</string>
			<key>name</key>
			<string>Release</string>
		</dict>
		<key>8CF97B1D1BE3C5E4009C5591</key>
		<dict>
			<key>buildConfigurations</key>
			<array>
				<string>8CF97B1E1BE3C5E4009C5591</string>
				<string>8CF97B1F1BE3C5E4009C5591</string>
			</array>
			<key>defaultConfigurationIsVisible</key>
			<string>0</string>
			<key>defaultConfigurationName</key>
			<string>Release</string>
			<key>isa</key>
			<string>XCConfigurationList</string>
		</dict>
		<key>8CF97B1E1BE3C5E4009C5591</key>
		<dict>
			<key>baseConfigurationReference</key>
			<string>BF9606316A8444137FB240C7</string>
			<key>buildSettings</key>
			<dict>
				<key>ASSETCATALOG_COMPILER_APPICON_NAME</key>
				<string>AppIcon</string>
				<key>INFOPLIST_FILE</key>
				<string>CocoaHeadsApp/Info.plist</string>
				<key>IPHONEOS_DEPLOYMENT_TARGET</key>
				<string>8.0</string>
				<key>LD_RUNPATH_SEARCH_PATHS</key>
				<string>$(inherited) @executable_path/Frameworks</string>
				<key>PRODUCT_BUNDLE_IDENTIFIER</key>
				<string>br.com.cocoaheads.CocoaHeads-Apps</string>
				<key>PRODUCT_NAME</key>
				<string>CocoaHeadsApp</string>
			</dict>
			<key>isa</key>
			<string>XCBuildConfiguration</string>
			<key>name</key>
			<string>Debug</string>
		</dict>
		<key>8CF97B1F1BE3C5E4009C5591</key>
		<dict>
			<key>baseConfigurationReference</key>
			<string>4AD7BF3B8A32DC48C8CF840D</string>
			<key>buildSettings</key>
			<dict>
				<key>ASSETCATALOG_COMPILER_APPICON_NAME</key>
				<string>AppIcon</string>
				<key>INFOPLIST_FILE</key>
				<string>CocoaHeadsApp/Info.plist</string>
				<key>IPHONEOS_DEPLOYMENT_TARGET</key>
				<string>8.0</string>
				<key>LD_RUNPATH_SEARCH_PATHS</key>
				<string>$(inherited) @executable_path/Frameworks</string>
				<key>PRODUCT_BUNDLE_IDENTIFIER</key>
				<string>br.com.cocoaheads.CocoaHeads-Apps</string>
				<key>PRODUCT_NAME</key>
				<string>CocoaHeadsApp</string>
			</dict>
			<key>isa</key>
			<string>XCBuildConfiguration</string>
			<key>name</key>
			<string>Release</string>
		</dict>
		<key>8CF97B201BE3C5E4009C5591</key>
		<dict>
			<key>buildConfigurations</key>
			<array>
				<string>8CF97B211BE3C5E4009C5591</string>
				<string>8CF97B221BE3C5E4009C5591</string>
			</array>
			<key>defaultConfigurationIsVisible</key>
			<string>0</string>
			<key>defaultConfigurationName</key>
			<string>Release</string>
			<key>isa</key>
			<string>XCConfigurationList</string>
		</dict>
		<key>8CF97B211BE3C5E4009C5591</key>
		<dict>
			<key>baseConfigurationReference</key>
			<string>B69A81103677DA392B92C01F</string>
			<key>buildSettings</key>
			<dict>
				<key>BUNDLE_LOADER</key>
				<string>$(TEST_HOST)</string>
				<key>INFOPLIST_FILE</key>
				<string>CocoaHeadsAppTests/Info.plist</string>
				<key>LD_RUNPATH_SEARCH_PATHS</key>
				<string>$(inherited) @executable_path/Frameworks @loader_path/Frameworks</string>
				<key>PRODUCT_BUNDLE_IDENTIFIER</key>
				<string>br.com.cocoaheads.CocoaHeads-AppsTests</string>
				<key>PRODUCT_MODULE_NAME</key>
				<string>$(PRODUCT_NAME:c99extidentifier)</string>
				<key>PRODUCT_NAME</key>
				<string>CocoaHeadsAppTests</string>
				<key>TEST_HOST</key>
				<string>$(BUILT_PRODUCTS_DIR)/CocoaHeadsApp.app/CocoaHeadsApp</string>
			</dict>
			<key>isa</key>
			<string>XCBuildConfiguration</string>
			<key>name</key>
			<string>Debug</string>
		</dict>
		<key>8CF97B221BE3C5E4009C5591</key>
		<dict>
			<key>baseConfigurationReference</key>
			<string>D4FF3008043D3D69F6A32B80</string>
			<key>buildSettings</key>
			<dict>
				<key>BUNDLE_LOADER</key>
				<string>$(TEST_HOST)</string>
				<key>INFOPLIST_FILE</key>
				<string>CocoaHeadsAppTests/Info.plist</string>
				<key>LD_RUNPATH_SEARCH_PATHS</key>
				<string>$(inherited) @executable_path/Frameworks @loader_path/Frameworks</string>
				<key>PRODUCT_BUNDLE_IDENTIFIER</key>
				<string>br.com.cocoaheads.CocoaHeads-AppsTests</string>
				<key>PRODUCT_MODULE_NAME</key>
				<string>$(PRODUCT_NAME:c99extidentifier)</string>
				<key>PRODUCT_NAME</key>
				<string>CocoaHeadsAppTests</string>
				<key>TEST_HOST</key>
				<string>$(BUILT_PRODUCTS_DIR)/CocoaHeadsApp.app/CocoaHeadsApp</string>
			</dict>
			<key>isa</key>
			<string>XCBuildConfiguration</string>
			<key>name</key>
			<string>Release</string>
		</dict>
		<key>8CF97B231BE3C5E4009C5591</key>
		<dict>
			<key>buildConfigurations</key>
			<array>
				<string>8CF97B241BE3C5E4009C5591</string>
				<string>8CF97B251BE3C5E4009C5591</string>
			</array>
			<key>defaultConfigurationIsVisible</key>
			<string>0</string>
			<key>defaultConfigurationName</key>
			<string>Release</string>
			<key>isa</key>
			<string>XCConfigurationList</string>
		</dict>
		<key>8CF97B241BE3C5E4009C5591</key>
		<dict>
			<key>baseConfigurationReference</key>
			<string>A98C87539E365326F87AD4F5</string>
			<key>buildSettings</key>
			<dict>
				<key>INFOPLIST_FILE</key>
				<string>CocoaHeadsAppUITests/Info.plist</string>
				<key>LD_RUNPATH_SEARCH_PATHS</key>
				<string>$(inherited) @executable_path/Frameworks @loader_path/Frameworks</string>
				<key>PRODUCT_BUNDLE_IDENTIFIER</key>
				<string>br.com.cocoaheads.CocoaHeads-AppsUITests</string>
				<key>PRODUCT_MODULE_NAME</key>
				<string>$(PRODUCT_NAME:c99extidentifier)</string>
				<key>PRODUCT_NAME</key>
				<string>CocoaHeadsAppUITests</string>
				<key>TEST_TARGET_NAME</key>
				<string>CocoaHeadsApp</string>
				<key>USES_XCTRUNNER</key>
				<string>YES</string>
			</dict>
			<key>isa</key>
			<string>XCBuildConfiguration</string>
			<key>name</key>
			<string>Debug</string>
		</dict>
		<key>8CF97B251BE3C5E4009C5591</key>
		<dict>
			<key>baseConfigurationReference</key>
			<string>38D8C080D4CFA5B942397E16</string>
			<key>buildSettings</key>
			<dict>
				<key>INFOPLIST_FILE</key>
				<string>CocoaHeadsAppUITests/Info.plist</string>
				<key>LD_RUNPATH_SEARCH_PATHS</key>
				<string>$(inherited) @executable_path/Frameworks @loader_path/Frameworks</string>
				<key>PRODUCT_BUNDLE_IDENTIFIER</key>
				<string>br.com.cocoaheads.CocoaHeads-AppsUITests</string>
				<key>PRODUCT_MODULE_NAME</key>
				<string>$(PRODUCT_NAME:c99extidentifier)</string>
				<key>PRODUCT_NAME</key>
				<string>CocoaHeadsAppUITests</string>
				<key>TEST_TARGET_NAME</key>
				<string>CocoaHeadsApp</string>
				<key>USES_XCTRUNNER</key>
				<string>YES</string>
			</dict>
			<key>isa</key>
			<string>XCBuildConfiguration</string>
			<key>name</key>
			<string>Release</string>
		</dict>
		<key>94AEE3E9C46678F8F61C9EE7</key>
		<dict>
			<key>fileRef</key>
			<string>0EEB2F40A40B6461212C6A09</string>
			<key>isa</key>
			<string>PBXBuildFile</string>
		</dict>
		<key>989A804D5439ABCCC1984CF5</key>
		<dict>
			<key>fileRef</key>
			<string>A242E7696BFE5695F2B7EBA2</string>
			<key>isa</key>
			<string>PBXBuildFile</string>
		</dict>
		<key>9BB17B6DE02443C5BA712E9C</key>
		<dict>
			<key>fileRef</key>
			<string>70EC66122C00849A485D7D76</string>
			<key>isa</key>
			<string>PBXBuildFile</string>
		</dict>
		<key>9EC1495566C3B1BE6009AA51</key>
		<dict>
			<key>includeInIndex</key>
			<string>1</string>
			<key>isa</key>
			<string>PBXFileReference</string>
			<key>lastKnownFileType</key>
			<string>text.plist.xml</string>
			<key>name</key>
			<string>Pods-CocoaHeadsAppTests-metadata.plist</string>
			<key>path</key>
			<string>Pods/Pods-CocoaHeadsAppTests-metadata.plist</string>
			<key>sourceTree</key>
			<string>&lt;group&gt;</string>
		</dict>
		<key>A242E7696BFE5695F2B7EBA2</key>
		<dict>
			<key>includeInIndex</key>
			<string>1</string>
			<key>isa</key>
			<string>PBXFileReference</string>
			<key>lastKnownFileType</key>
			<string>text.plist.xml</string>
			<key>name</key>
			<string>Pods-metadata.plist</string>
			<key>path</key>
			<string>Pods/Pods-metadata.plist</string>
			<key>sourceTree</key>
			<string>&lt;group&gt;</string>
		</dict>
		<key>A3DE6EB9A409B1510B163C01</key>
		<dict>
			<key>includeInIndex</key>
			<string>1</string>
			<key>isa</key>
			<string>PBXFileReference</string>
			<key>lastKnownFileType</key>
			<string>text.xcconfig</string>
			<key>name</key>
			<string>Pods-CocoaHeadsAppIntegrationTests.debug.xcconfig</string>
			<key>path</key>
			<string>Pods/Target Support Files/Pods-CocoaHeadsAppIntegrationTests/Pods-CocoaHeadsAppIntegrationTests.debug.xcconfig</string>
			<key>sourceTree</key>
			<string>&lt;group&gt;</string>
		</dict>
		<key>A98C87539E365326F87AD4F5</key>
		<dict>
			<key>includeInIndex</key>
			<string>1</string>
			<key>isa</key>
			<string>PBXFileReference</string>
			<key>lastKnownFileType</key>
			<string>text.xcconfig</string>
			<key>name</key>
			<string>Pods-CocoaHeadsAppUITests.debug.xcconfig</string>
			<key>path</key>
			<string>Pods/Target Support Files/Pods-CocoaHeadsAppUITests/Pods-CocoaHeadsAppUITests.debug.xcconfig</string>
			<key>sourceTree</key>
			<string>&lt;group&gt;</string>
		</dict>
		<key>AB5FC609E21235B38FE62336</key>
		<dict>
			<key>explicitFileType</key>
			<string>wrapper.framework</string>
			<key>includeInIndex</key>
			<string>0</string>
			<key>isa</key>
			<string>PBXFileReference</string>
			<key>path</key>
			<string>Pods_CocoaHeadsAppIntegrationTests.framework</string>
			<key>sourceTree</key>
			<string>BUILT_PRODUCTS_DIR</string>
		</dict>
		<key>AD99ADD01C728B45004BF12A</key>
		<dict>
			<key>buildActionMask</key>
			<string>2147483647</string>
			<key>files</key>
			<array>
				<string>AD99AE071C729783004BF12A</string>
			</array>
			<key>isa</key>
			<string>PBXSourcesBuildPhase</string>
			<key>runOnlyForDeploymentPostprocessing</key>
			<string>0</string>
		</dict>
		<key>AD99ADD11C728B45004BF12A</key>
		<dict>
			<key>buildActionMask</key>
			<string>2147483647</string>
			<key>files</key>
			<array>
				<string>2F0CA262FE638D56C6B744FD</string>
			</array>
			<key>isa</key>
			<string>PBXFrameworksBuildPhase</string>
			<key>runOnlyForDeploymentPostprocessing</key>
			<string>0</string>
		</dict>
		<key>AD99ADD21C728B45004BF12A</key>
		<dict>
			<key>buildActionMask</key>
			<string>2147483647</string>
			<key>files</key>
			<array>
				<string>AD99AE0A1C729B03004BF12A</string>
				<string>AD99AE0C1C72A16E004BF12A</string>
				<string>15AF854914C2D58A9BE33E88</string>
				<string>9BB17B6DE02443C5BA712E9C</string>
			</array>
			<key>isa</key>
			<string>PBXResourcesBuildPhase</string>
			<key>runOnlyForDeploymentPostprocessing</key>
			<string>0</string>
		</dict>
		<key>AD99ADD31C728B45004BF12A</key>
		<dict>
			<key>buildConfigurationList</key>
			<string>AD99ADDD1C728B45004BF12A</string>
			<key>buildPhases</key>
			<array>
				<string>88849CF0929B43B6F095A88A</string>
				<string>AD99ADD01C728B45004BF12A</string>
				<string>AD99ADD11C728B45004BF12A</string>
				<string>AD99ADD21C728B45004BF12A</string>
				<string>B47A1441876DEE3EE8EADAD9</string>
				<string>177FC8543473654EB49D3C33</string>
			</array>
			<key>buildRules</key>
			<array/>
			<key>dependencies</key>
			<array>
				<string>AD99ADDA1C728B45004BF12A</string>
			</array>
			<key>isa</key>
			<string>PBXNativeTarget</string>
			<key>name</key>
			<string>CocoaHeadsAppIntegrationTests</string>
			<key>productName</key>
			<string>CocoaHeadsAppIntegrationTests</string>
			<key>productReference</key>
			<string>AD99ADD41C728B45004BF12A</string>
			<key>productType</key>
			<string>com.apple.product-type.bundle.unit-test</string>
		</dict>
		<key>AD99ADD41C728B45004BF12A</key>
		<dict>
			<key>explicitFileType</key>
			<string>wrapper.cfbundle</string>
			<key>includeInIndex</key>
			<string>0</string>
			<key>isa</key>
			<string>PBXFileReference</string>
			<key>path</key>
			<string>CocoaHeadsAppIntegrationTests.xctest</string>
			<key>sourceTree</key>
			<string>BUILT_PRODUCTS_DIR</string>
		</dict>
		<key>AD99ADD51C728B45004BF12A</key>
		<dict>
			<key>children</key>
			<array>
				<string>AD99AE081C729AD6004BF12A</string>
				<string>AD99ADD81C728B45004BF12A</string>
				<string>AD99AE061C729783004BF12A</string>
			</array>
			<key>isa</key>
			<string>PBXGroup</string>
			<key>path</key>
			<string>CocoaHeadsAppIntegrationTests</string>
			<key>sourceTree</key>
			<string>&lt;group&gt;</string>
		</dict>
		<key>AD99ADD81C728B45004BF12A</key>
		<dict>
			<key>isa</key>
			<string>PBXFileReference</string>
			<key>lastKnownFileType</key>
			<string>text.plist.xml</string>
			<key>path</key>
			<string>Info.plist</string>
			<key>sourceTree</key>
			<string>&lt;group&gt;</string>
		</dict>
		<key>AD99ADD91C728B45004BF12A</key>
		<dict>
			<key>containerPortal</key>
			<string>8CF97AEB1BE3C5E3009C5591</string>
			<key>isa</key>
			<string>PBXContainerItemProxy</string>
			<key>proxyType</key>
			<string>1</string>
			<key>remoteGlobalIDString</key>
			<string>8CF97AF21BE3C5E3009C5591</string>
			<key>remoteInfo</key>
			<string>CocoaHeadsApp</string>
		</dict>
		<key>AD99ADDA1C728B45004BF12A</key>
		<dict>
			<key>isa</key>
			<string>PBXTargetDependency</string>
			<key>target</key>
			<string>8CF97AF21BE3C5E3009C5591</string>
			<key>targetProxy</key>
			<string>AD99ADD91C728B45004BF12A</string>
		</dict>
		<key>AD99ADDB1C728B45004BF12A</key>
		<dict>
			<key>baseConfigurationReference</key>
			<string>A3DE6EB9A409B1510B163C01</string>
			<key>buildSettings</key>
			<dict>
				<key>BUNDLE_LOADER</key>
				<string>$(TEST_HOST)</string>
				<key>INFOPLIST_FILE</key>
				<string>CocoaHeadsAppIntegrationTests/Info.plist</string>
				<key>IPHONEOS_DEPLOYMENT_TARGET</key>
				<string>9.2</string>
				<key>LD_RUNPATH_SEARCH_PATHS</key>
				<string>$(inherited) @executable_path/Frameworks @loader_path/Frameworks</string>
				<key>PRODUCT_BUNDLE_IDENTIFIER</key>
				<string>br.com.cocoaheads.CocoaHeadsAppIntegrationTests</string>
				<key>PRODUCT_NAME</key>
				<string>$(TARGET_NAME)</string>
				<key>TEST_HOST</key>
				<string>$(BUILT_PRODUCTS_DIR)/CocoaHeadsApp.app/CocoaHeadsApp</string>
			</dict>
			<key>isa</key>
			<string>XCBuildConfiguration</string>
			<key>name</key>
			<string>Debug</string>
		</dict>
		<key>AD99ADDC1C728B45004BF12A</key>
		<dict>
			<key>baseConfigurationReference</key>
			<string>FCA4BEE1CA988DC81F8EAEB2</string>
			<key>buildSettings</key>
			<dict>
				<key>BUNDLE_LOADER</key>
				<string>$(TEST_HOST)</string>
				<key>INFOPLIST_FILE</key>
				<string>CocoaHeadsAppIntegrationTests/Info.plist</string>
				<key>IPHONEOS_DEPLOYMENT_TARGET</key>
				<string>9.2</string>
				<key>LD_RUNPATH_SEARCH_PATHS</key>
				<string>$(inherited) @executable_path/Frameworks @loader_path/Frameworks</string>
				<key>PRODUCT_BUNDLE_IDENTIFIER</key>
				<string>br.com.cocoaheads.CocoaHeadsAppIntegrationTests</string>
				<key>PRODUCT_NAME</key>
				<string>$(TARGET_NAME)</string>
				<key>TEST_HOST</key>
				<string>$(BUILT_PRODUCTS_DIR)/CocoaHeadsApp.app/CocoaHeadsApp</string>
			</dict>
			<key>isa</key>
			<string>XCBuildConfiguration</string>
			<key>name</key>
			<string>Release</string>
		</dict>
		<key>AD99ADDD1C728B45004BF12A</key>
		<dict>
			<key>buildConfigurations</key>
			<array>
				<string>AD99ADDB1C728B45004BF12A</string>
				<string>AD99ADDC1C728B45004BF12A</string>
			</array>
			<key>defaultConfigurationIsVisible</key>
			<string>0</string>
			<key>defaultConfigurationName</key>
			<string>Release</string>
			<key>isa</key>
			<string>XCConfigurationList</string>
		</dict>
		<key>AD99ADDE1C728C4B004BF12A</key>
		<dict>
			<key>fileEncoding</key>
			<string>4</string>
			<key>isa</key>
			<string>PBXFileReference</string>
			<key>lastKnownFileType</key>
			<string>sourcecode.swift</string>
			<key>path</key>
			<string>MeetupAPITests.swift</string>
			<key>sourceTree</key>
			<string>&lt;group&gt;</string>
		</dict>
		<key>AD99ADDF1C728C4B004BF12A</key>
		<dict>
			<key>fileRef</key>
			<string>AD99ADDE1C728C4B004BF12A</string>
			<key>isa</key>
			<string>PBXBuildFile</string>
		</dict>
		<key>AD99AE061C729783004BF12A</key>
		<dict>
			<key>fileEncoding</key>
			<string>4</string>
			<key>isa</key>
			<string>PBXFileReference</string>
			<key>lastKnownFileType</key>
			<string>sourcecode.swift</string>
			<key>path</key>
			<string>APIConsumerTests.swift</string>
			<key>sourceTree</key>
			<string>&lt;group&gt;</string>
		</dict>
		<key>AD99AE071C729783004BF12A</key>
		<dict>
			<key>fileRef</key>
			<string>AD99AE061C729783004BF12A</string>
			<key>isa</key>
			<string>PBXBuildFile</string>
		</dict>
		<key>AD99AE081C729AD6004BF12A</key>
		<dict>
			<key>children</key>
			<array>
				<string>AD99AE091C729B03004BF12A</string>
				<string>AD99AE0B1C72A16E004BF12A</string>
			</array>
			<key>isa</key>
			<string>PBXGroup</string>
			<key>name</key>
			<string>API Response</string>
			<key>sourceTree</key>
			<string>&lt;group&gt;</string>
		</dict>
		<key>AD99AE091C729B03004BF12A</key>
		<dict>
			<key>fileEncoding</key>
			<string>4</string>
			<key>isa</key>
			<string>PBXFileReference</string>
			<key>lastKnownFileType</key>
			<string>text.json</string>
			<key>name</key>
			<string>MeetupResponse.json</string>
			<key>path</key>
			<string>API Response/MeetupResponse.json</string>
			<key>sourceTree</key>
			<string>&lt;group&gt;</string>
		</dict>
		<key>AD99AE0A1C729B03004BF12A</key>
		<dict>
			<key>fileRef</key>
			<string>AD99AE091C729B03004BF12A</string>
			<key>isa</key>
			<string>PBXBuildFile</string>
		</dict>
		<key>AD99AE0B1C72A16E004BF12A</key>
		<dict>
			<key>fileEncoding</key>
			<string>4</string>
			<key>isa</key>
			<string>PBXFileReference</string>
			<key>lastKnownFileType</key>
			<string>text.json</string>
			<key>name</key>
			<string>MeetupErrorResponse.json</string>
			<key>path</key>
			<string>API Response/MeetupErrorResponse.json</string>
			<key>sourceTree</key>
			<string>&lt;group&gt;</string>
		</dict>
		<key>AD99AE0C1C72A16E004BF12A</key>
		<dict>
			<key>fileRef</key>
			<string>AD99AE0B1C72A16E004BF12A</string>
			<key>isa</key>
			<string>PBXBuildFile</string>
		</dict>
		<key>B47A1441876DEE3EE8EADAD9</key>
		<dict>
			<key>buildActionMask</key>
			<string>2147483647</string>
			<key>files</key>
			<array/>
			<key>inputPaths</key>
			<array/>
			<key>isa</key>
			<string>PBXShellScriptBuildPhase</string>
			<key>name</key>
			<string>Embed Pods Frameworks</string>
			<key>outputPaths</key>
			<array/>
			<key>runOnlyForDeploymentPostprocessing</key>
			<string>0</string>
			<key>shellPath</key>
			<string>/bin/sh</string>
			<key>shellScript</key>
			<string>"${SRCROOT}/Pods/Target Support Files/Pods-CocoaHeadsAppIntegrationTests/Pods-CocoaHeadsAppIntegrationTests-frameworks.sh"
</string>
			<key>showEnvVarsInLog</key>
			<string>0</string>
		</dict>
		<key>B69A81103677DA392B92C01F</key>
		<dict>
			<key>includeInIndex</key>
			<string>1</string>
			<key>isa</key>
			<string>PBXFileReference</string>
			<key>lastKnownFileType</key>
			<string>text.xcconfig</string>
			<key>name</key>
			<string>Pods-CocoaHeadsAppTests.debug.xcconfig</string>
			<key>path</key>
			<string>Pods/Target Support Files/Pods-CocoaHeadsAppTests/Pods-CocoaHeadsAppTests.debug.xcconfig</string>
			<key>sourceTree</key>
			<string>&lt;group&gt;</string>
		</dict>
		<key>BEB61AFA1235CF40887B58D0</key>
		<dict>
			<key>includeInIndex</key>
			<string>1</string>
			<key>isa</key>
			<string>PBXFileReference</string>
			<key>lastKnownFileType</key>
			<string>text.plist.xml</string>
			<key>name</key>
			<string>Pods-CocoaHeadsAppTests-settings-metadata.plist</string>
			<key>path</key>
			<string>CocoaHeadsApp/Settings.bundle/Pods-CocoaHeadsAppTests-settings-metadata.plist</string>
			<key>sourceTree</key>
			<string>&lt;group&gt;</string>
		</dict>
		<key>BF9606316A8444137FB240C7</key>
		<dict>
			<key>includeInIndex</key>
			<string>1</string>
			<key>isa</key>
			<string>PBXFileReference</string>
			<key>lastKnownFileType</key>
			<string>text.xcconfig</string>
			<key>name</key>
			<string>Pods.debug.xcconfig</string>
			<key>path</key>
			<string>Pods/Target Support Files/Pods/Pods.debug.xcconfig</string>
			<key>sourceTree</key>
			<string>&lt;group&gt;</string>
		</dict>
		<key>C619C391C0534F3B7961214F</key>
		<dict>
			<key>buildActionMask</key>
			<string>2147483647</string>
			<key>files</key>
			<array/>
			<key>inputPaths</key>
			<array/>
			<key>isa</key>
			<string>PBXShellScriptBuildPhase</string>
			<key>name</key>
			<string>Copy Pods Resources</string>
			<key>outputPaths</key>
			<array/>
			<key>runOnlyForDeploymentPostprocessing</key>
			<string>0</string>
			<key>shellPath</key>
			<string>/bin/sh</string>
			<key>shellScript</key>
			<string>"${SRCROOT}/Pods/Target Support Files/Pods-CocoaHeadsAppUITests/Pods-CocoaHeadsAppUITests-resources.sh"
</string>
			<key>showEnvVarsInLog</key>
			<string>0</string>
		</dict>
		<key>D4FF3008043D3D69F6A32B80</key>
		<dict>
			<key>includeInIndex</key>
			<string>1</string>
			<key>isa</key>
			<string>PBXFileReference</string>
			<key>lastKnownFileType</key>
			<string>text.xcconfig</string>
			<key>name</key>
			<string>Pods-CocoaHeadsAppTests.release.xcconfig</string>
			<key>path</key>
			<string>Pods/Target Support Files/Pods-CocoaHeadsAppTests/Pods-CocoaHeadsAppTests.release.xcconfig</string>
			<key>sourceTree</key>
			<string>&lt;group&gt;</string>
		</dict>
		<key>DB86A2AC8EFB12BE598B6879</key>
		<dict>
			<key>includeInIndex</key>
			<string>1</string>
			<key>isa</key>
			<string>PBXFileReference</string>
			<key>lastKnownFileType</key>
			<string>text.plist.xml</string>
			<key>name</key>
			<string>Pods-CocoaHeadsAppUITests-metadata.plist</string>
			<key>path</key>
			<string>Pods/Pods-CocoaHeadsAppUITests-metadata.plist</string>
			<key>sourceTree</key>
			<string>&lt;group&gt;</string>
		</dict>
		<key>EC0772F91C78E84600D4A763</key>
		<dict>
			<key>children</key>
			<array>
				<string>EC0772FC1C78E8C300D4A763</string>
				<string>EC0772FA1C78E87E00D4A763</string>
				<string>EC21EAFE1C7C19ED00C6937D</string>
				<string>ECAA61A51C837473003D4E17</string>
				<string>ECAA61A71C83B790003D4E17</string>
				<string>ECAA61AD1C83BF58003D4E17</string>
				<string>ECAA61B31C84E6B0003D4E17</string>
			</array>
			<key>isa</key>
			<string>PBXGroup</string>
			<key>path</key>
			<string>Models</string>
			<key>sourceTree</key>
			<string>&lt;group&gt;</string>
		</dict>
		<key>EC0772FA1C78E87E00D4A763</key>
		<dict>
			<key>fileEncoding</key>
			<string>4</string>
			<key>isa</key>
			<string>PBXFileReference</string>
			<key>lastKnownFileType</key>
			<string>sourcecode.swift</string>
			<key>path</key>
			<string>EventTest.swift</string>
			<key>sourceTree</key>
			<string>&lt;group&gt;</string>
		</dict>
		<key>EC0772FB1C78E87E00D4A763</key>
		<dict>
			<key>fileRef</key>
			<string>EC0772FA1C78E87E00D4A763</string>
			<key>isa</key>
			<string>PBXBuildFile</string>
		</dict>
		<key>EC0772FC1C78E8C300D4A763</key>
		<dict>
			<key>children</key>
			<array>
				<string>EC0772FD1C78E8E000D4A763</string>
				<string>EC0772FF1C78E96A00D4A763</string>
				<string>EC0773011C78E9FA00D4A763</string>
				<string>EC0773031C78EA7100D4A763</string>
			</array>
			<key>isa</key>
			<string>PBXGroup</string>
			<key>path</key>
			<string>Fixtures</string>
			<key>sourceTree</key>
			<string>&lt;group&gt;</string>
		</dict>
		<key>EC0772FD1C78E8E000D4A763</key>
		<dict>
			<key>fileEncoding</key>
			<string>4</string>
			<key>isa</key>
			<string>PBXFileReference</string>
			<key>lastKnownFileType</key>
			<string>text.json</string>
			<key>path</key>
			<string>event.json</string>
			<key>sourceTree</key>
			<string>&lt;group&gt;</string>
		</dict>
		<key>EC0772FE1C78E8E000D4A763</key>
		<dict>
			<key>fileRef</key>
			<string>EC0772FD1C78E8E000D4A763</string>
			<key>isa</key>
			<string>PBXBuildFile</string>
		</dict>
		<key>EC0772FF1C78E96A00D4A763</key>
		<dict>
			<key>fileEncoding</key>
			<string>4</string>
			<key>isa</key>
			<string>PBXFileReference</string>
			<key>lastKnownFileType</key>
			<string>text.json</string>
			<key>path</key>
			<string>chapter.json</string>
			<key>sourceTree</key>
			<string>&lt;group&gt;</string>
		</dict>
		<key>EC0773001C78E96A00D4A763</key>
		<dict>
			<key>fileRef</key>
			<string>EC0772FF1C78E96A00D4A763</string>
			<key>isa</key>
			<string>PBXBuildFile</string>
		</dict>
		<key>EC0773011C78E9FA00D4A763</key>
		<dict>
			<key>fileEncoding</key>
			<string>4</string>
			<key>isa</key>
			<string>PBXFileReference</string>
			<key>lastKnownFileType</key>
			<string>text.json</string>
			<key>path</key>
			<string>podcast_episode.json</string>
			<key>sourceTree</key>
			<string>&lt;group&gt;</string>
		</dict>
		<key>EC0773021C78E9FA00D4A763</key>
		<dict>
			<key>fileRef</key>
			<string>EC0773011C78E9FA00D4A763</string>
			<key>isa</key>
			<string>PBXBuildFile</string>
		</dict>
		<key>EC0773031C78EA7100D4A763</key>
		<dict>
			<key>fileEncoding</key>
			<string>4</string>
			<key>isa</key>
			<string>PBXFileReference</string>
			<key>lastKnownFileType</key>
			<string>text.json</string>
			<key>path</key>
			<string>video.json</string>
			<key>sourceTree</key>
			<string>&lt;group&gt;</string>
		</dict>
		<key>EC0773041C78EA7100D4A763</key>
		<dict>
			<key>fileRef</key>
			<string>EC0773031C78EA7100D4A763</string>
			<key>isa</key>
			<string>PBXBuildFile</string>
		</dict>
		<key>EC21EAFA1C7C03A300C6937D</key>
		<dict>
			<key>fileEncoding</key>
			<string>4</string>
			<key>isa</key>
			<string>PBXFileReference</string>
			<key>lastKnownFileType</key>
			<string>sourcecode.swift</string>
			<key>path</key>
			<string>Event.swift</string>
			<key>sourceTree</key>
			<string>&lt;group&gt;</string>
		</dict>
		<key>EC21EAFB1C7C03A300C6937D</key>
		<dict>
			<key>fileRef</key>
			<string>EC21EAFA1C7C03A300C6937D</string>
			<key>isa</key>
			<string>PBXBuildFile</string>
		</dict>
		<key>EC21EAFC1C7C09AE00C6937D</key>
		<dict>
			<key>fileEncoding</key>
			<string>4</string>
			<key>isa</key>
			<string>PBXFileReference</string>
			<key>lastKnownFileType</key>
			<string>sourcecode.swift</string>
			<key>path</key>
			<string>Chapter.swift</string>
			<key>sourceTree</key>
			<string>&lt;group&gt;</string>
		</dict>
		<key>EC21EAFD1C7C09AE00C6937D</key>
		<dict>
			<key>fileRef</key>
			<string>EC21EAFC1C7C09AE00C6937D</string>
			<key>isa</key>
			<string>PBXBuildFile</string>
		</dict>
		<key>EC21EAFE1C7C19ED00C6937D</key>
		<dict>
			<key>fileEncoding</key>
			<string>4</string>
			<key>isa</key>
			<string>PBXFileReference</string>
			<key>lastKnownFileType</key>
			<string>sourcecode.swift</string>
			<key>path</key>
			<string>ModelTestUtils.swift</string>
			<key>sourceTree</key>
			<string>&lt;group&gt;</string>
		</dict>
		<key>EC21EAFF1C7C19ED00C6937D</key>
		<dict>
			<key>fileRef</key>
			<string>EC21EAFE1C7C19ED00C6937D</string>
			<key>isa</key>
			<string>PBXBuildFile</string>
		</dict>
		<key>ECAA61A51C837473003D4E17</key>
		<dict>
			<key>fileEncoding</key>
			<string>4</string>
			<key>isa</key>
			<string>PBXFileReference</string>
			<key>lastKnownFileType</key>
			<string>sourcecode.swift</string>
			<key>path</key>
			<string>ChapterTest.swift</string>
			<key>sourceTree</key>
			<string>&lt;group&gt;</string>
		</dict>
		<key>ECAA61A61C837473003D4E17</key>
		<dict>
			<key>fileRef</key>
			<string>ECAA61A51C837473003D4E17</string>
			<key>isa</key>
			<string>PBXBuildFile</string>
		</dict>
		<key>ECAA61A71C83B790003D4E17</key>
		<dict>
			<key>fileEncoding</key>
			<string>4</string>
			<key>isa</key>
			<string>PBXFileReference</string>
			<key>lastKnownFileType</key>
			<string>sourcecode.swift</string>
			<key>path</key>
			<string>VideoTest.swift</string>
			<key>sourceTree</key>
			<string>&lt;group&gt;</string>
		</dict>
		<key>ECAA61A81C83B790003D4E17</key>
		<dict>
			<key>fileRef</key>
			<string>ECAA61A71C83B790003D4E17</string>
			<key>isa</key>
			<string>PBXBuildFile</string>
		</dict>
		<key>ECAA61A91C83BA93003D4E17</key>
		<dict>
			<key>fileEncoding</key>
			<string>4</string>
			<key>isa</key>
			<string>PBXFileReference</string>
			<key>lastKnownFileType</key>
			<string>sourcecode.swift</string>
			<key>path</key>
			<string>Video.swift</string>
			<key>sourceTree</key>
			<string>&lt;group&gt;</string>
		</dict>
		<key>ECAA61AA1C83BA93003D4E17</key>
		<dict>
			<key>fileRef</key>
			<string>ECAA61A91C83BA93003D4E17</string>
			<key>isa</key>
			<string>PBXBuildFile</string>
		</dict>
		<key>ECAA61AB1C83BF24003D4E17</key>
		<dict>
			<key>fileEncoding</key>
			<string>4</string>
			<key>isa</key>
			<string>PBXFileReference</string>
			<key>lastKnownFileType</key>
			<string>sourcecode.swift</string>
			<key>path</key>
			<string>PodcastEpisode.swift</string>
			<key>sourceTree</key>
			<string>&lt;group&gt;</string>
		</dict>
		<key>ECAA61AC1C83BF24003D4E17</key>
		<dict>
			<key>fileRef</key>
			<string>ECAA61AB1C83BF24003D4E17</string>
			<key>isa</key>
			<string>PBXBuildFile</string>
		</dict>
		<key>ECAA61AD1C83BF58003D4E17</key>
		<dict>
			<key>fileEncoding</key>
			<string>4</string>
			<key>isa</key>
			<string>PBXFileReference</string>
			<key>lastKnownFileType</key>
			<string>sourcecode.swift</string>
			<key>path</key>
			<string>PodcastEpisodeTest.swift</string>
			<key>sourceTree</key>
			<string>&lt;group&gt;</string>
		</dict>
		<key>ECAA61AE1C83BF58003D4E17</key>
		<dict>
			<key>fileRef</key>
			<string>ECAA61AD1C83BF58003D4E17</string>
			<key>isa</key>
			<string>PBXBuildFile</string>
		</dict>
		<key>ECAA61AF1C84E1DA003D4E17</key>
		<dict>
			<key>fileEncoding</key>
			<string>4</string>
			<key>isa</key>
			<string>PBXFileReference</string>
			<key>lastKnownFileType</key>
			<string>sourcecode.swift</string>
			<key>path</key>
			<string>JsonModel.swift</string>
			<key>sourceTree</key>
			<string>&lt;group&gt;</string>
		</dict>
		<key>ECAA61B01C84E1DA003D4E17</key>
		<dict>
			<key>fileRef</key>
			<string>ECAA61AF1C84E1DA003D4E17</string>
			<key>isa</key>
			<string>PBXBuildFile</string>
		</dict>
		<key>ECAA61B11C84E687003D4E17</key>
		<dict>
			<key>fileEncoding</key>
			<string>4</string>
			<key>isa</key>
			<string>PBXFileReference</string>
			<key>lastKnownFileType</key>
			<string>sourcecode.swift</string>
			<key>path</key>
			<string>Organizer.swift</string>
			<key>sourceTree</key>
			<string>&lt;group&gt;</string>
		</dict>
		<key>ECAA61B21C84E687003D4E17</key>
		<dict>
			<key>fileRef</key>
			<string>ECAA61B11C84E687003D4E17</string>
			<key>isa</key>
			<string>PBXBuildFile</string>
		</dict>
		<key>ECAA61B31C84E6B0003D4E17</key>
		<dict>
			<key>fileEncoding</key>
			<string>4</string>
			<key>isa</key>
			<string>PBXFileReference</string>
			<key>lastKnownFileType</key>
			<string>sourcecode.swift</string>
			<key>path</key>
			<string>OrganizerTest.swift</string>
			<key>sourceTree</key>
			<string>&lt;group&gt;</string>
		</dict>
		<key>ECAA61B41C84E6B0003D4E17</key>
		<dict>
			<key>fileRef</key>
			<string>ECAA61B31C84E6B0003D4E17</string>
			<key>isa</key>
			<string>PBXBuildFile</string>
		</dict>
		<key>F9B7FF93E8B471405EB896FF</key>
		<dict>
			<key>explicitFileType</key>
			<string>wrapper.framework</string>
			<key>includeInIndex</key>
			<string>0</string>
			<key>isa</key>
			<string>PBXFileReference</string>
			<key>path</key>
			<string>Pods_CocoaHeadsApp.framework</string>
			<key>sourceTree</key>
			<string>BUILT_PRODUCTS_DIR</string>
		</dict>
		<key>FCA4BEE1CA988DC81F8EAEB2</key>
		<dict>
			<key>includeInIndex</key>
			<string>1</string>
			<key>isa</key>
			<string>PBXFileReference</string>
			<key>lastKnownFileType</key>
			<string>text.xcconfig</string>
			<key>name</key>
			<string>Pods-CocoaHeadsAppIntegrationTests.release.xcconfig</string>
			<key>path</key>
			<string>Pods/Target Support Files/Pods-CocoaHeadsAppIntegrationTests/Pods-CocoaHeadsAppIntegrationTests.release.xcconfig</string>
			<key>sourceTree</key>
			<string>&lt;group&gt;</string>
		</dict>
	</dict>
	<key>rootObject</key>
	<string>8CF97AEB1BE3C5E3009C5591</string>
</dict>
</plist>
