// !$*UTF8*$!
{
	archiveVersion = 1;
	classes = {
	};
	objectVersion = 46;
	objects = {

/* Begin PBXBuildFile section */
		15079B2E1BED72FC00E12A68 /* Dynamic.swift in Sources */ = {isa = PBXBuildFile; fileRef = 15079B2D1BED72FC00E12A68 /* Dynamic.swift */; };
		15079B321BED736100E12A68 /* NibDesignable.swift in Sources */ = {isa = PBXBuildFile; fileRef = 15079B311BED736100E12A68 /* NibDesignable.swift */; };
		15079B341BED739000E12A68 /* String+Extensions.swift in Sources */ = {isa = PBXBuildFile; fileRef = 15079B331BED739000E12A68 /* String+Extensions.swift */; };
		15079B361BED740800E12A68 /* MeetupListViewController.swift in Sources */ = {isa = PBXBuildFile; fileRef = 15079B351BED740800E12A68 /* MeetupListViewController.swift */; };
		15079B3A1BED745200E12A68 /* MeetupListView.swift in Sources */ = {isa = PBXBuildFile; fileRef = 15079B391BED745200E12A68 /* MeetupListView.swift */; };
		15079B3C1BED746C00E12A68 /* MeetupListViewModel.swift in Sources */ = {isa = PBXBuildFile; fileRef = 15079B3B1BED746C00E12A68 /* MeetupListViewModel.swift */; };
		15079B3E1BED748200E12A68 /* MeetupListView.xib in Resources */ = {isa = PBXBuildFile; fileRef = 15079B3D1BED748200E12A68 /* MeetupListView.xib */; };
		15079B4A1BED75FE00E12A68 /* VideosListViewController.swift in Sources */ = {isa = PBXBuildFile; fileRef = 15079B491BED75FE00E12A68 /* VideosListViewController.swift */; };
		15079B4C1BED760B00E12A68 /* VideosListView.swift in Sources */ = {isa = PBXBuildFile; fileRef = 15079B4B1BED760B00E12A68 /* VideosListView.swift */; };
		15079B4E1BED761400E12A68 /* VideosListViewModel.swift in Sources */ = {isa = PBXBuildFile; fileRef = 15079B4D1BED761400E12A68 /* VideosListViewModel.swift */; };
		15079B501BED761B00E12A68 /* VideosListView.xib in Resources */ = {isa = PBXBuildFile; fileRef = 15079B4F1BED761B00E12A68 /* VideosListView.xib */; };
		15079B521BED763700E12A68 /* SlideListViewController.swift in Sources */ = {isa = PBXBuildFile; fileRef = 15079B511BED763700E12A68 /* SlideListViewController.swift */; };
		15079B541BED764300E12A68 /* SlideListView.swift in Sources */ = {isa = PBXBuildFile; fileRef = 15079B531BED764300E12A68 /* SlideListView.swift */; };
		15079B561BED764B00E12A68 /* SlideListViewModel.swift in Sources */ = {isa = PBXBuildFile; fileRef = 15079B551BED764B00E12A68 /* SlideListViewModel.swift */; };
		15079B581BED765200E12A68 /* SlideListView.xib in Resources */ = {isa = PBXBuildFile; fileRef = 15079B571BED765200E12A68 /* SlideListView.xib */; };
		15079B5A1BED77B200E12A68 /* ViewModel.swift in Sources */ = {isa = PBXBuildFile; fileRef = 15079B591BED77B200E12A68 /* ViewModel.swift */; };
		15079B5C1BED77EC00E12A68 /* APIConsumer.swift in Sources */ = {isa = PBXBuildFile; fileRef = 15079B5B1BED77EC00E12A68 /* APIConsumer.swift */; };
		15079B5E1BED78BF00E12A68 /* ObjectParser.swift in Sources */ = {isa = PBXBuildFile; fileRef = 15079B5D1BED78BF00E12A68 /* ObjectParser.swift */; };
		15079B621BED791900E12A68 /* MeetupAPI.swift in Sources */ = {isa = PBXBuildFile; fileRef = 15079B611BED791900E12A68 /* MeetupAPI.swift */; };
		15079B641BED7D8E00E12A68 /* MeetupListResponse.swift in Sources */ = {isa = PBXBuildFile; fileRef = 15079B631BED7D8E00E12A68 /* MeetupListResponse.swift */; };
		15079B661BED7DC700E12A68 /* MeetupModel.swift in Sources */ = {isa = PBXBuildFile; fileRef = 15079B651BED7DC700E12A68 /* MeetupModel.swift */; };
		15079B681BED7F1200E12A68 /* Unbox+Extensions.swift in Sources */ = {isa = PBXBuildFile; fileRef = 15079B671BED7F1200E12A68 /* Unbox+Extensions.swift */; };
		15079B6C1BED7F5200E12A68 /* VenueModel.swift in Sources */ = {isa = PBXBuildFile; fileRef = 15079B6B1BED7F5200E12A68 /* VenueModel.swift */; };
		15079B6E1BED809E00E12A68 /* GroupModel.swift in Sources */ = {isa = PBXBuildFile; fileRef = 15079B6D1BED809E00E12A68 /* GroupModel.swift */; };
		15079B711BED8E5C00E12A68 /* MeetupListCollectionViewCell.swift in Sources */ = {isa = PBXBuildFile; fileRef = 15079B701BED8E5C00E12A68 /* MeetupListCollectionViewCell.swift */; };
		15079B731BED8E6400E12A68 /* MeetupListCollectionViewCell.xib in Resources */ = {isa = PBXBuildFile; fileRef = 15079B721BED8E6400E12A68 /* MeetupListCollectionViewCell.xib */; };
		15079B751BED8EE300E12A68 /* MeetupListCollectionDataSource.swift in Sources */ = {isa = PBXBuildFile; fileRef = 15079B741BED8EE300E12A68 /* MeetupListCollectionDataSource.swift */; };
		15079B791BED989300E12A68 /* MeetupListCollectionDelegate.swift in Sources */ = {isa = PBXBuildFile; fileRef = 15079B781BED989300E12A68 /* MeetupListCollectionDelegate.swift */; };
		154C46C91BFAA21B00A32D09 /* MapKit.framework in Frameworks */ = {isa = PBXBuildFile; fileRef = 154C46C81BFAA21B00A32D09 /* MapKit.framework */; };
		154C46CC1BFAA5EE00A32D09 /* GradientView.swift in Sources */ = {isa = PBXBuildFile; fileRef = 154C46CB1BFAA5EE00A32D09 /* GradientView.swift */; };
		15AF854914C2D58A9BE33E88 /* Pods-CocoaHeadsAppIntegrationTests-metadata.plist in Resources */ = {isa = PBXBuildFile; fileRef = 213F60C07FE87CEA3B24007C /* Pods-CocoaHeadsAppIntegrationTests-metadata.plist */; };
		1D463A341CC2E43500E72A00 /* Settings.bundle in Resources */ = {isa = PBXBuildFile; fileRef = 1D463A331CC2E43500E72A00 /* Settings.bundle */; };
		1D9AB6B81D0D02CC00483EF0 /* R.generated.swift in Sources */ = {isa = PBXBuildFile; fileRef = 1D9AB6B71D0D02CC00483EF0 /* R.generated.swift */; };
		1DC84E0C254388C15E7E5789 /* Pods_CocoaHeadsAppTests.framework in Frameworks */ = {isa = PBXBuildFile; fileRef = DCB4E1251B3DDE60D9C0C4F4 /* Pods_CocoaHeadsAppTests.framework */; };
		26909F4B81706CBC57364CDB /* Pods_CocoaHeadsAppIntegrationTests.framework in Frameworks */ = {isa = PBXBuildFile; fileRef = 3AE58A954998C83F2921FA02 /* Pods_CocoaHeadsAppIntegrationTests.framework */; };
		5DEF06532B061883351521C5 /* Pods-CocoaHeadsAppTests-metadata.plist in Resources */ = {isa = PBXBuildFile; fileRef = 9EC1495566C3B1BE6009AA51 /* Pods-CocoaHeadsAppTests-metadata.plist */; };
		7826679C30631174553FB243 /* Pods-CocoaHeadsAppUITests-metadata.plist in Resources */ = {isa = PBXBuildFile; fileRef = DB86A2AC8EFB12BE598B6879 /* Pods-CocoaHeadsAppUITests-metadata.plist */; };
		78AD0B611C877A7300999C17 /* Tempo.swift in Sources */ = {isa = PBXBuildFile; fileRef = 78AD0B5E1C877A7300999C17 /* Tempo.swift */; };
		78AD0B621C877A7300999C17 /* Tempo+Methods.swift in Sources */ = {isa = PBXBuildFile; fileRef = 78AD0B5F1C877A7300999C17 /* Tempo+Methods.swift */; };
		78AD0B631C877A7300999C17 /* TempoDateFormatter.swift in Sources */ = {isa = PBXBuildFile; fileRef = 78AD0B601C877A7300999C17 /* TempoDateFormatter.swift */; };
		7FBCB3ADCCA8880232B1DC65 /* Pods-settings-metadata.plist in Resources */ = {isa = PBXBuildFile; fileRef = 409E33248F669A5108645D89 /* Pods-settings-metadata.plist */; };
		82324C6D82DF5B0B01E4ED09 /* Pods-CocoaHeadsAppTests-settings-metadata.plist in Resources */ = {isa = PBXBuildFile; fileRef = BEB61AFA1235CF40887B58D0 /* Pods-CocoaHeadsAppTests-settings-metadata.plist */; };
		8CF97AF71BE3C5E3009C5591 /* AppDelegate.swift in Sources */ = {isa = PBXBuildFile; fileRef = 8CF97AF61BE3C5E3009C5591 /* AppDelegate.swift */; };
		8CF97AFE1BE3C5E3009C5591 /* Main.storyboard in Resources */ = {isa = PBXBuildFile; fileRef = 8CF97AFC1BE3C5E3009C5591 /* Main.storyboard */; };
		8CF97B001BE3C5E3009C5591 /* Assets.xcassets in Resources */ = {isa = PBXBuildFile; fileRef = 8CF97AFF1BE3C5E3009C5591 /* Assets.xcassets */; };
		8CF97B191BE3C5E4009C5591 /* CocoaHeadsAppUITests.swift in Sources */ = {isa = PBXBuildFile; fileRef = 8CF97B181BE3C5E4009C5591 /* CocoaHeadsAppUITests.swift */; };
		94AEE3E9C46678F8F61C9EE7 /* Pods-CocoaHeadsAppUITests-settings-metadata.plist in Resources */ = {isa = PBXBuildFile; fileRef = 0EEB2F40A40B6461212C6A09 /* Pods-CocoaHeadsAppUITests-settings-metadata.plist */; };
		97808B7B943C6EFC450B843B /* Pods-CocoaHeadsApp-settings-metadata.plist in Resources */ = {isa = PBXBuildFile; fileRef = 7A04FFA261C122EFDA56F58B /* Pods-CocoaHeadsApp-settings-metadata.plist */; };
		9AA4EB0960AB2E69ED30CDCC /* Pods_CocoaHeadsApp.framework in Frameworks */ = {isa = PBXBuildFile; fileRef = 5DBFB8BE2EEFA285D67F3BF1 /* Pods_CocoaHeadsApp.framework */; };
		9BB17B6DE02443C5BA712E9C /* Pods-CocoaHeadsAppIntegrationTests-settings-metadata.plist in Resources */ = {isa = PBXBuildFile; fileRef = 70EC66122C00849A485D7D76 /* Pods-CocoaHeadsAppIntegrationTests-settings-metadata.plist */; };
		AD99ADDF1C728C4B004BF12A /* MeetupAPITests.swift in Sources */ = {isa = PBXBuildFile; fileRef = AD99ADDE1C728C4B004BF12A /* MeetupAPITests.swift */; };
		AD99AE071C729783004BF12A /* APIConsumerTests.swift in Sources */ = {isa = PBXBuildFile; fileRef = AD99AE061C729783004BF12A /* APIConsumerTests.swift */; };
		AD99AE0A1C729B03004BF12A /* MeetupResponse.json in Resources */ = {isa = PBXBuildFile; fileRef = AD99AE091C729B03004BF12A /* MeetupResponse.json */; };
		AD99AE0C1C72A16E004BF12A /* MeetupErrorResponse.json in Resources */ = {isa = PBXBuildFile; fileRef = AD99AE0B1C72A16E004BF12A /* MeetupErrorResponse.json */; };
		AFDE52FE2A8AFE71C9BAF810 /* Pods_CocoaHeadsAppUITests.framework in Frameworks */ = {isa = PBXBuildFile; fileRef = 88DEFEB0766437894BC0F1B4 /* Pods_CocoaHeadsAppUITests.framework */; };
		BF5FFFFD859666A784C836BE /* Pods-CocoaHeadsApp-metadata.plist in Resources */ = {isa = PBXBuildFile; fileRef = D464AB5F994A00997E7B8508 /* Pods-CocoaHeadsApp-metadata.plist */; };
		EC0772FB1C78E87E00D4A763 /* EventTest.swift in Sources */ = {isa = PBXBuildFile; fileRef = EC0772FA1C78E87E00D4A763 /* EventTest.swift */; };
		EC0772FE1C78E8E000D4A763 /* event.json in Resources */ = {isa = PBXBuildFile; fileRef = EC0772FD1C78E8E000D4A763 /* event.json */; };
		EC0773001C78E96A00D4A763 /* chapter.json in Resources */ = {isa = PBXBuildFile; fileRef = EC0772FF1C78E96A00D4A763 /* chapter.json */; };
		EC0773021C78E9FA00D4A763 /* podcast_episode.json in Resources */ = {isa = PBXBuildFile; fileRef = EC0773011C78E9FA00D4A763 /* podcast_episode.json */; };
		EC0773041C78EA7100D4A763 /* video.json in Resources */ = {isa = PBXBuildFile; fileRef = EC0773031C78EA7100D4A763 /* video.json */; };
		EC21EAFB1C7C03A300C6937D /* Event.swift in Sources */ = {isa = PBXBuildFile; fileRef = EC21EAFA1C7C03A300C6937D /* Event.swift */; };
		EC21EAFD1C7C09AE00C6937D /* Chapter.swift in Sources */ = {isa = PBXBuildFile; fileRef = EC21EAFC1C7C09AE00C6937D /* Chapter.swift */; };
		EC21EAFF1C7C19ED00C6937D /* ModelTestUtils.swift in Sources */ = {isa = PBXBuildFile; fileRef = EC21EAFE1C7C19ED00C6937D /* ModelTestUtils.swift */; };
		EC3333FD1CFCCC4200E737E6 /* EventsListDataSource.swift in Sources */ = {isa = PBXBuildFile; fileRef = EC3333F51CFCCC4200E737E6 /* EventsListDataSource.swift */; };
		EC3333FE1CFCCC4200E737E6 /* EventsListDelegate.swift in Sources */ = {isa = PBXBuildFile; fileRef = EC3333F61CFCCC4200E737E6 /* EventsListDelegate.swift */; };
		EC3333FF1CFCCC4200E737E6 /* EventsListTableViewCell.swift in Sources */ = {isa = PBXBuildFile; fileRef = EC3333F71CFCCC4200E737E6 /* EventsListTableViewCell.swift */; };
		EC3334001CFCCC4200E737E6 /* EventsListTableViewCell.xib in Resources */ = {isa = PBXBuildFile; fileRef = EC3333F81CFCCC4200E737E6 /* EventsListTableViewCell.xib */; };
		EC3334011CFCCC4200E737E6 /* EventsListView.swift in Sources */ = {isa = PBXBuildFile; fileRef = EC3333F91CFCCC4200E737E6 /* EventsListView.swift */; };
		EC3334021CFCCC4200E737E6 /* EventsListViewController.swift in Sources */ = {isa = PBXBuildFile; fileRef = EC3333FA1CFCCC4200E737E6 /* EventsListViewController.swift */; };
		EC3334031CFCCC4200E737E6 /* EventsListViewModel.swift in Sources */ = {isa = PBXBuildFile; fileRef = EC3333FB1CFCCC4200E737E6 /* EventsListViewModel.swift */; };
		EC3334041CFCCC4200E737E6 /* UIColorExtensions.swift in Sources */ = {isa = PBXBuildFile; fileRef = EC3333FC1CFCCC4200E737E6 /* UIColorExtensions.swift */; };
		ECAA61A61C837473003D4E17 /* ChapterTest.swift in Sources */ = {isa = PBXBuildFile; fileRef = ECAA61A51C837473003D4E17 /* ChapterTest.swift */; };
		ECAA61A81C83B790003D4E17 /* VideoTest.swift in Sources */ = {isa = PBXBuildFile; fileRef = ECAA61A71C83B790003D4E17 /* VideoTest.swift */; };
		ECAA61AA1C83BA93003D4E17 /* Video.swift in Sources */ = {isa = PBXBuildFile; fileRef = ECAA61A91C83BA93003D4E17 /* Video.swift */; };
		ECAA61AC1C83BF24003D4E17 /* PodcastEpisode.swift in Sources */ = {isa = PBXBuildFile; fileRef = ECAA61AB1C83BF24003D4E17 /* PodcastEpisode.swift */; };
		ECAA61AE1C83BF58003D4E17 /* PodcastEpisodeTest.swift in Sources */ = {isa = PBXBuildFile; fileRef = ECAA61AD1C83BF58003D4E17 /* PodcastEpisodeTest.swift */; };
		ECAA61B01C84E1DA003D4E17 /* JsonModel.swift in Sources */ = {isa = PBXBuildFile; fileRef = ECAA61AF1C84E1DA003D4E17 /* JsonModel.swift */; };
		ECAA61B21C84E687003D4E17 /* Organizer.swift in Sources */ = {isa = PBXBuildFile; fileRef = ECAA61B11C84E687003D4E17 /* Organizer.swift */; };
		ECAA61B41C84E6B0003D4E17 /* OrganizerTest.swift in Sources */ = {isa = PBXBuildFile; fileRef = ECAA61B31C84E6B0003D4E17 /* OrganizerTest.swift */; };
/* End PBXBuildFile section */

/* Begin PBXContainerItemProxy section */
		8CF97B0A1BE3C5E3009C5591 /* PBXContainerItemProxy */ = {
			isa = PBXContainerItemProxy;
			containerPortal = 8CF97AEB1BE3C5E3009C5591 /* Project object */;
			proxyType = 1;
			remoteGlobalIDString = 8CF97AF21BE3C5E3009C5591;
			remoteInfo = CocoaHeadsApp;
		};
		8CF97B151BE3C5E4009C5591 /* PBXContainerItemProxy */ = {
			isa = PBXContainerItemProxy;
			containerPortal = 8CF97AEB1BE3C5E3009C5591 /* Project object */;
			proxyType = 1;
			remoteGlobalIDString = 8CF97AF21BE3C5E3009C5591;
			remoteInfo = CocoaHeadsApp;
		};
		AD99ADD91C728B45004BF12A /* PBXContainerItemProxy */ = {
			isa = PBXContainerItemProxy;
			containerPortal = 8CF97AEB1BE3C5E3009C5591 /* Project object */;
			proxyType = 1;
			remoteGlobalIDString = 8CF97AF21BE3C5E3009C5591;
			remoteInfo = CocoaHeadsApp;
		};
/* End PBXContainerItemProxy section */

/* Begin PBXFileReference section */
		0D9602D70C92CEB8BA4F7C11 /* Pods-CocoaHeadsAppTests.debug.xcconfig */ = {isa = PBXFileReference; includeInIndex = 1; lastKnownFileType = text.xcconfig; name = "Pods-CocoaHeadsAppTests.debug.xcconfig"; path = "Pods/Target Support Files/Pods-CocoaHeadsAppTests/Pods-CocoaHeadsAppTests.debug.xcconfig"; sourceTree = "<group>"; };
		0E5ED51DB6B80E07A23C129B /* Pods-CocoaHeadsAppIntegrationTests.debug.xcconfig */ = {isa = PBXFileReference; includeInIndex = 1; lastKnownFileType = text.xcconfig; name = "Pods-CocoaHeadsAppIntegrationTests.debug.xcconfig"; path = "Pods/Target Support Files/Pods-CocoaHeadsAppIntegrationTests/Pods-CocoaHeadsAppIntegrationTests.debug.xcconfig"; sourceTree = "<group>"; };
		0EEB2F40A40B6461212C6A09 /* Pods-CocoaHeadsAppUITests-settings-metadata.plist */ = {isa = PBXFileReference; includeInIndex = 1; lastKnownFileType = text.plist.xml; name = "Pods-CocoaHeadsAppUITests-settings-metadata.plist"; path = "CocoaHeadsApp/Settings.bundle/Pods-CocoaHeadsAppUITests-settings-metadata.plist"; sourceTree = "<group>"; };
		15079B2D1BED72FC00E12A68 /* Dynamic.swift */ = {isa = PBXFileReference; fileEncoding = 4; lastKnownFileType = sourcecode.swift; path = Dynamic.swift; sourceTree = "<group>"; };
		15079B311BED736100E12A68 /* NibDesignable.swift */ = {isa = PBXFileReference; fileEncoding = 4; lastKnownFileType = sourcecode.swift; path = NibDesignable.swift; sourceTree = "<group>"; };
		15079B331BED739000E12A68 /* String+Extensions.swift */ = {isa = PBXFileReference; fileEncoding = 4; lastKnownFileType = sourcecode.swift; path = "String+Extensions.swift"; sourceTree = "<group>"; };
		15079B351BED740800E12A68 /* MeetupListViewController.swift */ = {isa = PBXFileReference; fileEncoding = 4; lastKnownFileType = sourcecode.swift; path = MeetupListViewController.swift; sourceTree = "<group>"; };
		15079B391BED745200E12A68 /* MeetupListView.swift */ = {isa = PBXFileReference; fileEncoding = 4; lastKnownFileType = sourcecode.swift; path = MeetupListView.swift; sourceTree = "<group>"; };
		15079B3B1BED746C00E12A68 /* MeetupListViewModel.swift */ = {isa = PBXFileReference; fileEncoding = 4; lastKnownFileType = sourcecode.swift; path = MeetupListViewModel.swift; sourceTree = "<group>"; };
		15079B3D1BED748200E12A68 /* MeetupListView.xib */ = {isa = PBXFileReference; fileEncoding = 4; lastKnownFileType = file.xib; path = MeetupListView.xib; sourceTree = "<group>"; };
		15079B491BED75FE00E12A68 /* VideosListViewController.swift */ = {isa = PBXFileReference; fileEncoding = 4; lastKnownFileType = sourcecode.swift; path = VideosListViewController.swift; sourceTree = "<group>"; };
		15079B4B1BED760B00E12A68 /* VideosListView.swift */ = {isa = PBXFileReference; fileEncoding = 4; lastKnownFileType = sourcecode.swift; path = VideosListView.swift; sourceTree = "<group>"; };
		15079B4D1BED761400E12A68 /* VideosListViewModel.swift */ = {isa = PBXFileReference; fileEncoding = 4; lastKnownFileType = sourcecode.swift; path = VideosListViewModel.swift; sourceTree = "<group>"; };
		15079B4F1BED761B00E12A68 /* VideosListView.xib */ = {isa = PBXFileReference; fileEncoding = 4; lastKnownFileType = file.xib; path = VideosListView.xib; sourceTree = "<group>"; };
		15079B511BED763700E12A68 /* SlideListViewController.swift */ = {isa = PBXFileReference; fileEncoding = 4; lastKnownFileType = sourcecode.swift; path = SlideListViewController.swift; sourceTree = "<group>"; };
		15079B531BED764300E12A68 /* SlideListView.swift */ = {isa = PBXFileReference; fileEncoding = 4; lastKnownFileType = sourcecode.swift; path = SlideListView.swift; sourceTree = "<group>"; };
		15079B551BED764B00E12A68 /* SlideListViewModel.swift */ = {isa = PBXFileReference; fileEncoding = 4; lastKnownFileType = sourcecode.swift; path = SlideListViewModel.swift; sourceTree = "<group>"; };
		15079B571BED765200E12A68 /* SlideListView.xib */ = {isa = PBXFileReference; fileEncoding = 4; lastKnownFileType = file.xib; path = SlideListView.xib; sourceTree = "<group>"; };
		15079B591BED77B200E12A68 /* ViewModel.swift */ = {isa = PBXFileReference; fileEncoding = 4; lastKnownFileType = sourcecode.swift; path = ViewModel.swift; sourceTree = "<group>"; };
		15079B5B1BED77EC00E12A68 /* APIConsumer.swift */ = {isa = PBXFileReference; fileEncoding = 4; lastKnownFileType = sourcecode.swift; path = APIConsumer.swift; sourceTree = "<group>"; };
		15079B5D1BED78BF00E12A68 /* ObjectParser.swift */ = {isa = PBXFileReference; fileEncoding = 4; lastKnownFileType = sourcecode.swift; path = ObjectParser.swift; sourceTree = "<group>"; };
		15079B611BED791900E12A68 /* MeetupAPI.swift */ = {isa = PBXFileReference; fileEncoding = 4; lastKnownFileType = sourcecode.swift; path = MeetupAPI.swift; sourceTree = "<group>"; };
		15079B631BED7D8E00E12A68 /* MeetupListResponse.swift */ = {isa = PBXFileReference; fileEncoding = 4; lastKnownFileType = sourcecode.swift; path = MeetupListResponse.swift; sourceTree = "<group>"; };
		15079B651BED7DC700E12A68 /* MeetupModel.swift */ = {isa = PBXFileReference; fileEncoding = 4; lastKnownFileType = sourcecode.swift; path = MeetupModel.swift; sourceTree = "<group>"; };
		15079B671BED7F1200E12A68 /* Unbox+Extensions.swift */ = {isa = PBXFileReference; fileEncoding = 4; lastKnownFileType = sourcecode.swift; path = "Unbox+Extensions.swift"; sourceTree = "<group>"; };
		15079B6B1BED7F5200E12A68 /* VenueModel.swift */ = {isa = PBXFileReference; fileEncoding = 4; lastKnownFileType = sourcecode.swift; path = VenueModel.swift; sourceTree = "<group>"; };
		15079B6D1BED809E00E12A68 /* GroupModel.swift */ = {isa = PBXFileReference; fileEncoding = 4; lastKnownFileType = sourcecode.swift; path = GroupModel.swift; sourceTree = "<group>"; };
		15079B701BED8E5C00E12A68 /* MeetupListCollectionViewCell.swift */ = {isa = PBXFileReference; fileEncoding = 4; lastKnownFileType = sourcecode.swift; path = MeetupListCollectionViewCell.swift; sourceTree = "<group>"; };
		15079B721BED8E6400E12A68 /* MeetupListCollectionViewCell.xib */ = {isa = PBXFileReference; fileEncoding = 4; lastKnownFileType = file.xib; path = MeetupListCollectionViewCell.xib; sourceTree = "<group>"; };
		15079B741BED8EE300E12A68 /* MeetupListCollectionDataSource.swift */ = {isa = PBXFileReference; fileEncoding = 4; lastKnownFileType = sourcecode.swift; path = MeetupListCollectionDataSource.swift; sourceTree = "<group>"; };
		15079B781BED989300E12A68 /* MeetupListCollectionDelegate.swift */ = {isa = PBXFileReference; fileEncoding = 4; lastKnownFileType = sourcecode.swift; path = MeetupListCollectionDelegate.swift; sourceTree = "<group>"; };
		154C46C81BFAA21B00A32D09 /* MapKit.framework */ = {isa = PBXFileReference; lastKnownFileType = wrapper.framework; name = MapKit.framework; path = System/Library/Frameworks/MapKit.framework; sourceTree = SDKROOT; };
		154C46CB1BFAA5EE00A32D09 /* GradientView.swift */ = {isa = PBXFileReference; fileEncoding = 4; lastKnownFileType = sourcecode.swift; path = GradientView.swift; sourceTree = "<group>"; };
		1D463A331CC2E43500E72A00 /* Settings.bundle */ = {isa = PBXFileReference; lastKnownFileType = "wrapper.plug-in"; path = Settings.bundle; sourceTree = "<group>"; };
		1D9AB6B71D0D02CC00483EF0 /* R.generated.swift */ = {isa = PBXFileReference; fileEncoding = 4; lastKnownFileType = sourcecode.swift; path = R.generated.swift; sourceTree = "<group>"; };
		213F60C07FE87CEA3B24007C /* Pods-CocoaHeadsAppIntegrationTests-metadata.plist */ = {isa = PBXFileReference; includeInIndex = 1; lastKnownFileType = text.plist.xml; name = "Pods-CocoaHeadsAppIntegrationTests-metadata.plist"; path = "Pods/Pods-CocoaHeadsAppIntegrationTests-metadata.plist"; sourceTree = "<group>"; };
		3AE58A954998C83F2921FA02 /* Pods_CocoaHeadsAppIntegrationTests.framework */ = {isa = PBXFileReference; explicitFileType = wrapper.framework; includeInIndex = 0; path = Pods_CocoaHeadsAppIntegrationTests.framework; sourceTree = BUILT_PRODUCTS_DIR; };
		409E33248F669A5108645D89 /* Pods-settings-metadata.plist */ = {isa = PBXFileReference; includeInIndex = 1; lastKnownFileType = text.plist.xml; name = "Pods-settings-metadata.plist"; path = "CocoaHeadsApp/Settings.bundle/Pods-settings-metadata.plist"; sourceTree = "<group>"; };
		4444893C482EB230FB9AA250 /* Pods.framework */ = {isa = PBXFileReference; explicitFileType = wrapper.framework; includeInIndex = 0; path = Pods.framework; sourceTree = BUILT_PRODUCTS_DIR; };
		5DBFB8BE2EEFA285D67F3BF1 /* Pods_CocoaHeadsApp.framework */ = {isa = PBXFileReference; explicitFileType = wrapper.framework; includeInIndex = 0; path = Pods_CocoaHeadsApp.framework; sourceTree = BUILT_PRODUCTS_DIR; };
		70EC66122C00849A485D7D76 /* Pods-CocoaHeadsAppIntegrationTests-settings-metadata.plist */ = {isa = PBXFileReference; includeInIndex = 1; lastKnownFileType = text.plist.xml; name = "Pods-CocoaHeadsAppIntegrationTests-settings-metadata.plist"; path = "CocoaHeadsApp/Settings.bundle/Pods-CocoaHeadsAppIntegrationTests-settings-metadata.plist"; sourceTree = "<group>"; };
		78AD0B5E1C877A7300999C17 /* Tempo.swift */ = {isa = PBXFileReference; fileEncoding = 4; lastKnownFileType = sourcecode.swift; name = Tempo.swift; path = Legacy/Tempo.swift; sourceTree = "<group>"; };
		78AD0B5F1C877A7300999C17 /* Tempo+Methods.swift */ = {isa = PBXFileReference; fileEncoding = 4; lastKnownFileType = sourcecode.swift; name = "Tempo+Methods.swift"; path = "Legacy/Tempo+Methods.swift"; sourceTree = "<group>"; };
		78AD0B601C877A7300999C17 /* TempoDateFormatter.swift */ = {isa = PBXFileReference; fileEncoding = 4; lastKnownFileType = sourcecode.swift; name = TempoDateFormatter.swift; path = Legacy/TempoDateFormatter.swift; sourceTree = "<group>"; };
		7A04FFA261C122EFDA56F58B /* Pods-CocoaHeadsApp-settings-metadata.plist */ = {isa = PBXFileReference; includeInIndex = 1; lastKnownFileType = text.plist.xml; name = "Pods-CocoaHeadsApp-settings-metadata.plist"; path = "CocoaHeadsApp/Settings.bundle/Pods-CocoaHeadsApp-settings-metadata.plist"; sourceTree = "<group>"; };
		7E7D0EF9081372BDE58F2258 /* Pods-CocoaHeadsAppIntegrationTests.release.xcconfig */ = {isa = PBXFileReference; includeInIndex = 1; lastKnownFileType = text.xcconfig; name = "Pods-CocoaHeadsAppIntegrationTests.release.xcconfig"; path = "Pods/Target Support Files/Pods-CocoaHeadsAppIntegrationTests/Pods-CocoaHeadsAppIntegrationTests.release.xcconfig"; sourceTree = "<group>"; };
		88DEFEB0766437894BC0F1B4 /* Pods_CocoaHeadsAppUITests.framework */ = {isa = PBXFileReference; explicitFileType = wrapper.framework; includeInIndex = 0; path = Pods_CocoaHeadsAppUITests.framework; sourceTree = BUILT_PRODUCTS_DIR; };
		8CF97AF31BE3C5E3009C5591 /* CocoaHeadsApp.app */ = {isa = PBXFileReference; explicitFileType = wrapper.application; includeInIndex = 0; path = CocoaHeadsApp.app; sourceTree = BUILT_PRODUCTS_DIR; };
		8CF97AF61BE3C5E3009C5591 /* AppDelegate.swift */ = {isa = PBXFileReference; lastKnownFileType = sourcecode.swift; path = AppDelegate.swift; sourceTree = "<group>"; };
		8CF97AFD1BE3C5E3009C5591 /* Base */ = {isa = PBXFileReference; lastKnownFileType = file.storyboard; name = Base; path = Base.lproj/Main.storyboard; sourceTree = "<group>"; };
		8CF97AFF1BE3C5E3009C5591 /* Assets.xcassets */ = {isa = PBXFileReference; lastKnownFileType = folder.assetcatalog; path = Assets.xcassets; sourceTree = "<group>"; };
		8CF97B041BE3C5E3009C5591 /* Info.plist */ = {isa = PBXFileReference; lastKnownFileType = text.plist.xml; path = Info.plist; sourceTree = "<group>"; };
		8CF97B091BE3C5E3009C5591 /* CocoaHeadsAppTests.xctest */ = {isa = PBXFileReference; explicitFileType = wrapper.cfbundle; includeInIndex = 0; path = CocoaHeadsAppTests.xctest; sourceTree = BUILT_PRODUCTS_DIR; };
		8CF97B0F1BE3C5E3009C5591 /* Info.plist */ = {isa = PBXFileReference; lastKnownFileType = text.plist.xml; path = Info.plist; sourceTree = "<group>"; };
		8CF97B141BE3C5E4009C5591 /* CocoaHeadsAppUITests.xctest */ = {isa = PBXFileReference; explicitFileType = wrapper.cfbundle; includeInIndex = 0; path = CocoaHeadsAppUITests.xctest; sourceTree = BUILT_PRODUCTS_DIR; };
		8CF97B181BE3C5E4009C5591 /* CocoaHeadsAppUITests.swift */ = {isa = PBXFileReference; lastKnownFileType = sourcecode.swift; path = CocoaHeadsAppUITests.swift; sourceTree = "<group>"; };
		8CF97B1A1BE3C5E4009C5591 /* Info.plist */ = {isa = PBXFileReference; lastKnownFileType = text.plist.xml; path = Info.plist; sourceTree = "<group>"; };
		98A588AAA48423B7A4881E6E /* Pods-CocoaHeadsAppUITests.release.xcconfig */ = {isa = PBXFileReference; includeInIndex = 1; lastKnownFileType = text.xcconfig; name = "Pods-CocoaHeadsAppUITests.release.xcconfig"; path = "Pods/Target Support Files/Pods-CocoaHeadsAppUITests/Pods-CocoaHeadsAppUITests.release.xcconfig"; sourceTree = "<group>"; };
		9EC1495566C3B1BE6009AA51 /* Pods-CocoaHeadsAppTests-metadata.plist */ = {isa = PBXFileReference; includeInIndex = 1; lastKnownFileType = text.plist.xml; name = "Pods-CocoaHeadsAppTests-metadata.plist"; path = "Pods/Pods-CocoaHeadsAppTests-metadata.plist"; sourceTree = "<group>"; };
		AD99ADD41C728B45004BF12A /* CocoaHeadsAppIntegrationTests.xctest */ = {isa = PBXFileReference; explicitFileType = wrapper.cfbundle; includeInIndex = 0; path = CocoaHeadsAppIntegrationTests.xctest; sourceTree = BUILT_PRODUCTS_DIR; };
		AD99ADD81C728B45004BF12A /* Info.plist */ = {isa = PBXFileReference; lastKnownFileType = text.plist.xml; path = Info.plist; sourceTree = "<group>"; };
		AD99ADDE1C728C4B004BF12A /* MeetupAPITests.swift */ = {isa = PBXFileReference; fileEncoding = 4; lastKnownFileType = sourcecode.swift; path = MeetupAPITests.swift; sourceTree = "<group>"; };
		AD99AE061C729783004BF12A /* APIConsumerTests.swift */ = {isa = PBXFileReference; fileEncoding = 4; lastKnownFileType = sourcecode.swift; path = APIConsumerTests.swift; sourceTree = "<group>"; };
		AD99AE091C729B03004BF12A /* MeetupResponse.json */ = {isa = PBXFileReference; fileEncoding = 4; lastKnownFileType = text.json; name = MeetupResponse.json; path = "API Response/MeetupResponse.json"; sourceTree = "<group>"; };
		AD99AE0B1C72A16E004BF12A /* MeetupErrorResponse.json */ = {isa = PBXFileReference; fileEncoding = 4; lastKnownFileType = text.json; name = MeetupErrorResponse.json; path = "API Response/MeetupErrorResponse.json"; sourceTree = "<group>"; };
		BAB26581B51C029B80742FA6 /* Pods-CocoaHeadsAppTests.release.xcconfig */ = {isa = PBXFileReference; includeInIndex = 1; lastKnownFileType = text.xcconfig; name = "Pods-CocoaHeadsAppTests.release.xcconfig"; path = "Pods/Target Support Files/Pods-CocoaHeadsAppTests/Pods-CocoaHeadsAppTests.release.xcconfig"; sourceTree = "<group>"; };
		BCB3F3A893AC8FCEAFF48F88 /* Pods-CocoaHeadsAppUITests.debug.xcconfig */ = {isa = PBXFileReference; includeInIndex = 1; lastKnownFileType = text.xcconfig; name = "Pods-CocoaHeadsAppUITests.debug.xcconfig"; path = "Pods/Target Support Files/Pods-CocoaHeadsAppUITests/Pods-CocoaHeadsAppUITests.debug.xcconfig"; sourceTree = "<group>"; };
		BEB61AFA1235CF40887B58D0 /* Pods-CocoaHeadsAppTests-settings-metadata.plist */ = {isa = PBXFileReference; includeInIndex = 1; lastKnownFileType = text.plist.xml; name = "Pods-CocoaHeadsAppTests-settings-metadata.plist"; path = "CocoaHeadsApp/Settings.bundle/Pods-CocoaHeadsAppTests-settings-metadata.plist"; sourceTree = "<group>"; };
		CFC35D02FEBAFF7532D3C8A3 /* Pods-CocoaHeadsApp.release.xcconfig */ = {isa = PBXFileReference; includeInIndex = 1; lastKnownFileType = text.xcconfig; name = "Pods-CocoaHeadsApp.release.xcconfig"; path = "Pods/Target Support Files/Pods-CocoaHeadsApp/Pods-CocoaHeadsApp.release.xcconfig"; sourceTree = "<group>"; };
		D464AB5F994A00997E7B8508 /* Pods-CocoaHeadsApp-metadata.plist */ = {isa = PBXFileReference; includeInIndex = 1; lastKnownFileType = text.plist.xml; name = "Pods-CocoaHeadsApp-metadata.plist"; path = "Pods/Pods-CocoaHeadsApp-metadata.plist"; sourceTree = "<group>"; };
		DB86A2AC8EFB12BE598B6879 /* Pods-CocoaHeadsAppUITests-metadata.plist */ = {isa = PBXFileReference; includeInIndex = 1; lastKnownFileType = text.plist.xml; name = "Pods-CocoaHeadsAppUITests-metadata.plist"; path = "Pods/Pods-CocoaHeadsAppUITests-metadata.plist"; sourceTree = "<group>"; };
		DCB4E1251B3DDE60D9C0C4F4 /* Pods_CocoaHeadsAppTests.framework */ = {isa = PBXFileReference; explicitFileType = wrapper.framework; includeInIndex = 0; path = Pods_CocoaHeadsAppTests.framework; sourceTree = BUILT_PRODUCTS_DIR; };
		EC0772FA1C78E87E00D4A763 /* EventTest.swift */ = {isa = PBXFileReference; fileEncoding = 4; lastKnownFileType = sourcecode.swift; path = EventTest.swift; sourceTree = "<group>"; };
		EC0772FD1C78E8E000D4A763 /* event.json */ = {isa = PBXFileReference; fileEncoding = 4; lastKnownFileType = text.json; path = event.json; sourceTree = "<group>"; };
		EC0772FF1C78E96A00D4A763 /* chapter.json */ = {isa = PBXFileReference; fileEncoding = 4; lastKnownFileType = text.json; path = chapter.json; sourceTree = "<group>"; };
		EC0773011C78E9FA00D4A763 /* podcast_episode.json */ = {isa = PBXFileReference; fileEncoding = 4; lastKnownFileType = text.json; path = podcast_episode.json; sourceTree = "<group>"; };
		EC0773031C78EA7100D4A763 /* video.json */ = {isa = PBXFileReference; fileEncoding = 4; lastKnownFileType = text.json; path = video.json; sourceTree = "<group>"; };
		EC21EAFA1C7C03A300C6937D /* Event.swift */ = {isa = PBXFileReference; fileEncoding = 4; lastKnownFileType = sourcecode.swift; path = Event.swift; sourceTree = "<group>"; };
		EC21EAFC1C7C09AE00C6937D /* Chapter.swift */ = {isa = PBXFileReference; fileEncoding = 4; lastKnownFileType = sourcecode.swift; path = Chapter.swift; sourceTree = "<group>"; };
		EC21EAFE1C7C19ED00C6937D /* ModelTestUtils.swift */ = {isa = PBXFileReference; fileEncoding = 4; lastKnownFileType = sourcecode.swift; path = ModelTestUtils.swift; sourceTree = "<group>"; };
		EC3333F51CFCCC4200E737E6 /* EventsListDataSource.swift */ = {isa = PBXFileReference; fileEncoding = 4; lastKnownFileType = sourcecode.swift; path = EventsListDataSource.swift; sourceTree = "<group>"; };
		EC3333F61CFCCC4200E737E6 /* EventsListDelegate.swift */ = {isa = PBXFileReference; fileEncoding = 4; lastKnownFileType = sourcecode.swift; path = EventsListDelegate.swift; sourceTree = "<group>"; };
		EC3333F71CFCCC4200E737E6 /* EventsListTableViewCell.swift */ = {isa = PBXFileReference; fileEncoding = 4; lastKnownFileType = sourcecode.swift; path = EventsListTableViewCell.swift; sourceTree = "<group>"; };
		EC3333F81CFCCC4200E737E6 /* EventsListTableViewCell.xib */ = {isa = PBXFileReference; fileEncoding = 4; lastKnownFileType = file.xib; path = EventsListTableViewCell.xib; sourceTree = "<group>"; };
		EC3333F91CFCCC4200E737E6 /* EventsListView.swift */ = {isa = PBXFileReference; fileEncoding = 4; lastKnownFileType = sourcecode.swift; path = EventsListView.swift; sourceTree = "<group>"; };
		EC3333FA1CFCCC4200E737E6 /* EventsListViewController.swift */ = {isa = PBXFileReference; fileEncoding = 4; lastKnownFileType = sourcecode.swift; path = EventsListViewController.swift; sourceTree = "<group>"; };
		EC3333FB1CFCCC4200E737E6 /* EventsListViewModel.swift */ = {isa = PBXFileReference; fileEncoding = 4; lastKnownFileType = sourcecode.swift; path = EventsListViewModel.swift; sourceTree = "<group>"; };
		EC3333FC1CFCCC4200E737E6 /* UIColorExtensions.swift */ = {isa = PBXFileReference; fileEncoding = 4; lastKnownFileType = sourcecode.swift; path = UIColorExtensions.swift; sourceTree = "<group>"; };
		ECAA61A51C837473003D4E17 /* ChapterTest.swift */ = {isa = PBXFileReference; fileEncoding = 4; lastKnownFileType = sourcecode.swift; path = ChapterTest.swift; sourceTree = "<group>"; };
		ECAA61A71C83B790003D4E17 /* VideoTest.swift */ = {isa = PBXFileReference; fileEncoding = 4; lastKnownFileType = sourcecode.swift; path = VideoTest.swift; sourceTree = "<group>"; };
		ECAA61A91C83BA93003D4E17 /* Video.swift */ = {isa = PBXFileReference; fileEncoding = 4; lastKnownFileType = sourcecode.swift; path = Video.swift; sourceTree = "<group>"; };
		ECAA61AB1C83BF24003D4E17 /* PodcastEpisode.swift */ = {isa = PBXFileReference; fileEncoding = 4; lastKnownFileType = sourcecode.swift; path = PodcastEpisode.swift; sourceTree = "<group>"; };
		ECAA61AD1C83BF58003D4E17 /* PodcastEpisodeTest.swift */ = {isa = PBXFileReference; fileEncoding = 4; lastKnownFileType = sourcecode.swift; path = PodcastEpisodeTest.swift; sourceTree = "<group>"; };
		ECAA61AF1C84E1DA003D4E17 /* JsonModel.swift */ = {isa = PBXFileReference; fileEncoding = 4; lastKnownFileType = sourcecode.swift; path = JsonModel.swift; sourceTree = "<group>"; };
		ECAA61B11C84E687003D4E17 /* Organizer.swift */ = {isa = PBXFileReference; fileEncoding = 4; lastKnownFileType = sourcecode.swift; path = Organizer.swift; sourceTree = "<group>"; };
		ECAA61B31C84E6B0003D4E17 /* OrganizerTest.swift */ = {isa = PBXFileReference; fileEncoding = 4; lastKnownFileType = sourcecode.swift; path = OrganizerTest.swift; sourceTree = "<group>"; };
		FB1F155822633FD14C865234 /* Pods-CocoaHeadsApp.debug.xcconfig */ = {isa = PBXFileReference; includeInIndex = 1; lastKnownFileType = text.xcconfig; name = "Pods-CocoaHeadsApp.debug.xcconfig"; path = "Pods/Target Support Files/Pods-CocoaHeadsApp/Pods-CocoaHeadsApp.debug.xcconfig"; sourceTree = "<group>"; };
/* End PBXFileReference section */

/* Begin PBXFrameworksBuildPhase section */
		8CF97AF01BE3C5E3009C5591 /* Frameworks */ = {
			isa = PBXFrameworksBuildPhase;
			buildActionMask = 2147483647;
			files = (
				154C46C91BFAA21B00A32D09 /* MapKit.framework in Frameworks */,
				9AA4EB0960AB2E69ED30CDCC /* Pods_CocoaHeadsApp.framework in Frameworks */,
			);
			runOnlyForDeploymentPostprocessing = 0;
		};
		8CF97B061BE3C5E3009C5591 /* Frameworks */ = {
			isa = PBXFrameworksBuildPhase;
			buildActionMask = 2147483647;
			files = (
				1DC84E0C254388C15E7E5789 /* Pods_CocoaHeadsAppTests.framework in Frameworks */,
			);
			runOnlyForDeploymentPostprocessing = 0;
		};
		8CF97B111BE3C5E4009C5591 /* Frameworks */ = {
			isa = PBXFrameworksBuildPhase;
			buildActionMask = 2147483647;
			files = (
				AFDE52FE2A8AFE71C9BAF810 /* Pods_CocoaHeadsAppUITests.framework in Frameworks */,
			);
			runOnlyForDeploymentPostprocessing = 0;
		};
		AD99ADD11C728B45004BF12A /* Frameworks */ = {
			isa = PBXFrameworksBuildPhase;
			buildActionMask = 2147483647;
			files = (
				26909F4B81706CBC57364CDB /* Pods_CocoaHeadsAppIntegrationTests.framework in Frameworks */,
			);
			runOnlyForDeploymentPostprocessing = 0;
		};
/* End PBXFrameworksBuildPhase section */

/* Begin PBXGroup section */
		15079B241BED728200E12A68 /* Classes */ = {
			isa = PBXGroup;
			children = (
				78AD0B5D1C877A6A00999C17 /* Legacy */,
				15079B5F1BED790A00E12A68 /* Model */,
				15079B601BED790A00E12A68 /* Network */,
				15079B251BED728200E12A68 /* App */,
				15079B261BED728200E12A68 /* Core */,
				15079B271BED728200E12A68 /* Extensions */,
				15079B281BED728200E12A68 /* Modules */,
			);
			path = Classes;
			sourceTree = "<group>";
		};
		15079B251BED728200E12A68 /* App */ = {
			isa = PBXGroup;
			children = (
				154C46CA1BFAA5E500A32D09 /* Views */,
			);
			path = App;
			sourceTree = "<group>";
		};
		15079B261BED728200E12A68 /* Core */ = {
			isa = PBXGroup;
			children = (
				15079B2D1BED72FC00E12A68 /* Dynamic.swift */,
				15079B311BED736100E12A68 /* NibDesignable.swift */,
				15079B591BED77B200E12A68 /* ViewModel.swift */,
				15079B5B1BED77EC00E12A68 /* APIConsumer.swift */,
				15079B5D1BED78BF00E12A68 /* ObjectParser.swift */,
			);
			path = Core;
			sourceTree = "<group>";
		};
		15079B271BED728200E12A68 /* Extensions */ = {
			isa = PBXGroup;
			children = (
				15079B331BED739000E12A68 /* String+Extensions.swift */,
				15079B671BED7F1200E12A68 /* Unbox+Extensions.swift */,
			);
			path = Extensions;
			sourceTree = "<group>";
		};
		15079B281BED728200E12A68 /* Modules */ = {
			isa = PBXGroup;
			children = (
				15079B291BED728200E12A68 /* Meetup */,
				15079B2A1BED728200E12A68 /* Slides */,
				15079B2B1BED728200E12A68 /* Videos */,
			);
			path = Modules;
			sourceTree = "<group>";
		};
		15079B291BED728200E12A68 /* Meetup */ = {
			isa = PBXGroup;
			children = (
				15079B6F1BED8E3A00E12A68 /* CollectionViewCell */,
				15079B351BED740800E12A68 /* MeetupListViewController.swift */,
				15079B391BED745200E12A68 /* MeetupListView.swift */,
				15079B3B1BED746C00E12A68 /* MeetupListViewModel.swift */,
				15079B3D1BED748200E12A68 /* MeetupListView.xib */,
				15079B741BED8EE300E12A68 /* MeetupListCollectionDataSource.swift */,
				15079B781BED989300E12A68 /* MeetupListCollectionDelegate.swift */,
			);
			path = Meetup;
			sourceTree = "<group>";
		};
		15079B2A1BED728200E12A68 /* Slides */ = {
			isa = PBXGroup;
			children = (
				15079B511BED763700E12A68 /* SlideListViewController.swift */,
				15079B531BED764300E12A68 /* SlideListView.swift */,
				15079B551BED764B00E12A68 /* SlideListViewModel.swift */,
				15079B571BED765200E12A68 /* SlideListView.xib */,
			);
			path = Slides;
			sourceTree = "<group>";
		};
		15079B2B1BED728200E12A68 /* Videos */ = {
			isa = PBXGroup;
			children = (
				15079B491BED75FE00E12A68 /* VideosListViewController.swift */,
				15079B4B1BED760B00E12A68 /* VideosListView.swift */,
				15079B4D1BED761400E12A68 /* VideosListViewModel.swift */,
				15079B4F1BED761B00E12A68 /* VideosListView.xib */,
			);
			path = Videos;
			sourceTree = "<group>";
		};
		15079B5F1BED790A00E12A68 /* Model */ = {
			isa = PBXGroup;
			children = (
				15079B631BED7D8E00E12A68 /* MeetupListResponse.swift */,
				15079B651BED7DC700E12A68 /* MeetupModel.swift */,
				15079B6B1BED7F5200E12A68 /* VenueModel.swift */,
				15079B6D1BED809E00E12A68 /* GroupModel.swift */,
				EC21EAFA1C7C03A300C6937D /* Event.swift */,
				EC21EAFC1C7C09AE00C6937D /* Chapter.swift */,
				ECAA61A91C83BA93003D4E17 /* Video.swift */,
				ECAA61AB1C83BF24003D4E17 /* PodcastEpisode.swift */,
				ECAA61AF1C84E1DA003D4E17 /* JsonModel.swift */,
				ECAA61B11C84E687003D4E17 /* Organizer.swift */,
			);
			path = Model;
			sourceTree = "<group>";
		};
		15079B601BED790A00E12A68 /* Network */ = {
			isa = PBXGroup;
			children = (
				15079B611BED791900E12A68 /* MeetupAPI.swift */,
			);
			path = Network;
			sourceTree = "<group>";
		};
		15079B6F1BED8E3A00E12A68 /* CollectionViewCell */ = {
			isa = PBXGroup;
			children = (
				15079B701BED8E5C00E12A68 /* MeetupListCollectionViewCell.swift */,
				15079B721BED8E6400E12A68 /* MeetupListCollectionViewCell.xib */,
			);
			name = CollectionViewCell;
			sourceTree = "<group>";
		};
		154C46CA1BFAA5E500A32D09 /* Views */ = {
			isa = PBXGroup;
			children = (
				154C46CB1BFAA5EE00A32D09 /* GradientView.swift */,
			);
			path = Views;
			sourceTree = "<group>";
		};
		19FE75BA9984A2F4AB4F5493 /* Frameworks */ = {
			isa = PBXGroup;
			children = (
				154C46C81BFAA21B00A32D09 /* MapKit.framework */,
				4444893C482EB230FB9AA250 /* Pods.framework */,
				3AE58A954998C83F2921FA02 /* Pods_CocoaHeadsAppIntegrationTests.framework */,
				DCB4E1251B3DDE60D9C0C4F4 /* Pods_CocoaHeadsAppTests.framework */,
				88DEFEB0766437894BC0F1B4 /* Pods_CocoaHeadsAppUITests.framework */,
				5DBFB8BE2EEFA285D67F3BF1 /* Pods_CocoaHeadsApp.framework */,
			);
			name = Frameworks;
			sourceTree = "<group>";
		};
		1D463A2E1CC2E37D00E72A00 /* Settings */ = {
			isa = PBXGroup;
			children = (
				1D463A331CC2E43500E72A00 /* Settings.bundle */,
			);
			name = Settings;
			sourceTree = "<group>";
		};
		39070EA067BD58A867EBC51D /* Pods */ = {
			isa = PBXGroup;
			children = (
				9EC1495566C3B1BE6009AA51 /* Pods-CocoaHeadsAppTests-metadata.plist */,
				213F60C07FE87CEA3B24007C /* Pods-CocoaHeadsAppIntegrationTests-metadata.plist */,
				DB86A2AC8EFB12BE598B6879 /* Pods-CocoaHeadsAppUITests-metadata.plist */,
				409E33248F669A5108645D89 /* Pods-settings-metadata.plist */,
				BEB61AFA1235CF40887B58D0 /* Pods-CocoaHeadsAppTests-settings-metadata.plist */,
				70EC66122C00849A485D7D76 /* Pods-CocoaHeadsAppIntegrationTests-settings-metadata.plist */,
				0EEB2F40A40B6461212C6A09 /* Pods-CocoaHeadsAppUITests-settings-metadata.plist */,
				0E5ED51DB6B80E07A23C129B /* Pods-CocoaHeadsAppIntegrationTests.debug.xcconfig */,
				7E7D0EF9081372BDE58F2258 /* Pods-CocoaHeadsAppIntegrationTests.release.xcconfig */,
				0D9602D70C92CEB8BA4F7C11 /* Pods-CocoaHeadsAppTests.debug.xcconfig */,
				BAB26581B51C029B80742FA6 /* Pods-CocoaHeadsAppTests.release.xcconfig */,
				BCB3F3A893AC8FCEAFF48F88 /* Pods-CocoaHeadsAppUITests.debug.xcconfig */,
				98A588AAA48423B7A4881E6E /* Pods-CocoaHeadsAppUITests.release.xcconfig */,
				FB1F155822633FD14C865234 /* Pods-CocoaHeadsApp.debug.xcconfig */,
				CFC35D02FEBAFF7532D3C8A3 /* Pods-CocoaHeadsApp.release.xcconfig */,
				D464AB5F994A00997E7B8508 /* Pods-CocoaHeadsApp-metadata.plist */,
				7A04FFA261C122EFDA56F58B /* Pods-CocoaHeadsApp-settings-metadata.plist */,
			);
			name = Pods;
			sourceTree = "<group>";
		};
		78AD0B5D1C877A6A00999C17 /* Legacy */ = {
			isa = PBXGroup;
			children = (
				78AD0B5E1C877A7300999C17 /* Tempo.swift */,
				78AD0B5F1C877A7300999C17 /* Tempo+Methods.swift */,
				78AD0B601C877A7300999C17 /* TempoDateFormatter.swift */,
			);
			name = Legacy;
			sourceTree = "<group>";
		};
		8CF97AEA1BE3C5E3009C5591 = {
			isa = PBXGroup;
			children = (
				8CF97AF51BE3C5E3009C5591 /* CocoaHeadsApp */,
				8CF97B0C1BE3C5E3009C5591 /* CocoaHeadsAppTests */,
				8CF97B171BE3C5E4009C5591 /* CocoaHeadsAppUITests */,
				AD99ADD51C728B45004BF12A /* CocoaHeadsAppIntegrationTests */,
				8CF97AF41BE3C5E3009C5591 /* Products */,
				39070EA067BD58A867EBC51D /* Pods */,
				19FE75BA9984A2F4AB4F5493 /* Frameworks */,
			);
			sourceTree = "<group>";
		};
		8CF97AF41BE3C5E3009C5591 /* Products */ = {
			isa = PBXGroup;
			children = (
				8CF97AF31BE3C5E3009C5591 /* CocoaHeadsApp.app */,
				8CF97B091BE3C5E3009C5591 /* CocoaHeadsAppTests.xctest */,
				8CF97B141BE3C5E4009C5591 /* CocoaHeadsAppUITests.xctest */,
				AD99ADD41C728B45004BF12A /* CocoaHeadsAppIntegrationTests.xctest */,
			);
			name = Products;
			sourceTree = "<group>";
		};
		8CF97AF51BE3C5E3009C5591 /* CocoaHeadsApp */ = {
			isa = PBXGroup;
			children = (
				1D9AB6B71D0D02CC00483EF0 /* R.generated.swift */,
				1D463A2E1CC2E37D00E72A00 /* Settings */,
				15079B241BED728200E12A68 /* Classes */,
				8CF97AF61BE3C5E3009C5591 /* AppDelegate.swift */,
				EC3333F51CFCCC4200E737E6 /* EventsListDataSource.swift */,
				EC3333F61CFCCC4200E737E6 /* EventsListDelegate.swift */,
				EC3333F71CFCCC4200E737E6 /* EventsListTableViewCell.swift */,
				EC3333F81CFCCC4200E737E6 /* EventsListTableViewCell.xib */,
				EC3333F91CFCCC4200E737E6 /* EventsListView.swift */,
				EC3333FA1CFCCC4200E737E6 /* EventsListViewController.swift */,
				EC3333FB1CFCCC4200E737E6 /* EventsListViewModel.swift */,
				EC3333FC1CFCCC4200E737E6 /* UIColorExtensions.swift */,
				8CF97AFC1BE3C5E3009C5591 /* Main.storyboard */,
				8CF97AFF1BE3C5E3009C5591 /* Assets.xcassets */,
				8CF97B041BE3C5E3009C5591 /* Info.plist */,
			);
			path = CocoaHeadsApp;
			sourceTree = "<group>";
		};
		8CF97B0C1BE3C5E3009C5591 /* CocoaHeadsAppTests */ = {
			isa = PBXGroup;
			children = (
				8CF97B0F1BE3C5E3009C5591 /* Info.plist */,
				AD99ADDE1C728C4B004BF12A /* MeetupAPITests.swift */,
				EC0772F91C78E84600D4A763 /* Models */,
			);
			path = CocoaHeadsAppTests;
			sourceTree = "<group>";
		};
		8CF97B171BE3C5E4009C5591 /* CocoaHeadsAppUITests */ = {
			isa = PBXGroup;
			children = (
				8CF97B181BE3C5E4009C5591 /* CocoaHeadsAppUITests.swift */,
				8CF97B1A1BE3C5E4009C5591 /* Info.plist */,
			);
			path = CocoaHeadsAppUITests;
			sourceTree = "<group>";
		};
		AD99ADD51C728B45004BF12A /* CocoaHeadsAppIntegrationTests */ = {
			isa = PBXGroup;
			children = (
				AD99AE081C729AD6004BF12A /* API Response */,
				AD99ADD81C728B45004BF12A /* Info.plist */,
				AD99AE061C729783004BF12A /* APIConsumerTests.swift */,
			);
			path = CocoaHeadsAppIntegrationTests;
			sourceTree = "<group>";
		};
		AD99AE081C729AD6004BF12A /* API Response */ = {
			isa = PBXGroup;
			children = (
				AD99AE091C729B03004BF12A /* MeetupResponse.json */,
				AD99AE0B1C72A16E004BF12A /* MeetupErrorResponse.json */,
			);
			name = "API Response";
			sourceTree = "<group>";
		};
		EC0772F91C78E84600D4A763 /* Models */ = {
			isa = PBXGroup;
			children = (
				EC0772FC1C78E8C300D4A763 /* Fixtures */,
				EC0772FA1C78E87E00D4A763 /* EventTest.swift */,
				EC21EAFE1C7C19ED00C6937D /* ModelTestUtils.swift */,
				ECAA61A51C837473003D4E17 /* ChapterTest.swift */,
				ECAA61A71C83B790003D4E17 /* VideoTest.swift */,
				ECAA61AD1C83BF58003D4E17 /* PodcastEpisodeTest.swift */,
				ECAA61B31C84E6B0003D4E17 /* OrganizerTest.swift */,
			);
			path = Models;
			sourceTree = "<group>";
		};
		EC0772FC1C78E8C300D4A763 /* Fixtures */ = {
			isa = PBXGroup;
			children = (
				EC0772FD1C78E8E000D4A763 /* event.json */,
				EC0772FF1C78E96A00D4A763 /* chapter.json */,
				EC0773011C78E9FA00D4A763 /* podcast_episode.json */,
				EC0773031C78EA7100D4A763 /* video.json */,
			);
			path = Fixtures;
			sourceTree = "<group>";
		};
/* End PBXGroup section */

/* Begin PBXNativeTarget section */
		8CF97AF21BE3C5E3009C5591 /* CocoaHeadsApp */ = {
			isa = PBXNativeTarget;
			buildConfigurationList = 8CF97B1D1BE3C5E4009C5591 /* Build configuration list for PBXNativeTarget "CocoaHeadsApp" */;
			buildPhases = (
				EFE0515F4A38E6D261AE05E9 /* [CP] Check Pods Manifest.lock */,
				78076B931C84BA6D000BDB92 /* Lint */,
				15079B231BED71FD00E12A68 /* Generate R.Generated file */,
				8CF97AEF1BE3C5E3009C5591 /* Sources */,
				8CF97AF01BE3C5E3009C5591 /* Frameworks */,
				8CF97AF11BE3C5E3009C5591 /* Resources */,
				11A52093D6B076B38F952BD0 /* [CP] Embed Pods Frameworks */,
				AC4F7546BCA556DD03525E5D /* [CP] Copy Pods Resources */,
			);
			buildRules = (
			);
			dependencies = (
			);
			name = CocoaHeadsApp;
			productName = CocoaHeadsApp;
			productReference = 8CF97AF31BE3C5E3009C5591 /* CocoaHeadsApp.app */;
			productType = "com.apple.product-type.application";
		};
		8CF97B081BE3C5E3009C5591 /* CocoaHeadsAppTests */ = {
			isa = PBXNativeTarget;
			buildConfigurationList = 8CF97B201BE3C5E4009C5591 /* Build configuration list for PBXNativeTarget "CocoaHeadsAppTests" */;
			buildPhases = (
				655DFE1C798AC4A8A8A3CBA3 /* [CP] Check Pods Manifest.lock */,
				8CF97B051BE3C5E3009C5591 /* Sources */,
				8CF97B061BE3C5E3009C5591 /* Frameworks */,
				8CF97B071BE3C5E3009C5591 /* Resources */,
				2DA05FE4A098ADB12F92CE6C /* [CP] Embed Pods Frameworks */,
				A4A5EB7026A90F9AA1034C41 /* [CP] Copy Pods Resources */,
			);
			buildRules = (
			);
			dependencies = (
				8CF97B0B1BE3C5E3009C5591 /* PBXTargetDependency */,
			);
			name = CocoaHeadsAppTests;
			productName = CocoaHeadsAppTests;
			productReference = 8CF97B091BE3C5E3009C5591 /* CocoaHeadsAppTests.xctest */;
			productType = "com.apple.product-type.bundle.unit-test";
		};
		8CF97B131BE3C5E4009C5591 /* CocoaHeadsAppUITests */ = {
			isa = PBXNativeTarget;
			buildConfigurationList = 8CF97B231BE3C5E4009C5591 /* Build configuration list for PBXNativeTarget "CocoaHeadsAppUITests" */;
			buildPhases = (
				9F7E12142A30BEE136151BA4 /* [CP] Check Pods Manifest.lock */,
				8CF97B101BE3C5E4009C5591 /* Sources */,
				8CF97B111BE3C5E4009C5591 /* Frameworks */,
				8CF97B121BE3C5E4009C5591 /* Resources */,
				836C631EE0846A5E477B4933 /* [CP] Copy Pods Resources */,
			);
			buildRules = (
			);
			dependencies = (
				8CF97B161BE3C5E4009C5591 /* PBXTargetDependency */,
			);
			name = CocoaHeadsAppUITests;
			productName = CocoaHeadsAppUITests;
			productReference = 8CF97B141BE3C5E4009C5591 /* CocoaHeadsAppUITests.xctest */;
			productType = "com.apple.product-type.bundle.ui-testing";
		};
		AD99ADD31C728B45004BF12A /* CocoaHeadsAppIntegrationTests */ = {
			isa = PBXNativeTarget;
			buildConfigurationList = AD99ADDD1C728B45004BF12A /* Build configuration list for PBXNativeTarget "CocoaHeadsAppIntegrationTests" */;
			buildPhases = (
				9C53DD7CF2FDC87E44B34735 /* [CP] Check Pods Manifest.lock */,
				AD99ADD01C728B45004BF12A /* Sources */,
				AD99ADD11C728B45004BF12A /* Frameworks */,
				AD99ADD21C728B45004BF12A /* Resources */,
				E83449C616DF0091DB80BE58 /* [CP] Embed Pods Frameworks */,
				0CB5B79E80618199023CD9C7 /* [CP] Copy Pods Resources */,
			);
			buildRules = (
			);
			dependencies = (
				AD99ADDA1C728B45004BF12A /* PBXTargetDependency */,
			);
			name = CocoaHeadsAppIntegrationTests;
			productName = CocoaHeadsAppIntegrationTests;
			productReference = AD99ADD41C728B45004BF12A /* CocoaHeadsAppIntegrationTests.xctest */;
			productType = "com.apple.product-type.bundle.unit-test";
		};
/* End PBXNativeTarget section */

/* Begin PBXProject section */
		8CF97AEB1BE3C5E3009C5591 /* Project object */ = {
			isa = PBXProject;
			attributes = {
				LastSwiftUpdateCheck = 0720;
				LastUpgradeCheck = 0710;
				ORGANIZATIONNAME = "CocoaHeads Brasil";
				TargetAttributes = {
					8CF97AF21BE3C5E3009C5591 = {
						CreatedOnToolsVersion = 7.1;
					};
					8CF97B081BE3C5E3009C5591 = {
						CreatedOnToolsVersion = 7.1;
						TestTargetID = 8CF97AF21BE3C5E3009C5591;
					};
					8CF97B131BE3C5E4009C5591 = {
						CreatedOnToolsVersion = 7.1;
						TestTargetID = 8CF97AF21BE3C5E3009C5591;
					};
					AD99ADD31C728B45004BF12A = {
						CreatedOnToolsVersion = 7.2.1;
						TestTargetID = 8CF97AF21BE3C5E3009C5591;
					};
				};
			};
			buildConfigurationList = 8CF97AEE1BE3C5E3009C5591 /* Build configuration list for PBXProject "CocoaHeadsApp" */;
			compatibilityVersion = "Xcode 3.2";
			developmentRegion = English;
			hasScannedForEncodings = 0;
			knownRegions = (
				en,
				Base,
			);
			mainGroup = 8CF97AEA1BE3C5E3009C5591;
			productRefGroup = 8CF97AF41BE3C5E3009C5591 /* Products */;
			projectDirPath = "";
			projectRoot = "";
			targets = (
				8CF97AF21BE3C5E3009C5591 /* CocoaHeadsApp */,
				8CF97B081BE3C5E3009C5591 /* CocoaHeadsAppTests */,
				8CF97B131BE3C5E4009C5591 /* CocoaHeadsAppUITests */,
				AD99ADD31C728B45004BF12A /* CocoaHeadsAppIntegrationTests */,
			);
		};
/* End PBXProject section */

/* Begin PBXResourcesBuildPhase section */
		8CF97AF11BE3C5E3009C5591 /* Resources */ = {
			isa = PBXResourcesBuildPhase;
			buildActionMask = 2147483647;
			files = (
				8CF97B001BE3C5E3009C5591 /* Assets.xcassets in Resources */,
				1D463A341CC2E43500E72A00 /* Settings.bundle in Resources */,
				15079B581BED765200E12A68 /* SlideListView.xib in Resources */,
				15079B501BED761B00E12A68 /* VideosListView.xib in Resources */,
				15079B731BED8E6400E12A68 /* MeetupListCollectionViewCell.xib in Resources */,
				15079B3E1BED748200E12A68 /* MeetupListView.xib in Resources */,
				8CF97AFE1BE3C5E3009C5591 /* Main.storyboard in Resources */,
				EC3334001CFCCC4200E737E6 /* EventsListTableViewCell.xib in Resources */,
				7FBCB3ADCCA8880232B1DC65 /* Pods-settings-metadata.plist in Resources */,
				BF5FFFFD859666A784C836BE /* Pods-CocoaHeadsApp-metadata.plist in Resources */,
				97808B7B943C6EFC450B843B /* Pods-CocoaHeadsApp-settings-metadata.plist in Resources */,
			);
			runOnlyForDeploymentPostprocessing = 0;
		};
		8CF97B071BE3C5E3009C5591 /* Resources */ = {
			isa = PBXResourcesBuildPhase;
			buildActionMask = 2147483647;
			files = (
				EC0773021C78E9FA00D4A763 /* podcast_episode.json in Resources */,
				EC0773041C78EA7100D4A763 /* video.json in Resources */,
				EC0772FE1C78E8E000D4A763 /* event.json in Resources */,
				EC0773001C78E96A00D4A763 /* chapter.json in Resources */,
				5DEF06532B061883351521C5 /* Pods-CocoaHeadsAppTests-metadata.plist in Resources */,
				82324C6D82DF5B0B01E4ED09 /* Pods-CocoaHeadsAppTests-settings-metadata.plist in Resources */,
			);
			runOnlyForDeploymentPostprocessing = 0;
		};
		8CF97B121BE3C5E4009C5591 /* Resources */ = {
			isa = PBXResourcesBuildPhase;
			buildActionMask = 2147483647;
			files = (
				7826679C30631174553FB243 /* Pods-CocoaHeadsAppUITests-metadata.plist in Resources */,
				94AEE3E9C46678F8F61C9EE7 /* Pods-CocoaHeadsAppUITests-settings-metadata.plist in Resources */,
			);
			runOnlyForDeploymentPostprocessing = 0;
		};
		AD99ADD21C728B45004BF12A /* Resources */ = {
			isa = PBXResourcesBuildPhase;
			buildActionMask = 2147483647;
			files = (
				AD99AE0A1C729B03004BF12A /* MeetupResponse.json in Resources */,
				AD99AE0C1C72A16E004BF12A /* MeetupErrorResponse.json in Resources */,
				15AF854914C2D58A9BE33E88 /* Pods-CocoaHeadsAppIntegrationTests-metadata.plist in Resources */,
				9BB17B6DE02443C5BA712E9C /* Pods-CocoaHeadsAppIntegrationTests-settings-metadata.plist in Resources */,
			);
			runOnlyForDeploymentPostprocessing = 0;
		};
/* End PBXResourcesBuildPhase section */

/* Begin PBXShellScriptBuildPhase section */
		0CB5B79E80618199023CD9C7 /* [CP] Copy Pods Resources */ = {
			isa = PBXShellScriptBuildPhase;
			buildActionMask = 2147483647;
			files = (
			);
			inputPaths = (
			);
			name = "[CP] Copy Pods Resources";
			outputPaths = (
			);
			runOnlyForDeploymentPostprocessing = 0;
			shellPath = /bin/sh;
			shellScript = "\"${SRCROOT}/Pods/Target Support Files/Pods-CocoaHeadsAppIntegrationTests/Pods-CocoaHeadsAppIntegrationTests-resources.sh\"\n";
			showEnvVarsInLog = 0;
		};
		11A52093D6B076B38F952BD0 /* [CP] Embed Pods Frameworks */ = {
			isa = PBXShellScriptBuildPhase;
			buildActionMask = 2147483647;
			files = (
			);
			inputPaths = (
			);
			name = "[CP] Embed Pods Frameworks";
			outputPaths = (
			);
			runOnlyForDeploymentPostprocessing = 0;
			shellPath = /bin/sh;
			shellScript = "\"${SRCROOT}/Pods/Target Support Files/Pods-CocoaHeadsApp/Pods-CocoaHeadsApp-frameworks.sh\"\n";
			showEnvVarsInLog = 0;
		};
		15079B231BED71FD00E12A68 /* Generate R.Generated file */ = {
			isa = PBXShellScriptBuildPhase;
			buildActionMask = 2147483647;
			files = (
			);
			inputPaths = (
			);
			name = "Generate R.Generated file";
			outputPaths = (
			);
			runOnlyForDeploymentPostprocessing = 0;
			shellPath = /bin/sh;
			shellScript = "\"$PODS_ROOT/R.swift/rswift\" \"$SRCROOT/CocoaHeadsApp\"";
			showEnvVarsInLog = 0;
		};
		2DA05FE4A098ADB12F92CE6C /* [CP] Embed Pods Frameworks */ = {
			isa = PBXShellScriptBuildPhase;
			buildActionMask = 2147483647;
			files = (
			);
			inputPaths = (
			);
			name = "[CP] Embed Pods Frameworks";
			outputPaths = (
			);
			runOnlyForDeploymentPostprocessing = 0;
			shellPath = /bin/sh;
			shellScript = "\"${SRCROOT}/Pods/Target Support Files/Pods-CocoaHeadsAppTests/Pods-CocoaHeadsAppTests-frameworks.sh\"\n";
			showEnvVarsInLog = 0;
		};
		655DFE1C798AC4A8A8A3CBA3 /* [CP] Check Pods Manifest.lock */ = {
			isa = PBXShellScriptBuildPhase;
			buildActionMask = 2147483647;
			files = (
			);
			inputPaths = (
			);
			name = "[CP] Check Pods Manifest.lock";
			outputPaths = (
			);
			runOnlyForDeploymentPostprocessing = 0;
			shellPath = /bin/sh;
			shellScript = "diff \"${PODS_ROOT}/../Podfile.lock\" \"${PODS_ROOT}/Manifest.lock\" > /dev/null\nif [[ $? != 0 ]] ; then\n    cat << EOM\nerror: The sandbox is not in sync with the Podfile.lock. Run 'pod install' or update your CocoaPods installation.\nEOM\n    exit 1\nfi\n";
			showEnvVarsInLog = 0;
		};
		78076B931C84BA6D000BDB92 /* Lint */ = {
			isa = PBXShellScriptBuildPhase;
			buildActionMask = 2147483647;
			files = (
			);
			inputPaths = (
			);
			name = Lint;
			outputPaths = (
			);
			runOnlyForDeploymentPostprocessing = 0;
			shellPath = /bin/sh;
			shellScript = "if which swiftlint >/dev/null; then\n    echo \"Run lint on $(pwd)\"\n    swiftlint\nelse\n    echo \"warning: SwiftLint not installed, download from https://github.com/realm/SwiftLint\"\nfi";
		};
		836C631EE0846A5E477B4933 /* [CP] Copy Pods Resources */ = {
			isa = PBXShellScriptBuildPhase;
			buildActionMask = 2147483647;
			files = (
			);
			inputPaths = (
			);
			name = "[CP] Copy Pods Resources";
			outputPaths = (
			);
			runOnlyForDeploymentPostprocessing = 0;
			shellPath = /bin/sh;
			shellScript = "\"${SRCROOT}/Pods/Target Support Files/Pods-CocoaHeadsAppUITests/Pods-CocoaHeadsAppUITests-resources.sh\"\n";
			showEnvVarsInLog = 0;
		};
		9C53DD7CF2FDC87E44B34735 /* [CP] Check Pods Manifest.lock */ = {
			isa = PBXShellScriptBuildPhase;
			buildActionMask = 2147483647;
			files = (
			);
			inputPaths = (
			);
			name = "[CP] Check Pods Manifest.lock";
			outputPaths = (
			);
			runOnlyForDeploymentPostprocessing = 0;
			shellPath = /bin/sh;
			shellScript = "diff \"${PODS_ROOT}/../Podfile.lock\" \"${PODS_ROOT}/Manifest.lock\" > /dev/null\nif [[ $? != 0 ]] ; then\n    cat << EOM\nerror: The sandbox is not in sync with the Podfile.lock. Run 'pod install' or update your CocoaPods installation.\nEOM\n    exit 1\nfi\n";
			showEnvVarsInLog = 0;
		};
		9F7E12142A30BEE136151BA4 /* [CP] Check Pods Manifest.lock */ = {
			isa = PBXShellScriptBuildPhase;
			buildActionMask = 2147483647;
			files = (
			);
			inputPaths = (
			);
			name = "[CP] Check Pods Manifest.lock";
			outputPaths = (
			);
			runOnlyForDeploymentPostprocessing = 0;
			shellPath = /bin/sh;
			shellScript = "diff \"${PODS_ROOT}/../Podfile.lock\" \"${PODS_ROOT}/Manifest.lock\" > /dev/null\nif [[ $? != 0 ]] ; then\n    cat << EOM\nerror: The sandbox is not in sync with the Podfile.lock. Run 'pod install' or update your CocoaPods installation.\nEOM\n    exit 1\nfi\n";
			showEnvVarsInLog = 0;
		};
		A4A5EB7026A90F9AA1034C41 /* [CP] Copy Pods Resources */ = {
			isa = PBXShellScriptBuildPhase;
			buildActionMask = 2147483647;
			files = (
			);
			inputPaths = (
			);
			name = "[CP] Copy Pods Resources";
			outputPaths = (
			);
			runOnlyForDeploymentPostprocessing = 0;
			shellPath = /bin/sh;
			shellScript = "\"${SRCROOT}/Pods/Target Support Files/Pods-CocoaHeadsAppTests/Pods-CocoaHeadsAppTests-resources.sh\"\n";
			showEnvVarsInLog = 0;
		};
		AC4F7546BCA556DD03525E5D /* [CP] Copy Pods Resources */ = {
			isa = PBXShellScriptBuildPhase;
			buildActionMask = 2147483647;
			files = (
			);
			inputPaths = (
			);
			name = "[CP] Copy Pods Resources";
			outputPaths = (
			);
			runOnlyForDeploymentPostprocessing = 0;
			shellPath = /bin/sh;
			shellScript = "\"${SRCROOT}/Pods/Target Support Files/Pods-CocoaHeadsApp/Pods-CocoaHeadsApp-resources.sh\"\n";
			showEnvVarsInLog = 0;
		};
		E83449C616DF0091DB80BE58 /* [CP] Embed Pods Frameworks */ = {
			isa = PBXShellScriptBuildPhase;
			buildActionMask = 2147483647;
			files = (
			);
			inputPaths = (
			);
			name = "[CP] Embed Pods Frameworks";
			outputPaths = (
			);
			runOnlyForDeploymentPostprocessing = 0;
			shellPath = /bin/sh;
			shellScript = "\"${SRCROOT}/Pods/Target Support Files/Pods-CocoaHeadsAppIntegrationTests/Pods-CocoaHeadsAppIntegrationTests-frameworks.sh\"\n";
			showEnvVarsInLog = 0;
		};
		EFE0515F4A38E6D261AE05E9 /* [CP] Check Pods Manifest.lock */ = {
			isa = PBXShellScriptBuildPhase;
			buildActionMask = 2147483647;
			files = (
			);
			inputPaths = (
			);
			name = "[CP] Check Pods Manifest.lock";
			outputPaths = (
			);
			runOnlyForDeploymentPostprocessing = 0;
			shellPath = /bin/sh;
			shellScript = "diff \"${PODS_ROOT}/../Podfile.lock\" \"${PODS_ROOT}/Manifest.lock\" > /dev/null\nif [[ $? != 0 ]] ; then\n    cat << EOM\nerror: The sandbox is not in sync with the Podfile.lock. Run 'pod install' or update your CocoaPods installation.\nEOM\n    exit 1\nfi\n";
			showEnvVarsInLog = 0;
		};
/* End PBXShellScriptBuildPhase section */

/* Begin PBXSourcesBuildPhase section */
		8CF97AEF1BE3C5E3009C5591 /* Sources */ = {
			isa = PBXSourcesBuildPhase;
			buildActionMask = 2147483647;
			files = (
				EC3333FD1CFCCC4200E737E6 /* EventsListDataSource.swift in Sources */,
				15079B711BED8E5C00E12A68 /* MeetupListCollectionViewCell.swift in Sources */,
				78AD0B621C877A7300999C17 /* Tempo+Methods.swift in Sources */,
				15079B681BED7F1200E12A68 /* Unbox+Extensions.swift in Sources */,
				15079B4C1BED760B00E12A68 /* VideosListView.swift in Sources */,
				15079B341BED739000E12A68 /* String+Extensions.swift in Sources */,
				EC3333FE1CFCCC4200E737E6 /* EventsListDelegate.swift in Sources */,
				15079B6C1BED7F5200E12A68 /* VenueModel.swift in Sources */,
				EC3334041CFCCC4200E737E6 /* UIColorExtensions.swift in Sources */,
				EC3334021CFCCC4200E737E6 /* EventsListViewController.swift in Sources */,
				15079B321BED736100E12A68 /* NibDesignable.swift in Sources */,
				EC21EAFB1C7C03A300C6937D /* Event.swift in Sources */,
				15079B621BED791900E12A68 /* MeetupAPI.swift in Sources */,
				15079B4E1BED761400E12A68 /* VideosListViewModel.swift in Sources */,
				EC3334011CFCCC4200E737E6 /* EventsListView.swift in Sources */,
				ECAA61AA1C83BA93003D4E17 /* Video.swift in Sources */,
				ECAA61B21C84E687003D4E17 /* Organizer.swift in Sources */,
				15079B541BED764300E12A68 /* SlideListView.swift in Sources */,
				15079B6E1BED809E00E12A68 /* GroupModel.swift in Sources */,
				ECAA61AC1C83BF24003D4E17 /* PodcastEpisode.swift in Sources */,
				78AD0B611C877A7300999C17 /* Tempo.swift in Sources */,
				15079B3C1BED746C00E12A68 /* MeetupListViewModel.swift in Sources */,
				15079B5C1BED77EC00E12A68 /* APIConsumer.swift in Sources */,
				15079B361BED740800E12A68 /* MeetupListViewController.swift in Sources */,
				15079B4A1BED75FE00E12A68 /* VideosListViewController.swift in Sources */,
				15079B661BED7DC700E12A68 /* MeetupModel.swift in Sources */,
				15079B5A1BED77B200E12A68 /* ViewModel.swift in Sources */,
				15079B2E1BED72FC00E12A68 /* Dynamic.swift in Sources */,
				EC21EAFD1C7C09AE00C6937D /* Chapter.swift in Sources */,
				EC3334031CFCCC4200E737E6 /* EventsListViewModel.swift in Sources */,
				1D9AB6B81D0D02CC00483EF0 /* R.generated.swift in Sources */,
				154C46CC1BFAA5EE00A32D09 /* GradientView.swift in Sources */,
				ECAA61B01C84E1DA003D4E17 /* JsonModel.swift in Sources */,
				15079B561BED764B00E12A68 /* SlideListViewModel.swift in Sources */,
				78AD0B631C877A7300999C17 /* TempoDateFormatter.swift in Sources */,
				15079B751BED8EE300E12A68 /* MeetupListCollectionDataSource.swift in Sources */,
				15079B3A1BED745200E12A68 /* MeetupListView.swift in Sources */,
				8CF97AF71BE3C5E3009C5591 /* AppDelegate.swift in Sources */,
				15079B641BED7D8E00E12A68 /* MeetupListResponse.swift in Sources */,
				15079B791BED989300E12A68 /* MeetupListCollectionDelegate.swift in Sources */,
				15079B5E1BED78BF00E12A68 /* ObjectParser.swift in Sources */,
				EC3333FF1CFCCC4200E737E6 /* EventsListTableViewCell.swift in Sources */,
				15079B521BED763700E12A68 /* SlideListViewController.swift in Sources */,
			);
			runOnlyForDeploymentPostprocessing = 0;
		};
		8CF97B051BE3C5E3009C5591 /* Sources */ = {
			isa = PBXSourcesBuildPhase;
			buildActionMask = 2147483647;
			files = (
				ECAA61AE1C83BF58003D4E17 /* PodcastEpisodeTest.swift in Sources */,
				EC0772FB1C78E87E00D4A763 /* EventTest.swift in Sources */,
				AD99ADDF1C728C4B004BF12A /* MeetupAPITests.swift in Sources */,
				ECAA61A81C83B790003D4E17 /* VideoTest.swift in Sources */,
				EC21EAFF1C7C19ED00C6937D /* ModelTestUtils.swift in Sources */,
				ECAA61A61C837473003D4E17 /* ChapterTest.swift in Sources */,
				ECAA61B41C84E6B0003D4E17 /* OrganizerTest.swift in Sources */,
			);
			runOnlyForDeploymentPostprocessing = 0;
		};
		8CF97B101BE3C5E4009C5591 /* Sources */ = {
			isa = PBXSourcesBuildPhase;
			buildActionMask = 2147483647;
			files = (
				8CF97B191BE3C5E4009C5591 /* CocoaHeadsAppUITests.swift in Sources */,
			);
			runOnlyForDeploymentPostprocessing = 0;
		};
		AD99ADD01C728B45004BF12A /* Sources */ = {
			isa = PBXSourcesBuildPhase;
			buildActionMask = 2147483647;
			files = (
				AD99AE071C729783004BF12A /* APIConsumerTests.swift in Sources */,
			);
			runOnlyForDeploymentPostprocessing = 0;
		};
/* End PBXSourcesBuildPhase section */

/* Begin PBXTargetDependency section */
		8CF97B0B1BE3C5E3009C5591 /* PBXTargetDependency */ = {
			isa = PBXTargetDependency;
			target = 8CF97AF21BE3C5E3009C5591 /* CocoaHeadsApp */;
			targetProxy = 8CF97B0A1BE3C5E3009C5591 /* PBXContainerItemProxy */;
		};
		8CF97B161BE3C5E4009C5591 /* PBXTargetDependency */ = {
			isa = PBXTargetDependency;
			target = 8CF97AF21BE3C5E3009C5591 /* CocoaHeadsApp */;
			targetProxy = 8CF97B151BE3C5E4009C5591 /* PBXContainerItemProxy */;
		};
		AD99ADDA1C728B45004BF12A /* PBXTargetDependency */ = {
			isa = PBXTargetDependency;
			target = 8CF97AF21BE3C5E3009C5591 /* CocoaHeadsApp */;
			targetProxy = AD99ADD91C728B45004BF12A /* PBXContainerItemProxy */;
		};
/* End PBXTargetDependency section */

/* Begin PBXVariantGroup section */
		8CF97AFC1BE3C5E3009C5591 /* Main.storyboard */ = {
			isa = PBXVariantGroup;
			children = (
				8CF97AFD1BE3C5E3009C5591 /* Base */,
			);
			name = Main.storyboard;
			sourceTree = "<group>";
		};
/* End PBXVariantGroup section */

/* Begin XCBuildConfiguration section */
		8CF97B1B1BE3C5E4009C5591 /* Debug */ = {
			isa = XCBuildConfiguration;
			buildSettings = {
				ALWAYS_SEARCH_USER_PATHS = NO;
				CLANG_CXX_LANGUAGE_STANDARD = "gnu++0x";
				CLANG_CXX_LIBRARY = "libc++";
				CLANG_ENABLE_MODULES = YES;
				CLANG_ENABLE_OBJC_ARC = YES;
				CLANG_WARN_BOOL_CONVERSION = YES;
				CLANG_WARN_CONSTANT_CONVERSION = YES;
				CLANG_WARN_DIRECT_OBJC_ISA_USAGE = YES_ERROR;
				CLANG_WARN_EMPTY_BODY = YES;
				CLANG_WARN_ENUM_CONVERSION = YES;
				CLANG_WARN_INT_CONVERSION = YES;
				CLANG_WARN_OBJC_ROOT_CLASS = YES_ERROR;
				CLANG_WARN_UNREACHABLE_CODE = YES;
				CLANG_WARN__DUPLICATE_METHOD_MATCH = YES;
				"CODE_SIGN_IDENTITY[sdk=iphoneos*]" = "iPhone Developer";
				COPY_PHASE_STRIP = NO;
				DEBUG_INFORMATION_FORMAT = dwarf;
				ENABLE_STRICT_OBJC_MSGSEND = YES;
				ENABLE_TESTABILITY = YES;
				GCC_C_LANGUAGE_STANDARD = gnu99;
				GCC_DYNAMIC_NO_PIC = NO;
				GCC_NO_COMMON_BLOCKS = YES;
				GCC_OPTIMIZATION_LEVEL = 0;
				GCC_PREPROCESSOR_DEFINITIONS = (
					"DEBUG=1",
					"$(inherited)",
				);
				GCC_WARN_64_TO_32_BIT_CONVERSION = YES;
				GCC_WARN_ABOUT_RETURN_TYPE = YES_ERROR;
				GCC_WARN_UNDECLARED_SELECTOR = YES;
				GCC_WARN_UNINITIALIZED_AUTOS = YES_AGGRESSIVE;
				GCC_WARN_UNUSED_FUNCTION = YES;
				GCC_WARN_UNUSED_VARIABLE = YES;
				IPHONEOS_DEPLOYMENT_TARGET = 9.1;
				MTL_ENABLE_DEBUG_INFO = YES;
				ONLY_ACTIVE_ARCH = YES;
				SDKROOT = iphoneos;
				SWIFT_OPTIMIZATION_LEVEL = "-Onone";
				TARGETED_DEVICE_FAMILY = "1,2";
			};
			name = Debug;
		};
		8CF97B1C1BE3C5E4009C5591 /* Release */ = {
			isa = XCBuildConfiguration;
			buildSettings = {
				ALWAYS_SEARCH_USER_PATHS = NO;
				CLANG_CXX_LANGUAGE_STANDARD = "gnu++0x";
				CLANG_CXX_LIBRARY = "libc++";
				CLANG_ENABLE_MODULES = YES;
				CLANG_ENABLE_OBJC_ARC = YES;
				CLANG_WARN_BOOL_CONVERSION = YES;
				CLANG_WARN_CONSTANT_CONVERSION = YES;
				CLANG_WARN_DIRECT_OBJC_ISA_USAGE = YES_ERROR;
				CLANG_WARN_EMPTY_BODY = YES;
				CLANG_WARN_ENUM_CONVERSION = YES;
				CLANG_WARN_INT_CONVERSION = YES;
				CLANG_WARN_OBJC_ROOT_CLASS = YES_ERROR;
				CLANG_WARN_UNREACHABLE_CODE = YES;
				CLANG_WARN__DUPLICATE_METHOD_MATCH = YES;
				"CODE_SIGN_IDENTITY[sdk=iphoneos*]" = "iPhone Developer";
				COPY_PHASE_STRIP = NO;
				DEBUG_INFORMATION_FORMAT = "dwarf-with-dsym";
				ENABLE_NS_ASSERTIONS = NO;
				ENABLE_STRICT_OBJC_MSGSEND = YES;
				GCC_C_LANGUAGE_STANDARD = gnu99;
				GCC_NO_COMMON_BLOCKS = YES;
				GCC_WARN_64_TO_32_BIT_CONVERSION = YES;
				GCC_WARN_ABOUT_RETURN_TYPE = YES_ERROR;
				GCC_WARN_UNDECLARED_SELECTOR = YES;
				GCC_WARN_UNINITIALIZED_AUTOS = YES_AGGRESSIVE;
				GCC_WARN_UNUSED_FUNCTION = YES;
				GCC_WARN_UNUSED_VARIABLE = YES;
				IPHONEOS_DEPLOYMENT_TARGET = 9.1;
				MTL_ENABLE_DEBUG_INFO = NO;
				SDKROOT = iphoneos;
				TARGETED_DEVICE_FAMILY = "1,2";
				VALIDATE_PRODUCT = YES;
			};
			name = Release;
		};
		8CF97B1E1BE3C5E4009C5591 /* Debug */ = {
			isa = XCBuildConfiguration;
			baseConfigurationReference = FB1F155822633FD14C865234 /* Pods-CocoaHeadsApp.debug.xcconfig */;
			buildSettings = {
				ASSETCATALOG_COMPILER_APPICON_NAME = AppIcon;
				ASSETCATALOG_COMPILER_LAUNCHIMAGE_NAME = LaunchImage;
				INFOPLIST_FILE = CocoaHeadsApp/Info.plist;
				IPHONEOS_DEPLOYMENT_TARGET = 8.0;
				LD_RUNPATH_SEARCH_PATHS = "$(inherited) @executable_path/Frameworks";
				OTHER_CFLAGS = "$(inherited)";
				PRODUCT_BUNDLE_IDENTIFIER = br.com.cocoaheads.CocoaHeadsApp;
				PRODUCT_NAME = CocoaHeadsApp;
			};
			name = Debug;
		};
		8CF97B1F1BE3C5E4009C5591 /* Release */ = {
			isa = XCBuildConfiguration;
			baseConfigurationReference = CFC35D02FEBAFF7532D3C8A3 /* Pods-CocoaHeadsApp.release.xcconfig */;
			buildSettings = {
				ASSETCATALOG_COMPILER_APPICON_NAME = AppIcon;
				ASSETCATALOG_COMPILER_LAUNCHIMAGE_NAME = LaunchImage;
				INFOPLIST_FILE = CocoaHeadsApp/Info.plist;
				IPHONEOS_DEPLOYMENT_TARGET = 8.0;
				LD_RUNPATH_SEARCH_PATHS = "$(inherited) @executable_path/Frameworks";
				OTHER_CFLAGS = "$(inherited)";
				PRODUCT_BUNDLE_IDENTIFIER = br.com.cocoaheads.CocoaHeadsApp;
				PRODUCT_NAME = CocoaHeadsApp;
			};
			name = Release;
		};
		8CF97B211BE3C5E4009C5591 /* Debug */ = {
			isa = XCBuildConfiguration;
			baseConfigurationReference = 0D9602D70C92CEB8BA4F7C11 /* Pods-CocoaHeadsAppTests.debug.xcconfig */;
			buildSettings = {
				BUNDLE_LOADER = "$(TEST_HOST)";
				INFOPLIST_FILE = CocoaHeadsAppTests/Info.plist;
				LD_RUNPATH_SEARCH_PATHS = "$(inherited) @executable_path/Frameworks @loader_path/Frameworks";
				PRODUCT_BUNDLE_IDENTIFIER = "br.com.cocoaheads.CocoaHeads-AppsTests";
				PRODUCT_MODULE_NAME = "$(PRODUCT_NAME:c99extidentifier)";
				PRODUCT_NAME = CocoaHeadsAppTests;
				TEST_HOST = "$(BUILT_PRODUCTS_DIR)/CocoaHeadsApp.app/CocoaHeadsApp";
			};
			name = Debug;
		};
		8CF97B221BE3C5E4009C5591 /* Release */ = {
			isa = XCBuildConfiguration;
			baseConfigurationReference = BAB26581B51C029B80742FA6 /* Pods-CocoaHeadsAppTests.release.xcconfig */;
			buildSettings = {
				BUNDLE_LOADER = "$(TEST_HOST)";
				INFOPLIST_FILE = CocoaHeadsAppTests/Info.plist;
				LD_RUNPATH_SEARCH_PATHS = "$(inherited) @executable_path/Frameworks @loader_path/Frameworks";
				PRODUCT_BUNDLE_IDENTIFIER = "br.com.cocoaheads.CocoaHeads-AppsTests";
				PRODUCT_MODULE_NAME = "$(PRODUCT_NAME:c99extidentifier)";
				PRODUCT_NAME = CocoaHeadsAppTests;
				TEST_HOST = "$(BUILT_PRODUCTS_DIR)/CocoaHeadsApp.app/CocoaHeadsApp";
			};
			name = Release;
		};
		8CF97B241BE3C5E4009C5591 /* Debug */ = {
			isa = XCBuildConfiguration;
			baseConfigurationReference = BCB3F3A893AC8FCEAFF48F88 /* Pods-CocoaHeadsAppUITests.debug.xcconfig */;
			buildSettings = {
				INFOPLIST_FILE = CocoaHeadsAppUITests/Info.plist;
				LD_RUNPATH_SEARCH_PATHS = "$(inherited) @executable_path/Frameworks @loader_path/Frameworks";
				PRODUCT_BUNDLE_IDENTIFIER = "br.com.cocoaheads.CocoaHeads-AppsUITests";
				PRODUCT_MODULE_NAME = "$(PRODUCT_NAME:c99extidentifier)";
				PRODUCT_NAME = CocoaHeadsAppUITests;
				TEST_TARGET_NAME = CocoaHeadsApp;
				USES_XCTRUNNER = YES;
			};
			name = Debug;
		};
		8CF97B251BE3C5E4009C5591 /* Release */ = {
			isa = XCBuildConfiguration;
			baseConfigurationReference = 98A588AAA48423B7A4881E6E /* Pods-CocoaHeadsAppUITests.release.xcconfig */;
			buildSettings = {
				INFOPLIST_FILE = CocoaHeadsAppUITests/Info.plist;
				LD_RUNPATH_SEARCH_PATHS = "$(inherited) @executable_path/Frameworks @loader_path/Frameworks";
				PRODUCT_BUNDLE_IDENTIFIER = "br.com.cocoaheads.CocoaHeads-AppsUITests";
				PRODUCT_MODULE_NAME = "$(PRODUCT_NAME:c99extidentifier)";
				PRODUCT_NAME = CocoaHeadsAppUITests;
				TEST_TARGET_NAME = CocoaHeadsApp;
				USES_XCTRUNNER = YES;
			};
			name = Release;
		};
		AD99ADDB1C728B45004BF12A /* Debug */ = {
			isa = XCBuildConfiguration;
			baseConfigurationReference = 0E5ED51DB6B80E07A23C129B /* Pods-CocoaHeadsAppIntegrationTests.debug.xcconfig */;
			buildSettings = {
				BUNDLE_LOADER = "$(TEST_HOST)";
				INFOPLIST_FILE = CocoaHeadsAppIntegrationTests/Info.plist;
				IPHONEOS_DEPLOYMENT_TARGET = 9.2;
				LD_RUNPATH_SEARCH_PATHS = "$(inherited) @executable_path/Frameworks @loader_path/Frameworks";
				PRODUCT_BUNDLE_IDENTIFIER = br.com.cocoaheads.CocoaHeadsAppIntegrationTests;
				PRODUCT_NAME = "$(TARGET_NAME)";
				TEST_HOST = "$(BUILT_PRODUCTS_DIR)/CocoaHeadsApp.app/CocoaHeadsApp";
			};
			name = Debug;
		};
		AD99ADDC1C728B45004BF12A /* Release */ = {
			isa = XCBuildConfiguration;
			baseConfigurationReference = 7E7D0EF9081372BDE58F2258 /* Pods-CocoaHeadsAppIntegrationTests.release.xcconfig */;
			buildSettings = {
				BUNDLE_LOADER = "$(TEST_HOST)";
				INFOPLIST_FILE = CocoaHeadsAppIntegrationTests/Info.plist;
				IPHONEOS_DEPLOYMENT_TARGET = 9.2;
				LD_RUNPATH_SEARCH_PATHS = "$(inherited) @executable_path/Frameworks @loader_path/Frameworks";
				PRODUCT_BUNDLE_IDENTIFIER = br.com.cocoaheads.CocoaHeadsAppIntegrationTests;
				PRODUCT_NAME = "$(TARGET_NAME)";
				TEST_HOST = "$(BUILT_PRODUCTS_DIR)/CocoaHeadsApp.app/CocoaHeadsApp";
			};
			name = Release;
		};
/* End XCBuildConfiguration section */

/* Begin XCConfigurationList section */
		8CF97AEE1BE3C5E3009C5591 /* Build configuration list for PBXProject "CocoaHeadsApp" */ = {
			isa = XCConfigurationList;
			buildConfigurations = (
				8CF97B1B1BE3C5E4009C5591 /* Debug */,
				8CF97B1C1BE3C5E4009C5591 /* Release */,
			);
			defaultConfigurationIsVisible = 0;
			defaultConfigurationName = Release;
		};
		8CF97B1D1BE3C5E4009C5591 /* Build configuration list for PBXNativeTarget "CocoaHeadsApp" */ = {
			isa = XCConfigurationList;
			buildConfigurations = (
				8CF97B1E1BE3C5E4009C5591 /* Debug */,
				8CF97B1F1BE3C5E4009C5591 /* Release */,
			);
			defaultConfigurationIsVisible = 0;
			defaultConfigurationName = Release;
		};
		8CF97B201BE3C5E4009C5591 /* Build configuration list for PBXNativeTarget "CocoaHeadsAppTests" */ = {
			isa = XCConfigurationList;
			buildConfigurations = (
				8CF97B211BE3C5E4009C5591 /* Debug */,
				8CF97B221BE3C5E4009C5591 /* Release */,
			);
			defaultConfigurationIsVisible = 0;
			defaultConfigurationName = Release;
		};
		8CF97B231BE3C5E4009C5591 /* Build configuration list for PBXNativeTarget "CocoaHeadsAppUITests" */ = {
			isa = XCConfigurationList;
			buildConfigurations = (
				8CF97B241BE3C5E4009C5591 /* Debug */,
				8CF97B251BE3C5E4009C5591 /* Release */,
			);
			defaultConfigurationIsVisible = 0;
			defaultConfigurationName = Release;
		};
		AD99ADDD1C728B45004BF12A /* Build configuration list for PBXNativeTarget "CocoaHeadsAppIntegrationTests" */ = {
			isa = XCConfigurationList;
			buildConfigurations = (
				AD99ADDB1C728B45004BF12A /* Debug */,
				AD99ADDC1C728B45004BF12A /* Release */,
			);
			defaultConfigurationIsVisible = 0;
			defaultConfigurationName = Release;
		};
/* End XCConfigurationList section */
	};
	rootObject = 8CF97AEB1BE3C5E3009C5591 /* Project object */;
}
