PODS:
<<<<<<< HEAD
  - Alamofire (3.1.2)
  - Moya (4.4.0):
    - Moya/Core (= 4.4.0)
  - Moya/Core (4.4.0):
    - Alamofire (~> 3.0)
  - Nuke (1.1.1)
  - R.swift (0.11.0)
  - Unbox (0.0.1)
  - XCGLogger (3.0)

DEPENDENCIES:
  - Moya
  - Nuke
  - R.swift
  - Unbox (from `https://github.com/JohnSundell/Unbox.git`)
  - XCGLogger

EXTERNAL SOURCES:
  Unbox:
    :git: https://github.com/JohnSundell/Unbox.git

CHECKOUT OPTIONS:
  Unbox:
    :commit: dfbe41cb8a7e00bc17e02414a9ccf7df0d02c508
    :git: https://github.com/JohnSundell/Unbox.git

SPEC CHECKSUMS:
  Alamofire: 7c16ca65f3c7e681fd925fd7f2dec7747ff96855
  Moya: 0ade653ca4bc83bec120493130ecc32f137e5683
  Nuke: ec41b6486f31622acedb3ca82ebf1cb7914bd472
  R.swift: dfd7addf1564914d92745816b76b0563d688f387
  Unbox: ff22e3cd32acb357ae82b718b28eb04f0f8c2e1a
  XCGLogger: 5802533aff8bafc8b3b9776ab8972576f31d0a4e
=======
  - Alamofire (3.1.3)
  - Bolts/Tasks (1.5.0)
  - Keys (1.0.0)
  - Moya (4.5.0):
    - Moya/Core (= 4.5.0)
  - Moya/Core (4.5.0):
    - Alamofire (~> 3.0)
  - Nuke (1.2.0)
  - Parse (1.10.0):
    - Bolts/Tasks (~> 1.5)
  - R.swift (0.12.0)
  - Unbox (1.0)
  - XCGLogger (3.1.1)

DEPENDENCIES:
  - Keys (from `Pods/CocoaPodsKeys`)
  - Moya
  - Nuke
  - Parse
  - R.swift
  - Unbox (= 1.0)
  - XCGLogger

EXTERNAL SOURCES:
  Keys:
    :path: Pods/CocoaPodsKeys

SPEC CHECKSUMS:
  Alamofire: 9f93b56389e48def9220dd57d1f44b1927229a5a
  Bolts: 722ab9a4f8b50fc4ed1b9998a5a7a2b3f16d80b4
  Keys: 7d2ff6ff42f6903358267ce56e9392f83c31acfe
  Moya: 82813e5bf27564535cd9cdf4e9db61fd220f7f8e
  Nuke: 97e515a9aae017ea03d0cebb63312642b0700409
  Parse: 90b2544822200f84b18bfacc4e8b0a3a6c3584a2
  R.swift: 8d8a9f0cb36462d0dff82b70cc2c0396add668fe
  Unbox: 390bf61ea9645465a09f374533595ed6b682931b
  XCGLogger: e111a313f609432394c3ae378d99511634fd2e3c
>>>>>>> master

COCOAPODS: 0.39.0
